
Microsoft Visual Studio Solution File, Format Version 12.00
# Visual Studio Version 17
VisualStudioVersion = 17.1.32228.430
MinimumVisualStudioVersion = 10.0.40219.1
Project("{8BC9CEB8-8B4A-11D0-8D11-00A0C91BC942}") = "Euler_Helpers", "Euler_Helpers\Euler_Helpers.vcxproj", "{AE2686DC-4D0F-446A-83EA-E91F42B73D32}"
EndProject
Project("{8BC9CEB8-8B4A-11D0-8D11-00A0C91BC942}") = "ProjectEuler0807", "ProjectEuler0807\ProjectEuler807.vcxproj", "{D5A7F618-2B12-470A-9B3D-7B6C21FB2627}"
EndProject
Project("{8BC9CEB8-8B4A-11D0-8D11-00A0C91BC942}") = "Helper_Tests", "Helper_Tests\Helper_Tests.vcxproj", "{5FC84EB7-F4CB-45FD-BCF3-C234EBBA9DD6}"
EndProject
Project("{8BC9CEB8-8B4A-11D0-8D11-00A0C91BC942}") = "ProjectEuler0215", "ProjectEuler0215\ProjectEuler0215.vcxproj", "{1D246FD0-48CC-4850-BBA3-97084D20CBD5}"
EndProject
Project("{8BC9CEB8-8B4A-11D0-8D11-00A0C91BC942}") = "ProjectEuler0788", "ProjectEuler0788\ProjectEuler0788.vcxproj", "{620A628E-511A-405B-BA72-9550281DD564}"
EndProject
Project("{8BC9CEB8-8B4A-11D0-8D11-00A0C91BC942}") = "ProjectEuler0719", "ProjectEuler0719\ProjectEuler0719.vcxproj", "{784A7CDE-8993-42DE-B458-2100B1FC0FAF}"
EndProject
Project("{8BC9CEB8-8B4A-11D0-8D11-00A0C91BC942}") = "ProjectEuler0700", "ProjectEuler0700\ProjectEuler0700.vcxproj", "{2036F824-72B3-4563-9C1C-FF855148C6D4}"
EndProject
Project("{8BC9CEB8-8B4A-11D0-8D11-00A0C91BC942}") = "ProjectEuler0206", "ProjectEuler0206\ProjectEuler0206.vcxproj", "{E0DDCD33-BF71-4DF7-9DAB-5A32B4B51D98}"
EndProject
Project("{8BC9CEB8-8B4A-11D0-8D11-00A0C91BC942}") = "ProjectEuler0151", "ProjectEuler0151\ProjectEuler0151.vcxproj", "{6ADA31A3-CB97-4B32-9FDD-F2FE6074452A}"
EndProject
Project("{8BC9CEB8-8B4A-11D0-8D11-00A0C91BC942}") = "ProjectEuler0152", "ProjectEuler0152\ProjectEuler0152.vcxproj", "{AAEAE65E-A237-4CF3-8FE8-70394F769A4B}"
EndProject
Project("{8BC9CEB8-8B4A-11D0-8D11-00A0C91BC942}") = "ProjectEuler0153", "ProjectEuler0153\ProjectEuler0153.vcxproj", "{44D189FA-B525-47DE-8E0A-2A9E2DC14B9C}"
EndProject
Project("{8BC9CEB8-8B4A-11D0-8D11-00A0C91BC942}") = "ProjectEuler0154", "ProjectEuler0154\ProjectEuler0154.vcxproj", "{7BBFD645-7B16-4674-8C61-EA8DEA190B92}"
EndProject
Project("{8BC9CEB8-8B4A-11D0-8D11-00A0C91BC942}") = "ProjectEuler0155", "ProjectEuler0155\ProjectEuler0155.vcxproj", "{7E498914-893E-4C17-B67E-124C3C7E3A4E}"
EndProject
Project("{8BC9CEB8-8B4A-11D0-8D11-00A0C91BC942}") = "ProjectEuler0156", "ProjectEuler0156\ProjectEuler0156.vcxproj", "{3855FAA0-8377-473E-8801-B9C987E6BF2D}"
EndProject
Project("{8BC9CEB8-8B4A-11D0-8D11-00A0C91BC942}") = "ProjectEuler0157", "ProjectEuler0157\ProjectEuler0157.vcxproj", "{158B2EFA-B878-4E01-A9F2-5F582DEC58C0}"
EndProject
Project("{8BC9CEB8-8B4A-11D0-8D11-00A0C91BC942}") = "ProjectEuler0158", "ProjectEuler0158\ProjectEuler0158.vcxproj", "{0F6AA49E-826E-4907-AFC5-26F66CA5CA45}"
EndProject
Project("{8BC9CEB8-8B4A-11D0-8D11-00A0C91BC942}") = "ProjectEuler0159", "ProjectEuler0159\ProjectEuler0159.vcxproj", "{152432B3-462F-4E16-8E85-B56BE34D5F4A}"
EndProject
Project("{8BC9CEB8-8B4A-11D0-8D11-00A0C91BC942}") = "ProjectEuler0160", "ProjectEuler0160\ProjectEuler0160.vcxproj", "{0B5208AC-E9AF-486C-BA5D-495330E15B9B}"
EndProject
Project("{8BC9CEB8-8B4A-11D0-8D11-00A0C91BC942}") = "ProjectEuler0161", "ProjectEuler0161\ProjectEuler0161.vcxproj", "{31CA500E-817A-4C86-A157-EEA19D9BBB0C}"
EndProject
Project("{8BC9CEB8-8B4A-11D0-8D11-00A0C91BC942}") = "ProjectEuler0162", "ProjectEuler0162\ProjectEuler0162.vcxproj", "{D03D1D30-37DB-48AE-8AB2-024811B6F83F}"
EndProject
Project("{8BC9CEB8-8B4A-11D0-8D11-00A0C91BC942}") = "ProjectEuler0163", "ProjectEuler0163\ProjectEuler0163.vcxproj", "{0FCCD0DE-6502-4CDF-AA3A-53E395799A58}"
EndProject
Project("{8BC9CEB8-8B4A-11D0-8D11-00A0C91BC942}") = "ProjectEuler0164", "ProjectEuler0164\ProjectEuler0164.vcxproj", "{BF4D2DA3-097E-4D31-8BC7-930A19A3A6F3}"
EndProject
Project("{8BC9CEB8-8B4A-11D0-8D11-00A0C91BC942}") = "ProjectEuler0165", "ProjectEuler0165\ProjectEuler0165.vcxproj", "{A0902599-A24E-479D-B6EC-DA1A290585E5}"
EndProject
Project("{8BC9CEB8-8B4A-11D0-8D11-00A0C91BC942}") = "ProjectEuler0166", "ProjectEuler0166\ProjectEuler0166.vcxproj", "{93E46D80-858F-4FEC-873E-5EA53D008B87}"
EndProject
Project("{8BC9CEB8-8B4A-11D0-8D11-00A0C91BC942}") = "ProjectEuler0167", "ProjectEuler0167\ProjectEuler0167.vcxproj", "{325FB1D7-DA2A-44BB-B12D-792EEF331C3E}"
EndProject
Project("{8BC9CEB8-8B4A-11D0-8D11-00A0C91BC942}") = "ProjectEuler0168", "ProjectEuler0168\ProjectEuler0168.vcxproj", "{0BB331F2-79D8-488F-8329-FF55B2E53D56}"
EndProject
Project("{8BC9CEB8-8B4A-11D0-8D11-00A0C91BC942}") = "ProjectEuler0169", "ProjectEuler0169\ProjectEuler0169.vcxproj", "{9A9C6CDB-9956-4A0C-9D58-1FB48269A7F6}"
EndProject
Project("{8BC9CEB8-8B4A-11D0-8D11-00A0C91BC942}") = "WindowDriver", "..\WindowDriver\WindowDriver.vcxproj", "{58D03744-5EE3-4E55-BD0D-23DEE1D3D08D}"
EndProject
Project("{8BC9CEB8-8B4A-11D0-8D11-00A0C91BC942}") = "TestUIApp", "..\TestUIApp\TestUIApp.vcxproj", "{94562D69-E829-4038-A864-28382AE830AC}"
EndProject
Project("{8BC9CEB8-8B4A-11D0-8D11-00A0C91BC942}") = "ProjectEuler0751", "ProjectEuler0751\ProjectEuler0751.vcxproj", "{475B2B85-4B7B-4475-B763-FD84E295B1C4}"
EndProject
Project("{8BC9CEB8-8B4A-11D0-8D11-00A0C91BC942}") = "ProjectEuler0816", "ProjectEuler0816\ProjectEuler0816.vcxproj", "{148819F6-0E27-4377-8EDF-CEE44268B5EE}"
EndProject
Project("{8BC9CEB8-8B4A-11D0-8D11-00A0C91BC942}") = "ProjectEuler0800", "ProjectEuler0800\ProjectEuler0800.vcxproj", "{B4CEECDC-98B0-49DC-9C0D-001181FCB825}"
EndProject
Project("{8BC9CEB8-8B4A-11D0-8D11-00A0C91BC942}") = "ProjectEuler0686", "ProjectEuler0686\ProjectEuler0686.vcxproj", "{8572A91A-C489-4944-ADCE-E287A7D5193C}"
EndProject
Project("{8BC9CEB8-8B4A-11D0-8D11-00A0C91BC942}") = "ProjectEuler0684", "ProjectEuler0684\ProjectEuler0684.vcxproj", "{581C24D8-07ED-4BC7-AC58-A0EF30AFD2DD}"
EndProject
Project("{8BC9CEB8-8B4A-11D0-8D11-00A0C91BC942}") = "ProjectEuler0853", "ProjectEuler0853\ProjectEuler0853.vcxproj", "{1BAD2C56-646F-4634-A07F-965E1CF6036E}"
EndProject
Project("{8BC9CEB8-8B4A-11D0-8D11-00A0C91BC942}") = "ProjectEuler0808", "ProjectEuler0808\ProjectEuler0808.vcxproj", "{832018F0-9C41-44C5-B3A7-9F8CC72E939D}"
EndProject
Project("{8BC9CEB8-8B4A-11D0-8D11-00A0C91BC942}") = "ProjectEuler0233", "ProjectEuler0233\ProjectEuler0233.vcxproj", "{7DB4D751-19F6-4D1D-AFB1-581A495B509C}"
EndProject
Project("{8BC9CEB8-8B4A-11D0-8D11-00A0C91BC942}") = "ProjectEuler0872", "ProjectEuler0872\ProjectEuler0872.vcxproj", "{BACA38A6-A965-4EE2-9ABA-FFEA611613A2}"
EndProject
Project("{8BC9CEB8-8B4A-11D0-8D11-00A0C91BC942}") = "ProjectEuler0493", "ProjectEuler0493\ProjectEuler0493.vcxproj", "{C5FCF63C-FA6A-4BB5-A1A2-03CCD2F1121F}"
EndProject
Project("{8BC9CEB8-8B4A-11D0-8D11-00A0C91BC942}") = "ProjectEuler0710", "ProjectEuler0710\ProjectEuler0710.vcxproj", "{E5E4C945-4BE3-4D17-AE27-8A30DA84EBE3}"
EndProject
Project("{8BC9CEB8-8B4A-11D0-8D11-00A0C91BC942}") = "ProjectEuler0820", "ProjectEuler0820\ProjectEuler0820.vcxproj", "{08C3D34D-1E27-4CD3-BDE3-5C3F53EE3379}"
EndProject
Project("{8BC9CEB8-8B4A-11D0-8D11-00A0C91BC942}") = "ProjectEuler0407", "ProjectEuler0407\ProjectEuler0407.vcxproj", "{969F887B-0C98-49FE-A2C1-11248846C1AF}"
EndProject
Project("{8BC9CEB8-8B4A-11D0-8D11-00A0C91BC942}") = "ProjectEuler0894", "ProjectEuler0894\ProjectEuler0894.vcxproj", "{0131F47C-8137-4739-BF87-899E7668ECBB}"
EndProject
Project("{8BC9CEB8-8B4A-11D0-8D11-00A0C91BC942}") = "HoughTransform", "..\HoughTransform\HoughTransform.vcxproj", "{DC8FD831-5540-4175-97B3-CE92414994BD}"
EndProject
Project("{8BC9CEB8-8B4A-11D0-8D11-00A0C91BC942}") = "ProjectEuler0914", "ProjectEuler0914\ProjectEuler0914.vcxproj", "{0FFE1ECC-6E82-49AA-960D-F67867C7ADFE}"
EndProject
Project("{8BC9CEB8-8B4A-11D0-8D11-00A0C91BC942}") = "ProjectEuler0883", "ProjectEuler0883\ProjectEuler0883.vcxproj", "{DA202910-55D8-4A94-A55F-3ACF45B00D58}"
EndProject
Project("{8BC9CEB8-8B4A-11D0-8D11-00A0C91BC942}") = "ProjectEuler0917", "ProjectEuler0917\ProjectEuler0917.vcxproj", "{DB5A018B-D974-48AE-AAA1-A0FD15C6074D}"
EndProject
Project("{8BC9CEB8-8B4A-11D0-8D11-00A0C91BC942}") = "ProjectEuler0918", "ProjectEuler0918\ProjectEuler0918.vcxproj", "{9240B3DC-8B0D-4F3C-9605-FE34EFF38C18}"
EndProject
Project("{8BC9CEB8-8B4A-11D0-8D11-00A0C91BC942}") = "ProjectEuler0729", "ProjectEuler0729\ProjectEuler0729.vcxproj", "{1C765FC7-918D-46D8-B7D0-80779D939F5F}"
EndProject
Project("{8BC9CEB8-8B4A-11D0-8D11-00A0C91BC942}") = "ProjectEuler0932", "ProjectEuler0932\ProjectEuler0932.vcxproj", "{6CC988A3-F8C7-4E85-9C19-64527FA61DF8}"
EndProject
Project("{8BC9CEB8-8B4A-11D0-8D11-00A0C91BC942}") = "ProjectEuler0938", "ProjectEuler0938\ProjectEuler0938.vcxproj", "{F11418DD-7C1C-4490-8703-18774308FD97}"
EndProject
Project("{8BC9CEB8-8B4A-11D0-8D11-00A0C91BC942}") = "ProjectEuler0940", "ProjectEuler0940\ProjectEuler0940.vcxproj", "{D01B40DB-5953-4141-B165-1E5D515735CA}"
EndProject
Project("{8BC9CEB8-8B4A-11D0-8D11-00A0C91BC942}") = "ProjectEuler0491", "ProjectEuler0491\ProjectEuler0491.vcxproj", "{C4CB0B34-C091-4905-9F33-38C52AA48E8C}"
EndProject
Project("{8BC9CEB8-8B4A-11D0-8D11-00A0C91BC942}") = "ProjectEuler0449", "ProjectEuler0449\ProjectEuler0449.vcxproj", "{FEF62A55-92C7-4537-8036-724FCF9F88A4}"
EndProject
Project("{8BC9CEB8-8B4A-11D0-8D11-00A0C91BC942}") = "ProjectEuler0955", "ProjectEuler0955\ProjectEuler0955.vcxproj", "{A986A523-CB5B-4E10-93BB-525837633FEB}"
EndProject
Global
	GlobalSection(SolutionConfigurationPlatforms) = preSolution
		Debug|x64 = Debug|x64
		Debug|x86 = Debug|x86
		Release|x64 = Release|x64
		Release|x86 = Release|x86
	EndGlobalSection
	GlobalSection(ProjectConfigurationPlatforms) = postSolution
		{AE2686DC-4D0F-446A-83EA-E91F42B73D32}.Debug|x64.ActiveCfg = Debug|x64
		{AE2686DC-4D0F-446A-83EA-E91F42B73D32}.Debug|x64.Build.0 = Debug|x64
		{AE2686DC-4D0F-446A-83EA-E91F42B73D32}.Debug|x86.ActiveCfg = Debug|Win32
		{AE2686DC-4D0F-446A-83EA-E91F42B73D32}.Debug|x86.Build.0 = Debug|Win32
		{AE2686DC-4D0F-446A-83EA-E91F42B73D32}.Release|x64.ActiveCfg = Release|x64
		{AE2686DC-4D0F-446A-83EA-E91F42B73D32}.Release|x64.Build.0 = Release|x64
		{AE2686DC-4D0F-446A-83EA-E91F42B73D32}.Release|x86.ActiveCfg = Release|Win32
		{AE2686DC-4D0F-446A-83EA-E91F42B73D32}.Release|x86.Build.0 = Release|Win32
		{D5A7F618-2B12-470A-9B3D-7B6C21FB2627}.Debug|x64.ActiveCfg = Debug|x64
		{D5A7F618-2B12-470A-9B3D-7B6C21FB2627}.Debug|x64.Build.0 = Debug|x64
		{D5A7F618-2B12-470A-9B3D-7B6C21FB2627}.Debug|x86.ActiveCfg = Debug|Win32
		{D5A7F618-2B12-470A-9B3D-7B6C21FB2627}.Debug|x86.Build.0 = Debug|Win32
		{D5A7F618-2B12-470A-9B3D-7B6C21FB2627}.Release|x64.ActiveCfg = Release|x64
		{D5A7F618-2B12-470A-9B3D-7B6C21FB2627}.Release|x64.Build.0 = Release|x64
		{D5A7F618-2B12-470A-9B3D-7B6C21FB2627}.Release|x86.ActiveCfg = Release|Win32
		{D5A7F618-2B12-470A-9B3D-7B6C21FB2627}.Release|x86.Build.0 = Release|Win32
		{5FC84EB7-F4CB-45FD-BCF3-C234EBBA9DD6}.Debug|x64.ActiveCfg = Debug|x64
		{5FC84EB7-F4CB-45FD-BCF3-C234EBBA9DD6}.Debug|x64.Build.0 = Debug|x64
		{5FC84EB7-F4CB-45FD-BCF3-C234EBBA9DD6}.Debug|x86.ActiveCfg = Debug|Win32
		{5FC84EB7-F4CB-45FD-BCF3-C234EBBA9DD6}.Debug|x86.Build.0 = Debug|Win32
		{5FC84EB7-F4CB-45FD-BCF3-C234EBBA9DD6}.Release|x64.ActiveCfg = Release|x64
		{5FC84EB7-F4CB-45FD-BCF3-C234EBBA9DD6}.Release|x64.Build.0 = Release|x64
		{5FC84EB7-F4CB-45FD-BCF3-C234EBBA9DD6}.Release|x86.ActiveCfg = Release|Win32
		{5FC84EB7-F4CB-45FD-BCF3-C234EBBA9DD6}.Release|x86.Build.0 = Release|Win32
		{1D246FD0-48CC-4850-BBA3-97084D20CBD5}.Debug|x64.ActiveCfg = Debug|x64
		{1D246FD0-48CC-4850-BBA3-97084D20CBD5}.Debug|x64.Build.0 = Debug|x64
		{1D246FD0-48CC-4850-BBA3-97084D20CBD5}.Debug|x86.ActiveCfg = Debug|Win32
		{1D246FD0-48CC-4850-BBA3-97084D20CBD5}.Debug|x86.Build.0 = Debug|Win32
		{1D246FD0-48CC-4850-BBA3-97084D20CBD5}.Release|x64.ActiveCfg = Release|x64
		{1D246FD0-48CC-4850-BBA3-97084D20CBD5}.Release|x64.Build.0 = Release|x64
		{1D246FD0-48CC-4850-BBA3-97084D20CBD5}.Release|x86.ActiveCfg = Release|Win32
		{1D246FD0-48CC-4850-BBA3-97084D20CBD5}.Release|x86.Build.0 = Release|Win32
		{620A628E-511A-405B-BA72-9550281DD564}.Debug|x64.ActiveCfg = Debug|x64
		{620A628E-511A-405B-BA72-9550281DD564}.Debug|x64.Build.0 = Debug|x64
		{620A628E-511A-405B-BA72-9550281DD564}.Debug|x86.ActiveCfg = Debug|Win32
		{620A628E-511A-405B-BA72-9550281DD564}.Debug|x86.Build.0 = Debug|Win32
		{620A628E-511A-405B-BA72-9550281DD564}.Release|x64.ActiveCfg = Release|x64
		{620A628E-511A-405B-BA72-9550281DD564}.Release|x64.Build.0 = Release|x64
		{620A628E-511A-405B-BA72-9550281DD564}.Release|x86.ActiveCfg = Release|Win32
		{620A628E-511A-405B-BA72-9550281DD564}.Release|x86.Build.0 = Release|Win32
		{784A7CDE-8993-42DE-B458-2100B1FC0FAF}.Debug|x64.ActiveCfg = Debug|x64
		{784A7CDE-8993-42DE-B458-2100B1FC0FAF}.Debug|x64.Build.0 = Debug|x64
		{784A7CDE-8993-42DE-B458-2100B1FC0FAF}.Debug|x86.ActiveCfg = Debug|Win32
		{784A7CDE-8993-42DE-B458-2100B1FC0FAF}.Debug|x86.Build.0 = Debug|Win32
		{784A7CDE-8993-42DE-B458-2100B1FC0FAF}.Release|x64.ActiveCfg = Release|x64
		{784A7CDE-8993-42DE-B458-2100B1FC0FAF}.Release|x64.Build.0 = Release|x64
		{784A7CDE-8993-42DE-B458-2100B1FC0FAF}.Release|x86.ActiveCfg = Release|Win32
		{784A7CDE-8993-42DE-B458-2100B1FC0FAF}.Release|x86.Build.0 = Release|Win32
		{2036F824-72B3-4563-9C1C-FF855148C6D4}.Debug|x64.ActiveCfg = Debug|x64
		{2036F824-72B3-4563-9C1C-FF855148C6D4}.Debug|x64.Build.0 = Debug|x64
		{2036F824-72B3-4563-9C1C-FF855148C6D4}.Debug|x86.ActiveCfg = Debug|Win32
		{2036F824-72B3-4563-9C1C-FF855148C6D4}.Debug|x86.Build.0 = Debug|Win32
		{2036F824-72B3-4563-9C1C-FF855148C6D4}.Release|x64.ActiveCfg = Release|x64
		{2036F824-72B3-4563-9C1C-FF855148C6D4}.Release|x64.Build.0 = Release|x64
		{2036F824-72B3-4563-9C1C-FF855148C6D4}.Release|x86.ActiveCfg = Release|Win32
		{2036F824-72B3-4563-9C1C-FF855148C6D4}.Release|x86.Build.0 = Release|Win32
		{E0DDCD33-BF71-4DF7-9DAB-5A32B4B51D98}.Debug|x64.ActiveCfg = Debug|x64
		{E0DDCD33-BF71-4DF7-9DAB-5A32B4B51D98}.Debug|x64.Build.0 = Debug|x64
		{E0DDCD33-BF71-4DF7-9DAB-5A32B4B51D98}.Debug|x86.ActiveCfg = Debug|Win32
		{E0DDCD33-BF71-4DF7-9DAB-5A32B4B51D98}.Debug|x86.Build.0 = Debug|Win32
		{E0DDCD33-BF71-4DF7-9DAB-5A32B4B51D98}.Release|x64.ActiveCfg = Release|x64
		{E0DDCD33-BF71-4DF7-9DAB-5A32B4B51D98}.Release|x64.Build.0 = Release|x64
		{E0DDCD33-BF71-4DF7-9DAB-5A32B4B51D98}.Release|x86.ActiveCfg = Release|Win32
		{E0DDCD33-BF71-4DF7-9DAB-5A32B4B51D98}.Release|x86.Build.0 = Release|Win32
		{6ADA31A3-CB97-4B32-9FDD-F2FE6074452A}.Debug|x64.ActiveCfg = Debug|x64
		{6ADA31A3-CB97-4B32-9FDD-F2FE6074452A}.Debug|x64.Build.0 = Debug|x64
		{6ADA31A3-CB97-4B32-9FDD-F2FE6074452A}.Debug|x86.ActiveCfg = Debug|Win32
		{6ADA31A3-CB97-4B32-9FDD-F2FE6074452A}.Debug|x86.Build.0 = Debug|Win32
		{6ADA31A3-CB97-4B32-9FDD-F2FE6074452A}.Release|x64.ActiveCfg = Release|x64
		{6ADA31A3-CB97-4B32-9FDD-F2FE6074452A}.Release|x64.Build.0 = Release|x64
		{6ADA31A3-CB97-4B32-9FDD-F2FE6074452A}.Release|x86.ActiveCfg = Release|Win32
		{6ADA31A3-CB97-4B32-9FDD-F2FE6074452A}.Release|x86.Build.0 = Release|Win32
		{AAEAE65E-A237-4CF3-8FE8-70394F769A4B}.Debug|x64.ActiveCfg = Debug|x64
		{AAEAE65E-A237-4CF3-8FE8-70394F769A4B}.Debug|x64.Build.0 = Debug|x64
		{AAEAE65E-A237-4CF3-8FE8-70394F769A4B}.Debug|x86.ActiveCfg = Debug|Win32
		{AAEAE65E-A237-4CF3-8FE8-70394F769A4B}.Debug|x86.Build.0 = Debug|Win32
		{AAEAE65E-A237-4CF3-8FE8-70394F769A4B}.Release|x64.ActiveCfg = Release|x64
		{AAEAE65E-A237-4CF3-8FE8-70394F769A4B}.Release|x64.Build.0 = Release|x64
		{AAEAE65E-A237-4CF3-8FE8-70394F769A4B}.Release|x86.ActiveCfg = Release|Win32
		{AAEAE65E-A237-4CF3-8FE8-70394F769A4B}.Release|x86.Build.0 = Release|Win32
		{44D189FA-B525-47DE-8E0A-2A9E2DC14B9C}.Debug|x64.ActiveCfg = Debug|x64
		{44D189FA-B525-47DE-8E0A-2A9E2DC14B9C}.Debug|x64.Build.0 = Debug|x64
		{44D189FA-B525-47DE-8E0A-2A9E2DC14B9C}.Debug|x86.ActiveCfg = Debug|Win32
		{44D189FA-B525-47DE-8E0A-2A9E2DC14B9C}.Debug|x86.Build.0 = Debug|Win32
		{44D189FA-B525-47DE-8E0A-2A9E2DC14B9C}.Release|x64.ActiveCfg = Release|x64
		{44D189FA-B525-47DE-8E0A-2A9E2DC14B9C}.Release|x64.Build.0 = Release|x64
		{44D189FA-B525-47DE-8E0A-2A9E2DC14B9C}.Release|x86.ActiveCfg = Release|Win32
		{44D189FA-B525-47DE-8E0A-2A9E2DC14B9C}.Release|x86.Build.0 = Release|Win32
		{7BBFD645-7B16-4674-8C61-EA8DEA190B92}.Debug|x64.ActiveCfg = Debug|x64
		{7BBFD645-7B16-4674-8C61-EA8DEA190B92}.Debug|x64.Build.0 = Debug|x64
		{7BBFD645-7B16-4674-8C61-EA8DEA190B92}.Debug|x86.ActiveCfg = Debug|Win32
		{7BBFD645-7B16-4674-8C61-EA8DEA190B92}.Debug|x86.Build.0 = Debug|Win32
		{7BBFD645-7B16-4674-8C61-EA8DEA190B92}.Release|x64.ActiveCfg = Release|x64
		{7BBFD645-7B16-4674-8C61-EA8DEA190B92}.Release|x64.Build.0 = Release|x64
		{7BBFD645-7B16-4674-8C61-EA8DEA190B92}.Release|x86.ActiveCfg = Release|Win32
		{7BBFD645-7B16-4674-8C61-EA8DEA190B92}.Release|x86.Build.0 = Release|Win32
		{7E498914-893E-4C17-B67E-124C3C7E3A4E}.Debug|x64.ActiveCfg = Debug|x64
		{7E498914-893E-4C17-B67E-124C3C7E3A4E}.Debug|x64.Build.0 = Debug|x64
		{7E498914-893E-4C17-B67E-124C3C7E3A4E}.Debug|x86.ActiveCfg = Debug|Win32
		{7E498914-893E-4C17-B67E-124C3C7E3A4E}.Debug|x86.Build.0 = Debug|Win32
		{7E498914-893E-4C17-B67E-124C3C7E3A4E}.Release|x64.ActiveCfg = Release|x64
		{7E498914-893E-4C17-B67E-124C3C7E3A4E}.Release|x64.Build.0 = Release|x64
		{7E498914-893E-4C17-B67E-124C3C7E3A4E}.Release|x86.ActiveCfg = Release|Win32
		{7E498914-893E-4C17-B67E-124C3C7E3A4E}.Release|x86.Build.0 = Release|Win32
		{3855FAA0-8377-473E-8801-B9C987E6BF2D}.Debug|x64.ActiveCfg = Debug|x64
		{3855FAA0-8377-473E-8801-B9C987E6BF2D}.Debug|x64.Build.0 = Debug|x64
		{3855FAA0-8377-473E-8801-B9C987E6BF2D}.Debug|x86.ActiveCfg = Debug|Win32
		{3855FAA0-8377-473E-8801-B9C987E6BF2D}.Debug|x86.Build.0 = Debug|Win32
		{3855FAA0-8377-473E-8801-B9C987E6BF2D}.Release|x64.ActiveCfg = Release|x64
		{3855FAA0-8377-473E-8801-B9C987E6BF2D}.Release|x64.Build.0 = Release|x64
		{3855FAA0-8377-473E-8801-B9C987E6BF2D}.Release|x86.ActiveCfg = Release|Win32
		{3855FAA0-8377-473E-8801-B9C987E6BF2D}.Release|x86.Build.0 = Release|Win32
		{158B2EFA-B878-4E01-A9F2-5F582DEC58C0}.Debug|x64.ActiveCfg = Debug|x64
		{158B2EFA-B878-4E01-A9F2-5F582DEC58C0}.Debug|x64.Build.0 = Debug|x64
		{158B2EFA-B878-4E01-A9F2-5F582DEC58C0}.Debug|x86.ActiveCfg = Debug|Win32
		{158B2EFA-B878-4E01-A9F2-5F582DEC58C0}.Debug|x86.Build.0 = Debug|Win32
		{158B2EFA-B878-4E01-A9F2-5F582DEC58C0}.Release|x64.ActiveCfg = Release|x64
		{158B2EFA-B878-4E01-A9F2-5F582DEC58C0}.Release|x64.Build.0 = Release|x64
		{158B2EFA-B878-4E01-A9F2-5F582DEC58C0}.Release|x86.ActiveCfg = Release|Win32
		{158B2EFA-B878-4E01-A9F2-5F582DEC58C0}.Release|x86.Build.0 = Release|Win32
		{0F6AA49E-826E-4907-AFC5-26F66CA5CA45}.Debug|x64.ActiveCfg = Debug|x64
		{0F6AA49E-826E-4907-AFC5-26F66CA5CA45}.Debug|x64.Build.0 = Debug|x64
		{0F6AA49E-826E-4907-AFC5-26F66CA5CA45}.Debug|x86.ActiveCfg = Debug|Win32
		{0F6AA49E-826E-4907-AFC5-26F66CA5CA45}.Debug|x86.Build.0 = Debug|Win32
		{0F6AA49E-826E-4907-AFC5-26F66CA5CA45}.Release|x64.ActiveCfg = Release|x64
		{0F6AA49E-826E-4907-AFC5-26F66CA5CA45}.Release|x64.Build.0 = Release|x64
		{0F6AA49E-826E-4907-AFC5-26F66CA5CA45}.Release|x86.ActiveCfg = Release|Win32
		{0F6AA49E-826E-4907-AFC5-26F66CA5CA45}.Release|x86.Build.0 = Release|Win32
		{152432B3-462F-4E16-8E85-B56BE34D5F4A}.Debug|x64.ActiveCfg = Debug|x64
		{152432B3-462F-4E16-8E85-B56BE34D5F4A}.Debug|x64.Build.0 = Debug|x64
		{152432B3-462F-4E16-8E85-B56BE34D5F4A}.Debug|x86.ActiveCfg = Debug|Win32
		{152432B3-462F-4E16-8E85-B56BE34D5F4A}.Debug|x86.Build.0 = Debug|Win32
		{152432B3-462F-4E16-8E85-B56BE34D5F4A}.Release|x64.ActiveCfg = Release|x64
		{152432B3-462F-4E16-8E85-B56BE34D5F4A}.Release|x64.Build.0 = Release|x64
		{152432B3-462F-4E16-8E85-B56BE34D5F4A}.Release|x86.ActiveCfg = Release|Win32
		{152432B3-462F-4E16-8E85-B56BE34D5F4A}.Release|x86.Build.0 = Release|Win32
		{0B5208AC-E9AF-486C-BA5D-495330E15B9B}.Debug|x64.ActiveCfg = Debug|x64
		{0B5208AC-E9AF-486C-BA5D-495330E15B9B}.Debug|x64.Build.0 = Debug|x64
		{0B5208AC-E9AF-486C-BA5D-495330E15B9B}.Debug|x86.ActiveCfg = Debug|Win32
		{0B5208AC-E9AF-486C-BA5D-495330E15B9B}.Debug|x86.Build.0 = Debug|Win32
		{0B5208AC-E9AF-486C-BA5D-495330E15B9B}.Release|x64.ActiveCfg = Release|x64
		{0B5208AC-E9AF-486C-BA5D-495330E15B9B}.Release|x64.Build.0 = Release|x64
		{0B5208AC-E9AF-486C-BA5D-495330E15B9B}.Release|x86.ActiveCfg = Release|Win32
		{0B5208AC-E9AF-486C-BA5D-495330E15B9B}.Release|x86.Build.0 = Release|Win32
		{31CA500E-817A-4C86-A157-EEA19D9BBB0C}.Debug|x64.ActiveCfg = Debug|x64
		{31CA500E-817A-4C86-A157-EEA19D9BBB0C}.Debug|x64.Build.0 = Debug|x64
		{31CA500E-817A-4C86-A157-EEA19D9BBB0C}.Debug|x86.ActiveCfg = Debug|Win32
		{31CA500E-817A-4C86-A157-EEA19D9BBB0C}.Debug|x86.Build.0 = Debug|Win32
		{31CA500E-817A-4C86-A157-EEA19D9BBB0C}.Release|x64.ActiveCfg = Release|x64
		{31CA500E-817A-4C86-A157-EEA19D9BBB0C}.Release|x64.Build.0 = Release|x64
		{31CA500E-817A-4C86-A157-EEA19D9BBB0C}.Release|x86.ActiveCfg = Release|Win32
		{31CA500E-817A-4C86-A157-EEA19D9BBB0C}.Release|x86.Build.0 = Release|Win32
		{D03D1D30-37DB-48AE-8AB2-024811B6F83F}.Debug|x64.ActiveCfg = Debug|x64
		{D03D1D30-37DB-48AE-8AB2-024811B6F83F}.Debug|x64.Build.0 = Debug|x64
		{D03D1D30-37DB-48AE-8AB2-024811B6F83F}.Debug|x86.ActiveCfg = Debug|Win32
		{D03D1D30-37DB-48AE-8AB2-024811B6F83F}.Debug|x86.Build.0 = Debug|Win32
		{D03D1D30-37DB-48AE-8AB2-024811B6F83F}.Release|x64.ActiveCfg = Release|x64
		{D03D1D30-37DB-48AE-8AB2-024811B6F83F}.Release|x64.Build.0 = Release|x64
		{D03D1D30-37DB-48AE-8AB2-024811B6F83F}.Release|x86.ActiveCfg = Release|Win32
		{D03D1D30-37DB-48AE-8AB2-024811B6F83F}.Release|x86.Build.0 = Release|Win32
		{0FCCD0DE-6502-4CDF-AA3A-53E395799A58}.Debug|x64.ActiveCfg = Debug|x64
		{0FCCD0DE-6502-4CDF-AA3A-53E395799A58}.Debug|x64.Build.0 = Debug|x64
		{0FCCD0DE-6502-4CDF-AA3A-53E395799A58}.Debug|x86.ActiveCfg = Debug|Win32
		{0FCCD0DE-6502-4CDF-AA3A-53E395799A58}.Debug|x86.Build.0 = Debug|Win32
		{0FCCD0DE-6502-4CDF-AA3A-53E395799A58}.Release|x64.ActiveCfg = Release|x64
		{0FCCD0DE-6502-4CDF-AA3A-53E395799A58}.Release|x64.Build.0 = Release|x64
		{0FCCD0DE-6502-4CDF-AA3A-53E395799A58}.Release|x86.ActiveCfg = Release|Win32
		{0FCCD0DE-6502-4CDF-AA3A-53E395799A58}.Release|x86.Build.0 = Release|Win32
		{BF4D2DA3-097E-4D31-8BC7-930A19A3A6F3}.Debug|x64.ActiveCfg = Debug|x64
		{BF4D2DA3-097E-4D31-8BC7-930A19A3A6F3}.Debug|x64.Build.0 = Debug|x64
		{BF4D2DA3-097E-4D31-8BC7-930A19A3A6F3}.Debug|x86.ActiveCfg = Debug|Win32
		{BF4D2DA3-097E-4D31-8BC7-930A19A3A6F3}.Debug|x86.Build.0 = Debug|Win32
		{BF4D2DA3-097E-4D31-8BC7-930A19A3A6F3}.Release|x64.ActiveCfg = Release|x64
		{BF4D2DA3-097E-4D31-8BC7-930A19A3A6F3}.Release|x64.Build.0 = Release|x64
		{BF4D2DA3-097E-4D31-8BC7-930A19A3A6F3}.Release|x86.ActiveCfg = Release|Win32
		{BF4D2DA3-097E-4D31-8BC7-930A19A3A6F3}.Release|x86.Build.0 = Release|Win32
		{A0902599-A24E-479D-B6EC-DA1A290585E5}.Debug|x64.ActiveCfg = Debug|x64
		{A0902599-A24E-479D-B6EC-DA1A290585E5}.Debug|x64.Build.0 = Debug|x64
		{A0902599-A24E-479D-B6EC-DA1A290585E5}.Debug|x86.ActiveCfg = Debug|Win32
		{A0902599-A24E-479D-B6EC-DA1A290585E5}.Debug|x86.Build.0 = Debug|Win32
		{A0902599-A24E-479D-B6EC-DA1A290585E5}.Release|x64.ActiveCfg = Release|x64
		{A0902599-A24E-479D-B6EC-DA1A290585E5}.Release|x64.Build.0 = Release|x64
		{A0902599-A24E-479D-B6EC-DA1A290585E5}.Release|x86.ActiveCfg = Release|Win32
		{A0902599-A24E-479D-B6EC-DA1A290585E5}.Release|x86.Build.0 = Release|Win32
		{93E46D80-858F-4FEC-873E-5EA53D008B87}.Debug|x64.ActiveCfg = Debug|x64
		{93E46D80-858F-4FEC-873E-5EA53D008B87}.Debug|x64.Build.0 = Debug|x64
		{93E46D80-858F-4FEC-873E-5EA53D008B87}.Debug|x86.ActiveCfg = Debug|Win32
		{93E46D80-858F-4FEC-873E-5EA53D008B87}.Debug|x86.Build.0 = Debug|Win32
		{93E46D80-858F-4FEC-873E-5EA53D008B87}.Release|x64.ActiveCfg = Release|x64
		{93E46D80-858F-4FEC-873E-5EA53D008B87}.Release|x64.Build.0 = Release|x64
		{93E46D80-858F-4FEC-873E-5EA53D008B87}.Release|x86.ActiveCfg = Release|Win32
		{93E46D80-858F-4FEC-873E-5EA53D008B87}.Release|x86.Build.0 = Release|Win32
		{325FB1D7-DA2A-44BB-B12D-792EEF331C3E}.Debug|x64.ActiveCfg = Debug|x64
		{325FB1D7-DA2A-44BB-B12D-792EEF331C3E}.Debug|x64.Build.0 = Debug|x64
		{325FB1D7-DA2A-44BB-B12D-792EEF331C3E}.Debug|x86.ActiveCfg = Debug|Win32
		{325FB1D7-DA2A-44BB-B12D-792EEF331C3E}.Debug|x86.Build.0 = Debug|Win32
		{325FB1D7-DA2A-44BB-B12D-792EEF331C3E}.Release|x64.ActiveCfg = Release|x64
		{325FB1D7-DA2A-44BB-B12D-792EEF331C3E}.Release|x64.Build.0 = Release|x64
		{325FB1D7-DA2A-44BB-B12D-792EEF331C3E}.Release|x86.ActiveCfg = Release|Win32
		{325FB1D7-DA2A-44BB-B12D-792EEF331C3E}.Release|x86.Build.0 = Release|Win32
		{0BB331F2-79D8-488F-8329-FF55B2E53D56}.Debug|x64.ActiveCfg = Debug|x64
		{0BB331F2-79D8-488F-8329-FF55B2E53D56}.Debug|x64.Build.0 = Debug|x64
		{0BB331F2-79D8-488F-8329-FF55B2E53D56}.Debug|x86.ActiveCfg = Debug|Win32
		{0BB331F2-79D8-488F-8329-FF55B2E53D56}.Debug|x86.Build.0 = Debug|Win32
		{0BB331F2-79D8-488F-8329-FF55B2E53D56}.Release|x64.ActiveCfg = Release|x64
		{0BB331F2-79D8-488F-8329-FF55B2E53D56}.Release|x64.Build.0 = Release|x64
		{0BB331F2-79D8-488F-8329-FF55B2E53D56}.Release|x86.ActiveCfg = Release|Win32
		{0BB331F2-79D8-488F-8329-FF55B2E53D56}.Release|x86.Build.0 = Release|Win32
		{9A9C6CDB-9956-4A0C-9D58-1FB48269A7F6}.Debug|x64.ActiveCfg = Debug|x64
		{9A9C6CDB-9956-4A0C-9D58-1FB48269A7F6}.Debug|x64.Build.0 = Debug|x64
		{9A9C6CDB-9956-4A0C-9D58-1FB48269A7F6}.Debug|x86.ActiveCfg = Debug|Win32
		{9A9C6CDB-9956-4A0C-9D58-1FB48269A7F6}.Debug|x86.Build.0 = Debug|Win32
		{9A9C6CDB-9956-4A0C-9D58-1FB48269A7F6}.Release|x64.ActiveCfg = Release|x64
		{9A9C6CDB-9956-4A0C-9D58-1FB48269A7F6}.Release|x64.Build.0 = Release|x64
		{9A9C6CDB-9956-4A0C-9D58-1FB48269A7F6}.Release|x86.ActiveCfg = Release|Win32
		{9A9C6CDB-9956-4A0C-9D58-1FB48269A7F6}.Release|x86.Build.0 = Release|Win32
		{58D03744-5EE3-4E55-BD0D-23DEE1D3D08D}.Debug|x64.ActiveCfg = Debug|x64
		{58D03744-5EE3-4E55-BD0D-23DEE1D3D08D}.Debug|x64.Build.0 = Debug|x64
		{58D03744-5EE3-4E55-BD0D-23DEE1D3D08D}.Debug|x86.ActiveCfg = Debug|Win32
		{58D03744-5EE3-4E55-BD0D-23DEE1D3D08D}.Debug|x86.Build.0 = Debug|Win32
		{58D03744-5EE3-4E55-BD0D-23DEE1D3D08D}.Release|x64.ActiveCfg = Release|x64
		{58D03744-5EE3-4E55-BD0D-23DEE1D3D08D}.Release|x64.Build.0 = Release|x64
		{58D03744-5EE3-4E55-BD0D-23DEE1D3D08D}.Release|x86.ActiveCfg = Release|Win32
		{58D03744-5EE3-4E55-BD0D-23DEE1D3D08D}.Release|x86.Build.0 = Release|Win32
		{94562D69-E829-4038-A864-28382AE830AC}.Debug|x64.ActiveCfg = Debug|x64
		{94562D69-E829-4038-A864-28382AE830AC}.Debug|x64.Build.0 = Debug|x64
		{94562D69-E829-4038-A864-28382AE830AC}.Debug|x86.ActiveCfg = Debug|Win32
		{94562D69-E829-4038-A864-28382AE830AC}.Debug|x86.Build.0 = Debug|Win32
		{94562D69-E829-4038-A864-28382AE830AC}.Release|x64.ActiveCfg = Release|x64
		{94562D69-E829-4038-A864-28382AE830AC}.Release|x64.Build.0 = Release|x64
		{94562D69-E829-4038-A864-28382AE830AC}.Release|x86.ActiveCfg = Release|Win32
		{94562D69-E829-4038-A864-28382AE830AC}.Release|x86.Build.0 = Release|Win32
		{475B2B85-4B7B-4475-B763-FD84E295B1C4}.Debug|x64.ActiveCfg = Debug|x64
		{475B2B85-4B7B-4475-B763-FD84E295B1C4}.Debug|x64.Build.0 = Debug|x64
		{475B2B85-4B7B-4475-B763-FD84E295B1C4}.Debug|x86.ActiveCfg = Debug|Win32
		{475B2B85-4B7B-4475-B763-FD84E295B1C4}.Debug|x86.Build.0 = Debug|Win32
		{475B2B85-4B7B-4475-B763-FD84E295B1C4}.Release|x64.ActiveCfg = Release|x64
		{475B2B85-4B7B-4475-B763-FD84E295B1C4}.Release|x64.Build.0 = Release|x64
		{475B2B85-4B7B-4475-B763-FD84E295B1C4}.Release|x86.ActiveCfg = Release|Win32
		{475B2B85-4B7B-4475-B763-FD84E295B1C4}.Release|x86.Build.0 = Release|Win32
		{148819F6-0E27-4377-8EDF-CEE44268B5EE}.Debug|x64.ActiveCfg = Debug|x64
		{148819F6-0E27-4377-8EDF-CEE44268B5EE}.Debug|x64.Build.0 = Debug|x64
		{148819F6-0E27-4377-8EDF-CEE44268B5EE}.Debug|x86.ActiveCfg = Debug|Win32
		{148819F6-0E27-4377-8EDF-CEE44268B5EE}.Debug|x86.Build.0 = Debug|Win32
		{148819F6-0E27-4377-8EDF-CEE44268B5EE}.Release|x64.ActiveCfg = Release|x64
		{148819F6-0E27-4377-8EDF-CEE44268B5EE}.Release|x64.Build.0 = Release|x64
		{148819F6-0E27-4377-8EDF-CEE44268B5EE}.Release|x86.ActiveCfg = Release|Win32
		{148819F6-0E27-4377-8EDF-CEE44268B5EE}.Release|x86.Build.0 = Release|Win32
		{B4CEECDC-98B0-49DC-9C0D-001181FCB825}.Debug|x64.ActiveCfg = Debug|x64
		{B4CEECDC-98B0-49DC-9C0D-001181FCB825}.Debug|x64.Build.0 = Debug|x64
		{B4CEECDC-98B0-49DC-9C0D-001181FCB825}.Debug|x86.ActiveCfg = Debug|Win32
		{B4CEECDC-98B0-49DC-9C0D-001181FCB825}.Debug|x86.Build.0 = Debug|Win32
		{B4CEECDC-98B0-49DC-9C0D-001181FCB825}.Release|x64.ActiveCfg = Release|x64
		{B4CEECDC-98B0-49DC-9C0D-001181FCB825}.Release|x64.Build.0 = Release|x64
		{B4CEECDC-98B0-49DC-9C0D-001181FCB825}.Release|x86.ActiveCfg = Release|Win32
		{B4CEECDC-98B0-49DC-9C0D-001181FCB825}.Release|x86.Build.0 = Release|Win32
		{8572A91A-C489-4944-ADCE-E287A7D5193C}.Debug|x64.ActiveCfg = Debug|x64
		{8572A91A-C489-4944-ADCE-E287A7D5193C}.Debug|x64.Build.0 = Debug|x64
		{8572A91A-C489-4944-ADCE-E287A7D5193C}.Debug|x86.ActiveCfg = Debug|Win32
		{8572A91A-C489-4944-ADCE-E287A7D5193C}.Debug|x86.Build.0 = Debug|Win32
		{8572A91A-C489-4944-ADCE-E287A7D5193C}.Release|x64.ActiveCfg = Release|x64
		{8572A91A-C489-4944-ADCE-E287A7D5193C}.Release|x64.Build.0 = Release|x64
		{8572A91A-C489-4944-ADCE-E287A7D5193C}.Release|x86.ActiveCfg = Release|Win32
		{8572A91A-C489-4944-ADCE-E287A7D5193C}.Release|x86.Build.0 = Release|Win32
		{581C24D8-07ED-4BC7-AC58-A0EF30AFD2DD}.Debug|x64.ActiveCfg = Debug|x64
		{581C24D8-07ED-4BC7-AC58-A0EF30AFD2DD}.Debug|x64.Build.0 = Debug|x64
		{581C24D8-07ED-4BC7-AC58-A0EF30AFD2DD}.Debug|x86.ActiveCfg = Debug|Win32
		{581C24D8-07ED-4BC7-AC58-A0EF30AFD2DD}.Debug|x86.Build.0 = Debug|Win32
		{581C24D8-07ED-4BC7-AC58-A0EF30AFD2DD}.Release|x64.ActiveCfg = Release|x64
		{581C24D8-07ED-4BC7-AC58-A0EF30AFD2DD}.Release|x64.Build.0 = Release|x64
		{581C24D8-07ED-4BC7-AC58-A0EF30AFD2DD}.Release|x86.ActiveCfg = Release|Win32
		{581C24D8-07ED-4BC7-AC58-A0EF30AFD2DD}.Release|x86.Build.0 = Release|Win32
		{1BAD2C56-646F-4634-A07F-965E1CF6036E}.Debug|x64.ActiveCfg = Debug|x64
		{1BAD2C56-646F-4634-A07F-965E1CF6036E}.Debug|x64.Build.0 = Debug|x64
		{1BAD2C56-646F-4634-A07F-965E1CF6036E}.Debug|x86.ActiveCfg = Debug|Win32
		{1BAD2C56-646F-4634-A07F-965E1CF6036E}.Debug|x86.Build.0 = Debug|Win32
		{1BAD2C56-646F-4634-A07F-965E1CF6036E}.Release|x64.ActiveCfg = Release|x64
		{1BAD2C56-646F-4634-A07F-965E1CF6036E}.Release|x64.Build.0 = Release|x64
		{1BAD2C56-646F-4634-A07F-965E1CF6036E}.Release|x86.ActiveCfg = Release|Win32
		{1BAD2C56-646F-4634-A07F-965E1CF6036E}.Release|x86.Build.0 = Release|Win32
		{832018F0-9C41-44C5-B3A7-9F8CC72E939D}.Debug|x64.ActiveCfg = Debug|x64
		{832018F0-9C41-44C5-B3A7-9F8CC72E939D}.Debug|x64.Build.0 = Debug|x64
		{832018F0-9C41-44C5-B3A7-9F8CC72E939D}.Debug|x86.ActiveCfg = Debug|Win32
		{832018F0-9C41-44C5-B3A7-9F8CC72E939D}.Debug|x86.Build.0 = Debug|Win32
		{832018F0-9C41-44C5-B3A7-9F8CC72E939D}.Release|x64.ActiveCfg = Release|x64
		{832018F0-9C41-44C5-B3A7-9F8CC72E939D}.Release|x64.Build.0 = Release|x64
		{832018F0-9C41-44C5-B3A7-9F8CC72E939D}.Release|x86.ActiveCfg = Release|Win32
		{832018F0-9C41-44C5-B3A7-9F8CC72E939D}.Release|x86.Build.0 = Release|Win32
		{7DB4D751-19F6-4D1D-AFB1-581A495B509C}.Debug|x64.ActiveCfg = Debug|x64
		{7DB4D751-19F6-4D1D-AFB1-581A495B509C}.Debug|x64.Build.0 = Debug|x64
		{7DB4D751-19F6-4D1D-AFB1-581A495B509C}.Debug|x86.ActiveCfg = Debug|Win32
		{7DB4D751-19F6-4D1D-AFB1-581A495B509C}.Debug|x86.Build.0 = Debug|Win32
		{7DB4D751-19F6-4D1D-AFB1-581A495B509C}.Release|x64.ActiveCfg = Release|x64
		{7DB4D751-19F6-4D1D-AFB1-581A495B509C}.Release|x64.Build.0 = Release|x64
		{7DB4D751-19F6-4D1D-AFB1-581A495B509C}.Release|x86.ActiveCfg = Release|Win32
		{7DB4D751-19F6-4D1D-AFB1-581A495B509C}.Release|x86.Build.0 = Release|Win32
		{BACA38A6-A965-4EE2-9ABA-FFEA611613A2}.Debug|x64.ActiveCfg = Debug|x64
		{BACA38A6-A965-4EE2-9ABA-FFEA611613A2}.Debug|x64.Build.0 = Debug|x64
		{BACA38A6-A965-4EE2-9ABA-FFEA611613A2}.Debug|x86.ActiveCfg = Debug|Win32
		{BACA38A6-A965-4EE2-9ABA-FFEA611613A2}.Debug|x86.Build.0 = Debug|Win32
		{BACA38A6-A965-4EE2-9ABA-FFEA611613A2}.Release|x64.ActiveCfg = Release|x64
		{BACA38A6-A965-4EE2-9ABA-FFEA611613A2}.Release|x64.Build.0 = Release|x64
		{BACA38A6-A965-4EE2-9ABA-FFEA611613A2}.Release|x86.ActiveCfg = Release|Win32
		{BACA38A6-A965-4EE2-9ABA-FFEA611613A2}.Release|x86.Build.0 = Release|Win32
		{C5FCF63C-FA6A-4BB5-A1A2-03CCD2F1121F}.Debug|x64.ActiveCfg = Debug|x64
		{C5FCF63C-FA6A-4BB5-A1A2-03CCD2F1121F}.Debug|x64.Build.0 = Debug|x64
		{C5FCF63C-FA6A-4BB5-A1A2-03CCD2F1121F}.Debug|x86.ActiveCfg = Debug|Win32
		{C5FCF63C-FA6A-4BB5-A1A2-03CCD2F1121F}.Debug|x86.Build.0 = Debug|Win32
		{C5FCF63C-FA6A-4BB5-A1A2-03CCD2F1121F}.Release|x64.ActiveCfg = Release|x64
		{C5FCF63C-FA6A-4BB5-A1A2-03CCD2F1121F}.Release|x64.Build.0 = Release|x64
		{C5FCF63C-FA6A-4BB5-A1A2-03CCD2F1121F}.Release|x86.ActiveCfg = Release|Win32
		{C5FCF63C-FA6A-4BB5-A1A2-03CCD2F1121F}.Release|x86.Build.0 = Release|Win32
		{E5E4C945-4BE3-4D17-AE27-8A30DA84EBE3}.Debug|x64.ActiveCfg = Debug|x64
		{E5E4C945-4BE3-4D17-AE27-8A30DA84EBE3}.Debug|x64.Build.0 = Debug|x64
		{E5E4C945-4BE3-4D17-AE27-8A30DA84EBE3}.Debug|x86.ActiveCfg = Debug|Win32
		{E5E4C945-4BE3-4D17-AE27-8A30DA84EBE3}.Debug|x86.Build.0 = Debug|Win32
		{E5E4C945-4BE3-4D17-AE27-8A30DA84EBE3}.Release|x64.ActiveCfg = Release|x64
		{E5E4C945-4BE3-4D17-AE27-8A30DA84EBE3}.Release|x64.Build.0 = Release|x64
		{E5E4C945-4BE3-4D17-AE27-8A30DA84EBE3}.Release|x86.ActiveCfg = Release|Win32
		{E5E4C945-4BE3-4D17-AE27-8A30DA84EBE3}.Release|x86.Build.0 = Release|Win32
		{08C3D34D-1E27-4CD3-BDE3-5C3F53EE3379}.Debug|x64.ActiveCfg = Debug|x64
		{08C3D34D-1E27-4CD3-BDE3-5C3F53EE3379}.Debug|x64.Build.0 = Debug|x64
		{08C3D34D-1E27-4CD3-BDE3-5C3F53EE3379}.Debug|x86.ActiveCfg = Debug|Win32
		{08C3D34D-1E27-4CD3-BDE3-5C3F53EE3379}.Debug|x86.Build.0 = Debug|Win32
		{08C3D34D-1E27-4CD3-BDE3-5C3F53EE3379}.Release|x64.ActiveCfg = Release|x64
		{08C3D34D-1E27-4CD3-BDE3-5C3F53EE3379}.Release|x64.Build.0 = Release|x64
		{08C3D34D-1E27-4CD3-BDE3-5C3F53EE3379}.Release|x86.ActiveCfg = Release|Win32
		{08C3D34D-1E27-4CD3-BDE3-5C3F53EE3379}.Release|x86.Build.0 = Release|Win32
		{969F887B-0C98-49FE-A2C1-11248846C1AF}.Debug|x64.ActiveCfg = Debug|x64
		{969F887B-0C98-49FE-A2C1-11248846C1AF}.Debug|x64.Build.0 = Debug|x64
		{969F887B-0C98-49FE-A2C1-11248846C1AF}.Debug|x86.ActiveCfg = Debug|Win32
		{969F887B-0C98-49FE-A2C1-11248846C1AF}.Debug|x86.Build.0 = Debug|Win32
		{969F887B-0C98-49FE-A2C1-11248846C1AF}.Release|x64.ActiveCfg = Release|x64
		{969F887B-0C98-49FE-A2C1-11248846C1AF}.Release|x64.Build.0 = Release|x64
		{969F887B-0C98-49FE-A2C1-11248846C1AF}.Release|x86.ActiveCfg = Release|Win32
		{969F887B-0C98-49FE-A2C1-11248846C1AF}.Release|x86.Build.0 = Release|Win32
		{0131F47C-8137-4739-BF87-899E7668ECBB}.Debug|x64.ActiveCfg = Debug|x64
		{0131F47C-8137-4739-BF87-899E7668ECBB}.Debug|x64.Build.0 = Debug|x64
		{0131F47C-8137-4739-BF87-899E7668ECBB}.Debug|x86.ActiveCfg = Debug|Win32
		{0131F47C-8137-4739-BF87-899E7668ECBB}.Debug|x86.Build.0 = Debug|Win32
		{0131F47C-8137-4739-BF87-899E7668ECBB}.Release|x64.ActiveCfg = Release|x64
		{0131F47C-8137-4739-BF87-899E7668ECBB}.Release|x64.Build.0 = Release|x64
		{0131F47C-8137-4739-BF87-899E7668ECBB}.Release|x86.ActiveCfg = Release|Win32
		{0131F47C-8137-4739-BF87-899E7668ECBB}.Release|x86.Build.0 = Release|Win32
		{DC8FD831-5540-4175-97B3-CE92414994BD}.Debug|x64.ActiveCfg = Debug|x64
		{DC8FD831-5540-4175-97B3-CE92414994BD}.Debug|x64.Build.0 = Debug|x64
		{DC8FD831-5540-4175-97B3-CE92414994BD}.Debug|x86.ActiveCfg = Debug|Win32
		{DC8FD831-5540-4175-97B3-CE92414994BD}.Debug|x86.Build.0 = Debug|Win32
		{DC8FD831-5540-4175-97B3-CE92414994BD}.Release|x64.ActiveCfg = Release|x64
		{DC8FD831-5540-4175-97B3-CE92414994BD}.Release|x64.Build.0 = Release|x64
		{DC8FD831-5540-4175-97B3-CE92414994BD}.Release|x86.ActiveCfg = Release|Win32
		{DC8FD831-5540-4175-97B3-CE92414994BD}.Release|x86.Build.0 = Release|Win32
		{0FFE1ECC-6E82-49AA-960D-F67867C7ADFE}.Debug|x64.ActiveCfg = Debug|x64
		{0FFE1ECC-6E82-49AA-960D-F67867C7ADFE}.Debug|x64.Build.0 = Debug|x64
		{0FFE1ECC-6E82-49AA-960D-F67867C7ADFE}.Debug|x86.ActiveCfg = Debug|Win32
		{0FFE1ECC-6E82-49AA-960D-F67867C7ADFE}.Debug|x86.Build.0 = Debug|Win32
		{0FFE1ECC-6E82-49AA-960D-F67867C7ADFE}.Release|x64.ActiveCfg = Release|x64
		{0FFE1ECC-6E82-49AA-960D-F67867C7ADFE}.Release|x64.Build.0 = Release|x64
		{0FFE1ECC-6E82-49AA-960D-F67867C7ADFE}.Release|x86.ActiveCfg = Release|Win32
		{0FFE1ECC-6E82-49AA-960D-F67867C7ADFE}.Release|x86.Build.0 = Release|Win32
		{DA202910-55D8-4A94-A55F-3ACF45B00D58}.Debug|x64.ActiveCfg = Debug|x64
		{DA202910-55D8-4A94-A55F-3ACF45B00D58}.Debug|x64.Build.0 = Debug|x64
		{DA202910-55D8-4A94-A55F-3ACF45B00D58}.Debug|x86.ActiveCfg = Debug|Win32
		{DA202910-55D8-4A94-A55F-3ACF45B00D58}.Debug|x86.Build.0 = Debug|Win32
		{DA202910-55D8-4A94-A55F-3ACF45B00D58}.Release|x64.ActiveCfg = Release|x64
		{DA202910-55D8-4A94-A55F-3ACF45B00D58}.Release|x64.Build.0 = Release|x64
		{DA202910-55D8-4A94-A55F-3ACF45B00D58}.Release|x86.ActiveCfg = Release|Win32
		{DA202910-55D8-4A94-A55F-3ACF45B00D58}.Release|x86.Build.0 = Release|Win32
		{DB5A018B-D974-48AE-AAA1-A0FD15C6074D}.Debug|x64.ActiveCfg = Debug|x64
		{DB5A018B-D974-48AE-AAA1-A0FD15C6074D}.Debug|x64.Build.0 = Debug|x64
		{DB5A018B-D974-48AE-AAA1-A0FD15C6074D}.Debug|x86.ActiveCfg = Debug|Win32
		{DB5A018B-D974-48AE-AAA1-A0FD15C6074D}.Debug|x86.Build.0 = Debug|Win32
		{DB5A018B-D974-48AE-AAA1-A0FD15C6074D}.Release|x64.ActiveCfg = Release|x64
		{DB5A018B-D974-48AE-AAA1-A0FD15C6074D}.Release|x64.Build.0 = Release|x64
		{DB5A018B-D974-48AE-AAA1-A0FD15C6074D}.Release|x86.ActiveCfg = Release|Win32
		{DB5A018B-D974-48AE-AAA1-A0FD15C6074D}.Release|x86.Build.0 = Release|Win32
		{9240B3DC-8B0D-4F3C-9605-FE34EFF38C18}.Debug|x64.ActiveCfg = Debug|x64
		{9240B3DC-8B0D-4F3C-9605-FE34EFF38C18}.Debug|x64.Build.0 = Debug|x64
		{9240B3DC-8B0D-4F3C-9605-FE34EFF38C18}.Debug|x86.ActiveCfg = Debug|Win32
		{9240B3DC-8B0D-4F3C-9605-FE34EFF38C18}.Debug|x86.Build.0 = Debug|Win32
		{9240B3DC-8B0D-4F3C-9605-FE34EFF38C18}.Release|x64.ActiveCfg = Release|x64
		{9240B3DC-8B0D-4F3C-9605-FE34EFF38C18}.Release|x64.Build.0 = Release|x64
		{9240B3DC-8B0D-4F3C-9605-FE34EFF38C18}.Release|x86.ActiveCfg = Release|Win32
		{9240B3DC-8B0D-4F3C-9605-FE34EFF38C18}.Release|x86.Build.0 = Release|Win32
		{1C765FC7-918D-46D8-B7D0-80779D939F5F}.Debug|x64.ActiveCfg = Debug|x64
		{1C765FC7-918D-46D8-B7D0-80779D939F5F}.Debug|x64.Build.0 = Debug|x64
		{1C765FC7-918D-46D8-B7D0-80779D939F5F}.Debug|x86.ActiveCfg = Debug|Win32
		{1C765FC7-918D-46D8-B7D0-80779D939F5F}.Debug|x86.Build.0 = Debug|Win32
		{1C765FC7-918D-46D8-B7D0-80779D939F5F}.Release|x64.ActiveCfg = Release|x64
		{1C765FC7-918D-46D8-B7D0-80779D939F5F}.Release|x64.Build.0 = Release|x64
		{1C765FC7-918D-46D8-B7D0-80779D939F5F}.Release|x86.ActiveCfg = Release|Win32
		{1C765FC7-918D-46D8-B7D0-80779D939F5F}.Release|x86.Build.0 = Release|Win32
		{6CC988A3-F8C7-4E85-9C19-64527FA61DF8}.Debug|x64.ActiveCfg = Debug|x64
		{6CC988A3-F8C7-4E85-9C19-64527FA61DF8}.Debug|x64.Build.0 = Debug|x64
		{6CC988A3-F8C7-4E85-9C19-64527FA61DF8}.Debug|x86.ActiveCfg = Debug|Win32
		{6CC988A3-F8C7-4E85-9C19-64527FA61DF8}.Debug|x86.Build.0 = Debug|Win32
		{6CC988A3-F8C7-4E85-9C19-64527FA61DF8}.Release|x64.ActiveCfg = Release|x64
		{6CC988A3-F8C7-4E85-9C19-64527FA61DF8}.Release|x64.Build.0 = Release|x64
		{6CC988A3-F8C7-4E85-9C19-64527FA61DF8}.Release|x86.ActiveCfg = Release|Win32
		{6CC988A3-F8C7-4E85-9C19-64527FA61DF8}.Release|x86.Build.0 = Release|Win32
		{F11418DD-7C1C-4490-8703-18774308FD97}.Debug|x64.ActiveCfg = Debug|x64
		{F11418DD-7C1C-4490-8703-18774308FD97}.Debug|x64.Build.0 = Debug|x64
		{F11418DD-7C1C-4490-8703-18774308FD97}.Debug|x86.ActiveCfg = Debug|Win32
		{F11418DD-7C1C-4490-8703-18774308FD97}.Debug|x86.Build.0 = Debug|Win32
		{F11418DD-7C1C-4490-8703-18774308FD97}.Release|x64.ActiveCfg = Release|x64
		{F11418DD-7C1C-4490-8703-18774308FD97}.Release|x64.Build.0 = Release|x64
		{F11418DD-7C1C-4490-8703-18774308FD97}.Release|x86.ActiveCfg = Release|Win32
		{F11418DD-7C1C-4490-8703-18774308FD97}.Release|x86.Build.0 = Release|Win32
		{D01B40DB-5953-4141-B165-1E5D515735CA}.Debug|x64.ActiveCfg = Debug|x64
		{D01B40DB-5953-4141-B165-1E5D515735CA}.Debug|x64.Build.0 = Debug|x64
		{D01B40DB-5953-4141-B165-1E5D515735CA}.Debug|x86.ActiveCfg = Debug|Win32
		{D01B40DB-5953-4141-B165-1E5D515735CA}.Debug|x86.Build.0 = Debug|Win32
		{D01B40DB-5953-4141-B165-1E5D515735CA}.Release|x64.ActiveCfg = Release|x64
		{D01B40DB-5953-4141-B165-1E5D515735CA}.Release|x64.Build.0 = Release|x64
		{D01B40DB-5953-4141-B165-1E5D515735CA}.Release|x86.ActiveCfg = Release|Win32
		{D01B40DB-5953-4141-B165-1E5D515735CA}.Release|x86.Build.0 = Release|Win32
		{C4CB0B34-C091-4905-9F33-38C52AA48E8C}.Debug|x64.ActiveCfg = Debug|x64
		{C4CB0B34-C091-4905-9F33-38C52AA48E8C}.Debug|x64.Build.0 = Debug|x64
		{C4CB0B34-C091-4905-9F33-38C52AA48E8C}.Debug|x86.ActiveCfg = Debug|Win32
		{C4CB0B34-C091-4905-9F33-38C52AA48E8C}.Debug|x86.Build.0 = Debug|Win32
		{C4CB0B34-C091-4905-9F33-38C52AA48E8C}.Release|x64.ActiveCfg = Release|x64
		{C4CB0B34-C091-4905-9F33-38C52AA48E8C}.Release|x64.Build.0 = Release|x64
		{C4CB0B34-C091-4905-9F33-38C52AA48E8C}.Release|x86.ActiveCfg = Release|Win32
		{C4CB0B34-C091-4905-9F33-38C52AA48E8C}.Release|x86.Build.0 = Release|Win32
		{FEF62A55-92C7-4537-8036-724FCF9F88A4}.Debug|x64.ActiveCfg = Debug|x64
		{FEF62A55-92C7-4537-8036-724FCF9F88A4}.Debug|x64.Build.0 = Debug|x64
		{FEF62A55-92C7-4537-8036-724FCF9F88A4}.Debug|x86.ActiveCfg = Debug|Win32
		{FEF62A55-92C7-4537-8036-724FCF9F88A4}.Debug|x86.Build.0 = Debug|Win32
		{FEF62A55-92C7-4537-8036-724FCF9F88A4}.Release|x64.ActiveCfg = Release|x64
		{FEF62A55-92C7-4537-8036-724FCF9F88A4}.Release|x64.Build.0 = Release|x64
		{FEF62A55-92C7-4537-8036-724FCF9F88A4}.Release|x86.ActiveCfg = Release|Win32
		{FEF62A55-92C7-4537-8036-724FCF9F88A4}.Release|x86.Build.0 = Release|Win32
		{A986A523-CB5B-4E10-93BB-525837633FEB}.Debug|x64.ActiveCfg = Debug|x64
		{A986A523-CB5B-4E10-93BB-525837633FEB}.Debug|x64.Build.0 = Debug|x64
		{A986A523-CB5B-4E10-93BB-525837633FEB}.Debug|x86.ActiveCfg = Debug|Win32
		{A986A523-CB5B-4E10-93BB-525837633FEB}.Debug|x86.Build.0 = Debug|Win32
		{A986A523-CB5B-4E10-93BB-525837633FEB}.Release|x64.ActiveCfg = Release|x64
		{A986A523-CB5B-4E10-93BB-525837633FEB}.Release|x64.Build.0 = Release|x64
		{A986A523-CB5B-4E10-93BB-525837633FEB}.Release|x86.ActiveCfg = Release|Win32
		{A986A523-CB5B-4E10-93BB-525837633FEB}.Release|x86.Build.0 = Release|Win32
	EndGlobalSection
	GlobalSection(SolutionProperties) = preSolution
		HideSolutionNode = FALSE
	EndGlobalSection
	GlobalSection(ExtensibilityGlobals) = postSolution
		SolutionGuid = {795FDDD3-49B4-4A8C-8D25-89CB80B0F5E9}
	EndGlobalSection
EndGlobal
