
Microsoft Visual Studio Solution File, Format Version 12.00
# Visual Studio Version 17
VisualStudioVersion = 17.1.32228.430
MinimumVisualStudioVersion = 10.0.40219.1
Project("{8BC9CEB8-8B4A-11D0-8D11-00A0C91BC942}") = "Euler_Helpers", "Euler_Helpers\Euler_Helpers.vcxproj", "{AE2686DC-4D0F-446A-83EA-E91F42B73D32}"
EndProject
Project("{8BC9CEB8-8B4A-11D0-8D11-00A0C91BC942}") = "ProjectEuler0800", "ProjectEuler0800\ProjectEuler800.vcxproj", "{BC216C3D-1B6D-445E-804F-03F35907ED23}"
EndProject
Project("{8BC9CEB8-8B4A-11D0-8D11-00A0C91BC942}") = "ProjectEuler0807", "ProjectEuler0807\ProjectEuler807.vcxproj", "{D5A7F618-2B12-470A-9B3D-7B6C21FB2627}"
EndProject
Project("{8BC9CEB8-8B4A-11D0-8D11-00A0C91BC942}") = "Helper_Tests", "Helper_Tests\Helper_Tests.vcxproj", "{5FC84EB7-F4CB-45FD-BCF3-C234EBBA9DD6}"
EndProject
Project("{8BC9CEB8-8B4A-11D0-8D11-00A0C91BC942}") = "ProjectEuler0215", "ProjectEuler0215\ProjectEuler0215.vcxproj", "{1D246FD0-48CC-4850-BBA3-97084D20CBD5}"
EndProject
Project("{8BC9CEB8-8B4A-11D0-8D11-00A0C91BC942}") = "ProjectEuler0788", "ProjectEuler0788\ProjectEuler0788.vcxproj", "{620A628E-511A-405B-BA72-9550281DD564}"
EndProject
Project("{8BC9CEB8-8B4A-11D0-8D11-00A0C91BC942}") = "ProjectEuler0101", "ProjectEuler0101\ProjectEuler0101.vcxproj", "{8249628E-840D-4906-88B9-ED57E74E1C96}"
EndProject
Project("{8BC9CEB8-8B4A-11D0-8D11-00A0C91BC942}") = "ProjectEuler0102", "ProjectEuler0102\ProjectEuler0102.vcxproj", "{FE0984D6-0F11-42CD-BDE8-EBA13975EE31}"
EndProject
Project("{8BC9CEB8-8B4A-11D0-8D11-00A0C91BC942}") = "ProjectEuler0103", "ProjectEuler0103\ProjectEuler0103.vcxproj", "{1C8601BA-19EA-4546-B3EC-9D6BCC173996}"
EndProject
Project("{8BC9CEB8-8B4A-11D0-8D11-00A0C91BC942}") = "ProjectEuler0104", "ProjectEuler0104\ProjectEuler0104.vcxproj", "{48ABF7CE-AD3F-41FD-8065-B3D93CFE66EA}"
EndProject
Project("{8BC9CEB8-8B4A-11D0-8D11-00A0C91BC942}") = "ProjectEuler0105", "ProjectEuler0105\ProjectEuler0105.vcxproj", "{5D7B1599-C1AA-4916-B7F4-885727F15B24}"
EndProject
Project("{8BC9CEB8-8B4A-11D0-8D11-00A0C91BC942}") = "ProjectEuler0106", "ProjectEuler0106\ProjectEuler0106.vcxproj", "{CE19EE7C-D500-42AB-94A6-E828E6DAC649}"
EndProject
Project("{8BC9CEB8-8B4A-11D0-8D11-00A0C91BC942}") = "ProjectEuler0107", "ProjectEuler0107\ProjectEuler0107.vcxproj", "{694CA5D9-2DE7-4628-8B27-F499A1CDA005}"
EndProject
Project("{8BC9CEB8-8B4A-11D0-8D11-00A0C91BC942}") = "ProjectEuler0108", "ProjectEuler0108\ProjectEuler0108.vcxproj", "{81A115C4-42C9-4901-B36A-C81E82B5DC2B}"
EndProject
Project("{8BC9CEB8-8B4A-11D0-8D11-00A0C91BC942}") = "ProjectEuler0109", "ProjectEuler0109\ProjectEuler0109.vcxproj", "{D630E78A-38A6-4383-B7F2-1BD74A03E013}"
EndProject
Project("{8BC9CEB8-8B4A-11D0-8D11-00A0C91BC942}") = "ProjectEuler0111", "ProjectEuler0111\ProjectEuler0111.vcxproj", "{BC3F1B59-F113-4FAE-81D3-322E05DBEBBE}"
EndProject
Project("{8BC9CEB8-8B4A-11D0-8D11-00A0C91BC942}") = "ProjectEuler0112", "ProjectEuler0112\ProjectEuler0112.vcxproj", "{8170EBBE-4AE0-4E0E-8990-628A16C40296}"
EndProject
Project("{8BC9CEB8-8B4A-11D0-8D11-00A0C91BC942}") = "ProjectEuler0113", "ProjectEuler0113\ProjectEuler0113.vcxproj", "{9E4AFEE2-47AE-4AC2-A66C-6B52C5C46103}"
EndProject
Project("{8BC9CEB8-8B4A-11D0-8D11-00A0C91BC942}") = "ProjectEuler0114", "ProjectEuler0114\ProjectEuler0114.vcxproj", "{4383CB62-82DF-4700-BA5B-7C25A85A0EB1}"
EndProject
Project("{8BC9CEB8-8B4A-11D0-8D11-00A0C91BC942}") = "ProjectEuler0115", "ProjectEuler0115\ProjectEuler0115.vcxproj", "{16F863B1-CAD8-4C80-940F-FE49DE53EF68}"
EndProject
Project("{8BC9CEB8-8B4A-11D0-8D11-00A0C91BC942}") = "ProjectEuler0116", "ProjectEuler0116\ProjectEuler0116.vcxproj", "{21231679-A22B-4A94-A494-AA8265F9B672}"
EndProject
Project("{8BC9CEB8-8B4A-11D0-8D11-00A0C91BC942}") = "ProjectEuler0117", "ProjectEuler0117\ProjectEuler0117.vcxproj", "{A77BC5A4-4AAC-4CAD-AFAE-1D093360F4D2}"
EndProject
Project("{8BC9CEB8-8B4A-11D0-8D11-00A0C91BC942}") = "ProjectEuler0118", "ProjectEuler0118\ProjectEuler0118.vcxproj", "{ACA39EF9-ACB8-4751-9842-A2C94F450997}"
EndProject
Project("{8BC9CEB8-8B4A-11D0-8D11-00A0C91BC942}") = "ProjectEuler0119", "ProjectEuler0119\ProjectEuler0119.vcxproj", "{6F49A75D-4E9F-4A96-8264-0773E34C242C}"
EndProject
Project("{8BC9CEB8-8B4A-11D0-8D11-00A0C91BC942}") = "ProjectEuler0110", "ProjectEuler0110\ProjectEuler0110.vcxproj", "{B4091763-5B13-42CC-884A-B4BDE758B818}"
EndProject
Project("{8BC9CEB8-8B4A-11D0-8D11-00A0C91BC942}") = "ProjectEuler0120", "ProjectEuler0120\ProjectEuler0120.vcxproj", "{1D2E8761-B5C7-44D0-96E6-28BB67E91617}"
EndProject
Project("{8BC9CEB8-8B4A-11D0-8D11-00A0C91BC942}") = "ProjectEuler0121", "ProjectEuler0121\ProjectEuler0121.vcxproj", "{3E0474DA-3EE5-4DFD-A9B8-DECB204C49DC}"
EndProject
Project("{8BC9CEB8-8B4A-11D0-8D11-00A0C91BC942}") = "ProjectEuler0122", "ProjectEuler0122\ProjectEuler0122.vcxproj", "{5C09E7E9-6F6B-42F1-9AC3-7CC4701D4815}"
EndProject
Project("{8BC9CEB8-8B4A-11D0-8D11-00A0C91BC942}") = "ProjectEuler0123", "ProjectEuler0123\ProjectEuler0123.vcxproj", "{3E2B3B49-C8CD-4D67-B396-7938CFF617B8}"
EndProject
Project("{8BC9CEB8-8B4A-11D0-8D11-00A0C91BC942}") = "ProjectEuler0124", "ProjectEuler0124\ProjectEuler0124.vcxproj", "{EA034429-DA2A-4799-B749-BCE2D8E16FA6}"
EndProject
Project("{8BC9CEB8-8B4A-11D0-8D11-00A0C91BC942}") = "ProjectEuler0125", "ProjectEuler0125\ProjectEuler0125.vcxproj", "{AFF10AC9-4C09-4B80-A852-79B73BA622C5}"
EndProject
Project("{8BC9CEB8-8B4A-11D0-8D11-00A0C91BC942}") = "ProjectEuler0126", "ProjectEuler0126\ProjectEuler0126.vcxproj", "{22BE50CB-A3A4-4ECE-8BE4-7DBDBF986787}"
EndProject
Project("{8BC9CEB8-8B4A-11D0-8D11-00A0C91BC942}") = "ProjectEuler0127", "ProjectEuler0127\ProjectEuler0127.vcxproj", "{BFB2F875-2186-40F3-9FA8-8C5E8971BF9B}"
EndProject
Project("{8BC9CEB8-8B4A-11D0-8D11-00A0C91BC942}") = "ProjectEuler0128", "ProjectEuler0128\ProjectEuler0128.vcxproj", "{92DF189B-A02A-4FD8-87D7-6A5008D09A35}"
EndProject
Global
	GlobalSection(SolutionConfigurationPlatforms) = preSolution
		Debug|x64 = Debug|x64
		Debug|x86 = Debug|x86
		Release|x64 = Release|x64
		Release|x86 = Release|x86
	EndGlobalSection
	GlobalSection(ProjectConfigurationPlatforms) = postSolution
		{AE2686DC-4D0F-446A-83EA-E91F42B73D32}.Debug|x64.ActiveCfg = Debug|x64
		{AE2686DC-4D0F-446A-83EA-E91F42B73D32}.Debug|x64.Build.0 = Debug|x64
		{AE2686DC-4D0F-446A-83EA-E91F42B73D32}.Debug|x86.ActiveCfg = Debug|Win32
		{AE2686DC-4D0F-446A-83EA-E91F42B73D32}.Debug|x86.Build.0 = Debug|Win32
		{AE2686DC-4D0F-446A-83EA-E91F42B73D32}.Release|x64.ActiveCfg = Release|x64
		{AE2686DC-4D0F-446A-83EA-E91F42B73D32}.Release|x64.Build.0 = Release|x64
		{AE2686DC-4D0F-446A-83EA-E91F42B73D32}.Release|x86.ActiveCfg = Release|Win32
		{AE2686DC-4D0F-446A-83EA-E91F42B73D32}.Release|x86.Build.0 = Release|Win32
		{BC216C3D-1B6D-445E-804F-03F35907ED23}.Debug|x64.ActiveCfg = Debug|x64
		{BC216C3D-1B6D-445E-804F-03F35907ED23}.Debug|x64.Build.0 = Debug|x64
		{BC216C3D-1B6D-445E-804F-03F35907ED23}.Debug|x86.ActiveCfg = Debug|Win32
		{BC216C3D-1B6D-445E-804F-03F35907ED23}.Debug|x86.Build.0 = Debug|Win32
		{BC216C3D-1B6D-445E-804F-03F35907ED23}.Release|x64.ActiveCfg = Release|x64
		{BC216C3D-1B6D-445E-804F-03F35907ED23}.Release|x64.Build.0 = Release|x64
		{BC216C3D-1B6D-445E-804F-03F35907ED23}.Release|x86.ActiveCfg = Release|Win32
		{BC216C3D-1B6D-445E-804F-03F35907ED23}.Release|x86.Build.0 = Release|Win32
		{D5A7F618-2B12-470A-9B3D-7B6C21FB2627}.Debug|x64.ActiveCfg = Debug|x64
		{D5A7F618-2B12-470A-9B3D-7B6C21FB2627}.Debug|x64.Build.0 = Debug|x64
		{D5A7F618-2B12-470A-9B3D-7B6C21FB2627}.Debug|x86.ActiveCfg = Debug|Win32
		{D5A7F618-2B12-470A-9B3D-7B6C21FB2627}.Debug|x86.Build.0 = Debug|Win32
		{D5A7F618-2B12-470A-9B3D-7B6C21FB2627}.Release|x64.ActiveCfg = Release|x64
		{D5A7F618-2B12-470A-9B3D-7B6C21FB2627}.Release|x64.Build.0 = Release|x64
		{D5A7F618-2B12-470A-9B3D-7B6C21FB2627}.Release|x86.ActiveCfg = Release|Win32
		{D5A7F618-2B12-470A-9B3D-7B6C21FB2627}.Release|x86.Build.0 = Release|Win32
		{5FC84EB7-F4CB-45FD-BCF3-C234EBBA9DD6}.Debug|x64.ActiveCfg = Debug|x64
		{5FC84EB7-F4CB-45FD-BCF3-C234EBBA9DD6}.Debug|x64.Build.0 = Debug|x64
		{5FC84EB7-F4CB-45FD-BCF3-C234EBBA9DD6}.Debug|x86.ActiveCfg = Debug|Win32
		{5FC84EB7-F4CB-45FD-BCF3-C234EBBA9DD6}.Debug|x86.Build.0 = Debug|Win32
		{5FC84EB7-F4CB-45FD-BCF3-C234EBBA9DD6}.Release|x64.ActiveCfg = Release|x64
		{5FC84EB7-F4CB-45FD-BCF3-C234EBBA9DD6}.Release|x64.Build.0 = Release|x64
		{5FC84EB7-F4CB-45FD-BCF3-C234EBBA9DD6}.Release|x86.ActiveCfg = Release|Win32
		{5FC84EB7-F4CB-45FD-BCF3-C234EBBA9DD6}.Release|x86.Build.0 = Release|Win32
		{1D246FD0-48CC-4850-BBA3-97084D20CBD5}.Debug|x64.ActiveCfg = Debug|x64
		{1D246FD0-48CC-4850-BBA3-97084D20CBD5}.Debug|x64.Build.0 = Debug|x64
		{1D246FD0-48CC-4850-BBA3-97084D20CBD5}.Debug|x86.ActiveCfg = Debug|Win32
		{1D246FD0-48CC-4850-BBA3-97084D20CBD5}.Debug|x86.Build.0 = Debug|Win32
		{1D246FD0-48CC-4850-BBA3-97084D20CBD5}.Release|x64.ActiveCfg = Release|x64
		{1D246FD0-48CC-4850-BBA3-97084D20CBD5}.Release|x64.Build.0 = Release|x64
		{1D246FD0-48CC-4850-BBA3-97084D20CBD5}.Release|x86.ActiveCfg = Release|Win32
		{1D246FD0-48CC-4850-BBA3-97084D20CBD5}.Release|x86.Build.0 = Release|Win32
		{620A628E-511A-405B-BA72-9550281DD564}.Debug|x64.ActiveCfg = Debug|x64
		{620A628E-511A-405B-BA72-9550281DD564}.Debug|x64.Build.0 = Debug|x64
		{620A628E-511A-405B-BA72-9550281DD564}.Debug|x86.ActiveCfg = Debug|Win32
		{620A628E-511A-405B-BA72-9550281DD564}.Debug|x86.Build.0 = Debug|Win32
		{620A628E-511A-405B-BA72-9550281DD564}.Release|x64.ActiveCfg = Release|x64
		{620A628E-511A-405B-BA72-9550281DD564}.Release|x64.Build.0 = Release|x64
		{620A628E-511A-405B-BA72-9550281DD564}.Release|x86.ActiveCfg = Release|Win32
		{620A628E-511A-405B-BA72-9550281DD564}.Release|x86.Build.0 = Release|Win32
		{8249628E-840D-4906-88B9-ED57E74E1C96}.Debug|x64.ActiveCfg = Debug|x64
		{8249628E-840D-4906-88B9-ED57E74E1C96}.Debug|x64.Build.0 = Debug|x64
		{8249628E-840D-4906-88B9-ED57E74E1C96}.Debug|x86.ActiveCfg = Debug|Win32
		{8249628E-840D-4906-88B9-ED57E74E1C96}.Debug|x86.Build.0 = Debug|Win32
		{8249628E-840D-4906-88B9-ED57E74E1C96}.Release|x64.ActiveCfg = Release|x64
		{8249628E-840D-4906-88B9-ED57E74E1C96}.Release|x64.Build.0 = Release|x64
		{8249628E-840D-4906-88B9-ED57E74E1C96}.Release|x86.ActiveCfg = Release|Win32
		{8249628E-840D-4906-88B9-ED57E74E1C96}.Release|x86.Build.0 = Release|Win32
		{FE0984D6-0F11-42CD-BDE8-EBA13975EE31}.Debug|x64.ActiveCfg = Debug|x64
		{FE0984D6-0F11-42CD-BDE8-EBA13975EE31}.Debug|x64.Build.0 = Debug|x64
		{FE0984D6-0F11-42CD-BDE8-EBA13975EE31}.Debug|x86.ActiveCfg = Debug|Win32
		{FE0984D6-0F11-42CD-BDE8-EBA13975EE31}.Debug|x86.Build.0 = Debug|Win32
		{FE0984D6-0F11-42CD-BDE8-EBA13975EE31}.Release|x64.ActiveCfg = Release|x64
		{FE0984D6-0F11-42CD-BDE8-EBA13975EE31}.Release|x64.Build.0 = Release|x64
		{FE0984D6-0F11-42CD-BDE8-EBA13975EE31}.Release|x86.ActiveCfg = Release|Win32
		{FE0984D6-0F11-42CD-BDE8-EBA13975EE31}.Release|x86.Build.0 = Release|Win32
		{1C8601BA-19EA-4546-B3EC-9D6BCC173996}.Debug|x64.ActiveCfg = Debug|x64
		{1C8601BA-19EA-4546-B3EC-9D6BCC173996}.Debug|x64.Build.0 = Debug|x64
		{1C8601BA-19EA-4546-B3EC-9D6BCC173996}.Debug|x86.ActiveCfg = Debug|Win32
		{1C8601BA-19EA-4546-B3EC-9D6BCC173996}.Debug|x86.Build.0 = Debug|Win32
		{1C8601BA-19EA-4546-B3EC-9D6BCC173996}.Release|x64.ActiveCfg = Release|x64
		{1C8601BA-19EA-4546-B3EC-9D6BCC173996}.Release|x64.Build.0 = Release|x64
		{1C8601BA-19EA-4546-B3EC-9D6BCC173996}.Release|x86.ActiveCfg = Release|Win32
		{1C8601BA-19EA-4546-B3EC-9D6BCC173996}.Release|x86.Build.0 = Release|Win32
		{48ABF7CE-AD3F-41FD-8065-B3D93CFE66EA}.Debug|x64.ActiveCfg = Debug|x64
		{48ABF7CE-AD3F-41FD-8065-B3D93CFE66EA}.Debug|x64.Build.0 = Debug|x64
		{48ABF7CE-AD3F-41FD-8065-B3D93CFE66EA}.Debug|x86.ActiveCfg = Debug|Win32
		{48ABF7CE-AD3F-41FD-8065-B3D93CFE66EA}.Debug|x86.Build.0 = Debug|Win32
		{48ABF7CE-AD3F-41FD-8065-B3D93CFE66EA}.Release|x64.ActiveCfg = Release|x64
		{48ABF7CE-AD3F-41FD-8065-B3D93CFE66EA}.Release|x64.Build.0 = Release|x64
		{48ABF7CE-AD3F-41FD-8065-B3D93CFE66EA}.Release|x86.ActiveCfg = Release|Win32
		{48ABF7CE-AD3F-41FD-8065-B3D93CFE66EA}.Release|x86.Build.0 = Release|Win32
		{5D7B1599-C1AA-4916-B7F4-885727F15B24}.Debug|x64.ActiveCfg = Debug|x64
		{5D7B1599-C1AA-4916-B7F4-885727F15B24}.Debug|x64.Build.0 = Debug|x64
		{5D7B1599-C1AA-4916-B7F4-885727F15B24}.Debug|x86.ActiveCfg = Debug|Win32
		{5D7B1599-C1AA-4916-B7F4-885727F15B24}.Debug|x86.Build.0 = Debug|Win32
		{5D7B1599-C1AA-4916-B7F4-885727F15B24}.Release|x64.ActiveCfg = Release|x64
		{5D7B1599-C1AA-4916-B7F4-885727F15B24}.Release|x64.Build.0 = Release|x64
		{5D7B1599-C1AA-4916-B7F4-885727F15B24}.Release|x86.ActiveCfg = Release|Win32
		{5D7B1599-C1AA-4916-B7F4-885727F15B24}.Release|x86.Build.0 = Release|Win32
		{CE19EE7C-D500-42AB-94A6-E828E6DAC649}.Debug|x64.ActiveCfg = Debug|x64
		{CE19EE7C-D500-42AB-94A6-E828E6DAC649}.Debug|x64.Build.0 = Debug|x64
		{CE19EE7C-D500-42AB-94A6-E828E6DAC649}.Debug|x86.ActiveCfg = Debug|Win32
		{CE19EE7C-D500-42AB-94A6-E828E6DAC649}.Debug|x86.Build.0 = Debug|Win32
		{CE19EE7C-D500-42AB-94A6-E828E6DAC649}.Release|x64.ActiveCfg = Release|x64
		{CE19EE7C-D500-42AB-94A6-E828E6DAC649}.Release|x64.Build.0 = Release|x64
		{CE19EE7C-D500-42AB-94A6-E828E6DAC649}.Release|x86.ActiveCfg = Release|Win32
		{CE19EE7C-D500-42AB-94A6-E828E6DAC649}.Release|x86.Build.0 = Release|Win32
		{694CA5D9-2DE7-4628-8B27-F499A1CDA005}.Debug|x64.ActiveCfg = Debug|x64
		{694CA5D9-2DE7-4628-8B27-F499A1CDA005}.Debug|x64.Build.0 = Debug|x64
		{694CA5D9-2DE7-4628-8B27-F499A1CDA005}.Debug|x86.ActiveCfg = Debug|Win32
		{694CA5D9-2DE7-4628-8B27-F499A1CDA005}.Debug|x86.Build.0 = Debug|Win32
		{694CA5D9-2DE7-4628-8B27-F499A1CDA005}.Release|x64.ActiveCfg = Release|x64
		{694CA5D9-2DE7-4628-8B27-F499A1CDA005}.Release|x64.Build.0 = Release|x64
		{694CA5D9-2DE7-4628-8B27-F499A1CDA005}.Release|x86.ActiveCfg = Release|Win32
		{694CA5D9-2DE7-4628-8B27-F499A1CDA005}.Release|x86.Build.0 = Release|Win32
		{81A115C4-42C9-4901-B36A-C81E82B5DC2B}.Debug|x64.ActiveCfg = Debug|x64
		{81A115C4-42C9-4901-B36A-C81E82B5DC2B}.Debug|x64.Build.0 = Debug|x64
		{81A115C4-42C9-4901-B36A-C81E82B5DC2B}.Debug|x86.ActiveCfg = Debug|Win32
		{81A115C4-42C9-4901-B36A-C81E82B5DC2B}.Debug|x86.Build.0 = Debug|Win32
		{81A115C4-42C9-4901-B36A-C81E82B5DC2B}.Release|x64.ActiveCfg = Release|x64
		{81A115C4-42C9-4901-B36A-C81E82B5DC2B}.Release|x64.Build.0 = Release|x64
		{81A115C4-42C9-4901-B36A-C81E82B5DC2B}.Release|x86.ActiveCfg = Release|Win32
		{81A115C4-42C9-4901-B36A-C81E82B5DC2B}.Release|x86.Build.0 = Release|Win32
		{D630E78A-38A6-4383-B7F2-1BD74A03E013}.Debug|x64.ActiveCfg = Debug|x64
		{D630E78A-38A6-4383-B7F2-1BD74A03E013}.Debug|x64.Build.0 = Debug|x64
		{D630E78A-38A6-4383-B7F2-1BD74A03E013}.Debug|x86.ActiveCfg = Debug|Win32
		{D630E78A-38A6-4383-B7F2-1BD74A03E013}.Debug|x86.Build.0 = Debug|Win32
		{D630E78A-38A6-4383-B7F2-1BD74A03E013}.Release|x64.ActiveCfg = Release|x64
		{D630E78A-38A6-4383-B7F2-1BD74A03E013}.Release|x64.Build.0 = Release|x64
		{D630E78A-38A6-4383-B7F2-1BD74A03E013}.Release|x86.ActiveCfg = Release|Win32
		{D630E78A-38A6-4383-B7F2-1BD74A03E013}.Release|x86.Build.0 = Release|Win32
		{BC3F1B59-F113-4FAE-81D3-322E05DBEBBE}.Debug|x64.ActiveCfg = Debug|x64
		{BC3F1B59-F113-4FAE-81D3-322E05DBEBBE}.Debug|x64.Build.0 = Debug|x64
		{BC3F1B59-F113-4FAE-81D3-322E05DBEBBE}.Debug|x86.ActiveCfg = Debug|Win32
		{BC3F1B59-F113-4FAE-81D3-322E05DBEBBE}.Debug|x86.Build.0 = Debug|Win32
		{BC3F1B59-F113-4FAE-81D3-322E05DBEBBE}.Release|x64.ActiveCfg = Release|x64
		{BC3F1B59-F113-4FAE-81D3-322E05DBEBBE}.Release|x64.Build.0 = Release|x64
		{BC3F1B59-F113-4FAE-81D3-322E05DBEBBE}.Release|x86.ActiveCfg = Release|Win32
		{BC3F1B59-F113-4FAE-81D3-322E05DBEBBE}.Release|x86.Build.0 = Release|Win32
		{8170EBBE-4AE0-4E0E-8990-628A16C40296}.Debug|x64.ActiveCfg = Debug|x64
		{8170EBBE-4AE0-4E0E-8990-628A16C40296}.Debug|x64.Build.0 = Debug|x64
		{8170EBBE-4AE0-4E0E-8990-628A16C40296}.Debug|x86.ActiveCfg = Debug|Win32
		{8170EBBE-4AE0-4E0E-8990-628A16C40296}.Debug|x86.Build.0 = Debug|Win32
		{8170EBBE-4AE0-4E0E-8990-628A16C40296}.Release|x64.ActiveCfg = Release|x64
		{8170EBBE-4AE0-4E0E-8990-628A16C40296}.Release|x64.Build.0 = Release|x64
		{8170EBBE-4AE0-4E0E-8990-628A16C40296}.Release|x86.ActiveCfg = Release|Win32
		{8170EBBE-4AE0-4E0E-8990-628A16C40296}.Release|x86.Build.0 = Release|Win32
		{9E4AFEE2-47AE-4AC2-A66C-6B52C5C46103}.Debug|x64.ActiveCfg = Debug|x64
		{9E4AFEE2-47AE-4AC2-A66C-6B52C5C46103}.Debug|x64.Build.0 = Debug|x64
		{9E4AFEE2-47AE-4AC2-A66C-6B52C5C46103}.Debug|x86.ActiveCfg = Debug|Win32
		{9E4AFEE2-47AE-4AC2-A66C-6B52C5C46103}.Debug|x86.Build.0 = Debug|Win32
		{9E4AFEE2-47AE-4AC2-A66C-6B52C5C46103}.Release|x64.ActiveCfg = Release|x64
		{9E4AFEE2-47AE-4AC2-A66C-6B52C5C46103}.Release|x64.Build.0 = Release|x64
		{9E4AFEE2-47AE-4AC2-A66C-6B52C5C46103}.Release|x86.ActiveCfg = Release|Win32
		{9E4AFEE2-47AE-4AC2-A66C-6B52C5C46103}.Release|x86.Build.0 = Release|Win32
		{4383CB62-82DF-4700-BA5B-7C25A85A0EB1}.Debug|x64.ActiveCfg = Debug|x64
		{4383CB62-82DF-4700-BA5B-7C25A85A0EB1}.Debug|x64.Build.0 = Debug|x64
		{4383CB62-82DF-4700-BA5B-7C25A85A0EB1}.Debug|x86.ActiveCfg = Debug|Win32
		{4383CB62-82DF-4700-BA5B-7C25A85A0EB1}.Debug|x86.Build.0 = Debug|Win32
		{4383CB62-82DF-4700-BA5B-7C25A85A0EB1}.Release|x64.ActiveCfg = Release|x64
		{4383CB62-82DF-4700-BA5B-7C25A85A0EB1}.Release|x64.Build.0 = Release|x64
		{4383CB62-82DF-4700-BA5B-7C25A85A0EB1}.Release|x86.ActiveCfg = Release|Win32
		{4383CB62-82DF-4700-BA5B-7C25A85A0EB1}.Release|x86.Build.0 = Release|Win32
		{16F863B1-CAD8-4C80-940F-FE49DE53EF68}.Debug|x64.ActiveCfg = Debug|x64
		{16F863B1-CAD8-4C80-940F-FE49DE53EF68}.Debug|x64.Build.0 = Debug|x64
		{16F863B1-CAD8-4C80-940F-FE49DE53EF68}.Debug|x86.ActiveCfg = Debug|Win32
		{16F863B1-CAD8-4C80-940F-FE49DE53EF68}.Debug|x86.Build.0 = Debug|Win32
		{16F863B1-CAD8-4C80-940F-FE49DE53EF68}.Release|x64.ActiveCfg = Release|x64
		{16F863B1-CAD8-4C80-940F-FE49DE53EF68}.Release|x64.Build.0 = Release|x64
		{16F863B1-CAD8-4C80-940F-FE49DE53EF68}.Release|x86.ActiveCfg = Release|Win32
		{16F863B1-CAD8-4C80-940F-FE49DE53EF68}.Release|x86.Build.0 = Release|Win32
		{21231679-A22B-4A94-A494-AA8265F9B672}.Debug|x64.ActiveCfg = Debug|x64
		{21231679-A22B-4A94-A494-AA8265F9B672}.Debug|x64.Build.0 = Debug|x64
		{21231679-A22B-4A94-A494-AA8265F9B672}.Debug|x86.ActiveCfg = Debug|Win32
		{21231679-A22B-4A94-A494-AA8265F9B672}.Debug|x86.Build.0 = Debug|Win32
		{21231679-A22B-4A94-A494-AA8265F9B672}.Release|x64.ActiveCfg = Release|x64
		{21231679-A22B-4A94-A494-AA8265F9B672}.Release|x64.Build.0 = Release|x64
		{21231679-A22B-4A94-A494-AA8265F9B672}.Release|x86.ActiveCfg = Release|Win32
		{21231679-A22B-4A94-A494-AA8265F9B672}.Release|x86.Build.0 = Release|Win32
		{A77BC5A4-4AAC-4CAD-AFAE-1D093360F4D2}.Debug|x64.ActiveCfg = Debug|x64
		{A77BC5A4-4AAC-4CAD-AFAE-1D093360F4D2}.Debug|x64.Build.0 = Debug|x64
		{A77BC5A4-4AAC-4CAD-AFAE-1D093360F4D2}.Debug|x86.ActiveCfg = Debug|Win32
		{A77BC5A4-4AAC-4CAD-AFAE-1D093360F4D2}.Debug|x86.Build.0 = Debug|Win32
		{A77BC5A4-4AAC-4CAD-AFAE-1D093360F4D2}.Release|x64.ActiveCfg = Release|x64
		{A77BC5A4-4AAC-4CAD-AFAE-1D093360F4D2}.Release|x64.Build.0 = Release|x64
		{A77BC5A4-4AAC-4CAD-AFAE-1D093360F4D2}.Release|x86.ActiveCfg = Release|Win32
		{A77BC5A4-4AAC-4CAD-AFAE-1D093360F4D2}.Release|x86.Build.0 = Release|Win32
		{ACA39EF9-ACB8-4751-9842-A2C94F450997}.Debug|x64.ActiveCfg = Debug|x64
		{ACA39EF9-ACB8-4751-9842-A2C94F450997}.Debug|x64.Build.0 = Debug|x64
		{ACA39EF9-ACB8-4751-9842-A2C94F450997}.Debug|x86.ActiveCfg = Debug|Win32
		{ACA39EF9-ACB8-4751-9842-A2C94F450997}.Debug|x86.Build.0 = Debug|Win32
		{ACA39EF9-ACB8-4751-9842-A2C94F450997}.Release|x64.ActiveCfg = Release|x64
		{ACA39EF9-ACB8-4751-9842-A2C94F450997}.Release|x64.Build.0 = Release|x64
		{ACA39EF9-ACB8-4751-9842-A2C94F450997}.Release|x86.ActiveCfg = Release|Win32
		{ACA39EF9-ACB8-4751-9842-A2C94F450997}.Release|x86.Build.0 = Release|Win32
		{6F49A75D-4E9F-4A96-8264-0773E34C242C}.Debug|x64.ActiveCfg = Debug|x64
		{6F49A75D-4E9F-4A96-8264-0773E34C242C}.Debug|x64.Build.0 = Debug|x64
		{6F49A75D-4E9F-4A96-8264-0773E34C242C}.Debug|x86.ActiveCfg = Debug|Win32
		{6F49A75D-4E9F-4A96-8264-0773E34C242C}.Debug|x86.Build.0 = Debug|Win32
		{6F49A75D-4E9F-4A96-8264-0773E34C242C}.Release|x64.ActiveCfg = Release|x64
		{6F49A75D-4E9F-4A96-8264-0773E34C242C}.Release|x64.Build.0 = Release|x64
		{6F49A75D-4E9F-4A96-8264-0773E34C242C}.Release|x86.ActiveCfg = Release|Win32
		{6F49A75D-4E9F-4A96-8264-0773E34C242C}.Release|x86.Build.0 = Release|Win32
		{B4091763-5B13-42CC-884A-B4BDE758B818}.Debug|x64.ActiveCfg = Debug|x64
		{B4091763-5B13-42CC-884A-B4BDE758B818}.Debug|x64.Build.0 = Debug|x64
		{B4091763-5B13-42CC-884A-B4BDE758B818}.Debug|x86.ActiveCfg = Debug|Win32
		{B4091763-5B13-42CC-884A-B4BDE758B818}.Debug|x86.Build.0 = Debug|Win32
		{B4091763-5B13-42CC-884A-B4BDE758B818}.Release|x64.ActiveCfg = Release|x64
		{B4091763-5B13-42CC-884A-B4BDE758B818}.Release|x64.Build.0 = Release|x64
		{B4091763-5B13-42CC-884A-B4BDE758B818}.Release|x86.ActiveCfg = Release|Win32
		{B4091763-5B13-42CC-884A-B4BDE758B818}.Release|x86.Build.0 = Release|Win32
		{1D2E8761-B5C7-44D0-96E6-28BB67E91617}.Debug|x64.ActiveCfg = Debug|x64
		{1D2E8761-B5C7-44D0-96E6-28BB67E91617}.Debug|x64.Build.0 = Debug|x64
		{1D2E8761-B5C7-44D0-96E6-28BB67E91617}.Debug|x86.ActiveCfg = Debug|Win32
		{1D2E8761-B5C7-44D0-96E6-28BB67E91617}.Debug|x86.Build.0 = Debug|Win32
		{1D2E8761-B5C7-44D0-96E6-28BB67E91617}.Release|x64.ActiveCfg = Release|x64
		{1D2E8761-B5C7-44D0-96E6-28BB67E91617}.Release|x64.Build.0 = Release|x64
		{1D2E8761-B5C7-44D0-96E6-28BB67E91617}.Release|x86.ActiveCfg = Release|Win32
		{1D2E8761-B5C7-44D0-96E6-28BB67E91617}.Release|x86.Build.0 = Release|Win32
		{3E0474DA-3EE5-4DFD-A9B8-DECB204C49DC}.Debug|x64.ActiveCfg = Debug|x64
		{3E0474DA-3EE5-4DFD-A9B8-DECB204C49DC}.Debug|x64.Build.0 = Debug|x64
		{3E0474DA-3EE5-4DFD-A9B8-DECB204C49DC}.Debug|x86.ActiveCfg = Debug|Win32
		{3E0474DA-3EE5-4DFD-A9B8-DECB204C49DC}.Debug|x86.Build.0 = Debug|Win32
		{3E0474DA-3EE5-4DFD-A9B8-DECB204C49DC}.Release|x64.ActiveCfg = Release|x64
		{3E0474DA-3EE5-4DFD-A9B8-DECB204C49DC}.Release|x64.Build.0 = Release|x64
		{3E0474DA-3EE5-4DFD-A9B8-DECB204C49DC}.Release|x86.ActiveCfg = Release|Win32
		{3E0474DA-3EE5-4DFD-A9B8-DECB204C49DC}.Release|x86.Build.0 = Release|Win32
		{5C09E7E9-6F6B-42F1-9AC3-7CC4701D4815}.Debug|x64.ActiveCfg = Debug|x64
		{5C09E7E9-6F6B-42F1-9AC3-7CC4701D4815}.Debug|x64.Build.0 = Debug|x64
		{5C09E7E9-6F6B-42F1-9AC3-7CC4701D4815}.Debug|x86.ActiveCfg = Debug|Win32
		{5C09E7E9-6F6B-42F1-9AC3-7CC4701D4815}.Debug|x86.Build.0 = Debug|Win32
		{5C09E7E9-6F6B-42F1-9AC3-7CC4701D4815}.Release|x64.ActiveCfg = Release|x64
		{5C09E7E9-6F6B-42F1-9AC3-7CC4701D4815}.Release|x64.Build.0 = Release|x64
		{5C09E7E9-6F6B-42F1-9AC3-7CC4701D4815}.Release|x86.ActiveCfg = Release|Win32
		{5C09E7E9-6F6B-42F1-9AC3-7CC4701D4815}.Release|x86.Build.0 = Release|Win32
		{3E2B3B49-C8CD-4D67-B396-7938CFF617B8}.Debug|x64.ActiveCfg = Debug|x64
		{3E2B3B49-C8CD-4D67-B396-7938CFF617B8}.Debug|x64.Build.0 = Debug|x64
		{3E2B3B49-C8CD-4D67-B396-7938CFF617B8}.Debug|x86.ActiveCfg = Debug|Win32
		{3E2B3B49-C8CD-4D67-B396-7938CFF617B8}.Debug|x86.Build.0 = Debug|Win32
		{3E2B3B49-C8CD-4D67-B396-7938CFF617B8}.Release|x64.ActiveCfg = Release|x64
		{3E2B3B49-C8CD-4D67-B396-7938CFF617B8}.Release|x64.Build.0 = Release|x64
		{3E2B3B49-C8CD-4D67-B396-7938CFF617B8}.Release|x86.ActiveCfg = Release|Win32
		{3E2B3B49-C8CD-4D67-B396-7938CFF617B8}.Release|x86.Build.0 = Release|Win32
		{EA034429-DA2A-4799-B749-BCE2D8E16FA6}.Debug|x64.ActiveCfg = Debug|x64
		{EA034429-DA2A-4799-B749-BCE2D8E16FA6}.Debug|x64.Build.0 = Debug|x64
		{EA034429-DA2A-4799-B749-BCE2D8E16FA6}.Debug|x86.ActiveCfg = Debug|Win32
		{EA034429-DA2A-4799-B749-BCE2D8E16FA6}.Debug|x86.Build.0 = Debug|Win32
		{EA034429-DA2A-4799-B749-BCE2D8E16FA6}.Release|x64.ActiveCfg = Release|x64
		{EA034429-DA2A-4799-B749-BCE2D8E16FA6}.Release|x64.Build.0 = Release|x64
		{EA034429-DA2A-4799-B749-BCE2D8E16FA6}.Release|x86.ActiveCfg = Release|Win32
		{EA034429-DA2A-4799-B749-BCE2D8E16FA6}.Release|x86.Build.0 = Release|Win32
		{AFF10AC9-4C09-4B80-A852-79B73BA622C5}.Debug|x64.ActiveCfg = Debug|x64
		{AFF10AC9-4C09-4B80-A852-79B73BA622C5}.Debug|x64.Build.0 = Debug|x64
		{AFF10AC9-4C09-4B80-A852-79B73BA622C5}.Debug|x86.ActiveCfg = Debug|Win32
		{AFF10AC9-4C09-4B80-A852-79B73BA622C5}.Debug|x86.Build.0 = Debug|Win32
		{AFF10AC9-4C09-4B80-A852-79B73BA622C5}.Release|x64.ActiveCfg = Release|x64
		{AFF10AC9-4C09-4B80-A852-79B73BA622C5}.Release|x64.Build.0 = Release|x64
		{AFF10AC9-4C09-4B80-A852-79B73BA622C5}.Release|x86.ActiveCfg = Release|Win32
		{AFF10AC9-4C09-4B80-A852-79B73BA622C5}.Release|x86.Build.0 = Release|Win32
		{22BE50CB-A3A4-4ECE-8BE4-7DBDBF986787}.Debug|x64.ActiveCfg = Debug|x64
		{22BE50CB-A3A4-4ECE-8BE4-7DBDBF986787}.Debug|x64.Build.0 = Debug|x64
		{22BE50CB-A3A4-4ECE-8BE4-7DBDBF986787}.Debug|x86.ActiveCfg = Debug|Win32
		{22BE50CB-A3A4-4ECE-8BE4-7DBDBF986787}.Debug|x86.Build.0 = Debug|Win32
		{22BE50CB-A3A4-4ECE-8BE4-7DBDBF986787}.Release|x64.ActiveCfg = Release|x64
		{22BE50CB-A3A4-4ECE-8BE4-7DBDBF986787}.Release|x64.Build.0 = Release|x64
		{22BE50CB-A3A4-4ECE-8BE4-7DBDBF986787}.Release|x86.ActiveCfg = Release|Win32
		{22BE50CB-A3A4-4ECE-8BE4-7DBDBF986787}.Release|x86.Build.0 = Release|Win32
		{BFB2F875-2186-40F3-9FA8-8C5E8971BF9B}.Debug|x64.ActiveCfg = Debug|x64
		{BFB2F875-2186-40F3-9FA8-8C5E8971BF9B}.Debug|x64.Build.0 = Debug|x64
		{BFB2F875-2186-40F3-9FA8-8C5E8971BF9B}.Debug|x86.ActiveCfg = Debug|Win32
		{BFB2F875-2186-40F3-9FA8-8C5E8971BF9B}.Debug|x86.Build.0 = Debug|Win32
		{BFB2F875-2186-40F3-9FA8-8C5E8971BF9B}.Release|x64.ActiveCfg = Release|x64
		{BFB2F875-2186-40F3-9FA8-8C5E8971BF9B}.Release|x64.Build.0 = Release|x64
		{BFB2F875-2186-40F3-9FA8-8C5E8971BF9B}.Release|x86.ActiveCfg = Release|Win32
		{BFB2F875-2186-40F3-9FA8-8C5E8971BF9B}.Release|x86.Build.0 = Release|Win32
		{92DF189B-A02A-4FD8-87D7-6A5008D09A35}.Debug|x64.ActiveCfg = Debug|x64
		{92DF189B-A02A-4FD8-87D7-6A5008D09A35}.Debug|x64.Build.0 = Debug|x64
		{92DF189B-A02A-4FD8-87D7-6A5008D09A35}.Debug|x86.ActiveCfg = Debug|Win32
		{92DF189B-A02A-4FD8-87D7-6A5008D09A35}.Debug|x86.Build.0 = Debug|Win32
		{92DF189B-A02A-4FD8-87D7-6A5008D09A35}.Release|x64.ActiveCfg = Release|x64
		{92DF189B-A02A-4FD8-87D7-6A5008D09A35}.Release|x64.Build.0 = Release|x64
		{92DF189B-A02A-4FD8-87D7-6A5008D09A35}.Release|x86.ActiveCfg = Release|Win32
		{92DF189B-A02A-4FD8-87D7-6A5008D09A35}.Release|x86.Build.0 = Release|Win32
	EndGlobalSection
	GlobalSection(SolutionProperties) = preSolution
		HideSolutionNode = FALSE
	EndGlobalSection
	GlobalSection(ExtensibilityGlobals) = postSolution
		SolutionGuid = {795FDDD3-49B4-4A8C-8D25-89CB80B0F5E9}
	EndGlobalSection
EndGlobal
