
Microsoft Visual Studio Solution File, Format Version 12.00
# Visual Studio Version 17
VisualStudioVersion = 17.1.32228.430
MinimumVisualStudioVersion = 10.0.40219.1
Project("{8BC9CEB8-8B4A-11D0-8D11-00A0C91BC942}") = "Euler_Helpers", "Euler_Helpers\Euler_Helpers.vcxproj", "{AE2686DC-4D0F-446A-83EA-E91F42B73D32}"
EndProject
Project("{8BC9CEB8-8B4A-11D0-8D11-00A0C91BC942}") = "ProjectEuler0800", "ProjectEuler0800\ProjectEuler800.vcxproj", "{BC216C3D-1B6D-445E-804F-03F35907ED23}"
EndProject
Project("{8BC9CEB8-8B4A-11D0-8D11-00A0C91BC942}") = "ProjectEuler0807", "ProjectEuler0807\ProjectEuler807.vcxproj", "{D5A7F618-2B12-470A-9B3D-7B6C21FB2627}"
EndProject
Project("{8BC9CEB8-8B4A-11D0-8D11-00A0C91BC942}") = "Helper_Tests", "Helper_Tests\Helper_Tests.vcxproj", "{5FC84EB7-F4CB-45FD-BCF3-C234EBBA9DD6}"
EndProject
Project("{8BC9CEB8-8B4A-11D0-8D11-00A0C91BC942}") = "ProjectEuler0215", "ProjectEuler0215\ProjectEuler0215.vcxproj", "{1D246FD0-48CC-4850-BBA3-97084D20CBD5}"
EndProject
Project("{8BC9CEB8-8B4A-11D0-8D11-00A0C91BC942}") = "ProjectEuler0788", "ProjectEuler0788\ProjectEuler0788.vcxproj", "{620A628E-511A-405B-BA72-9550281DD564}"
EndProject
Project("{8BC9CEB8-8B4A-11D0-8D11-00A0C91BC942}") = "ProjectEuler0719", "ProjectEuler0719\ProjectEuler0719.vcxproj", "{784A7CDE-8993-42DE-B458-2100B1FC0FAF}"
EndProject
Project("{8BC9CEB8-8B4A-11D0-8D11-00A0C91BC942}") = "ProjectEuler0700", "ProjectEuler0700\ProjectEuler0700.vcxproj", "{2036F824-72B3-4563-9C1C-FF855148C6D4}"
EndProject
Project("{8BC9CEB8-8B4A-11D0-8D11-00A0C91BC942}") = "ProjectEuler0206", "ProjectEuler0206\ProjectEuler0206.vcxproj", "{E0DDCD33-BF71-4DF7-9DAB-5A32B4B51D98}"
EndProject
Project("{8BC9CEB8-8B4A-11D0-8D11-00A0C91BC942}") = "ProjectEuler0151", "ProjectEuler0151\ProjectEuler0151.vcxproj", "{6ADA31A3-CB97-4B32-9FDD-F2FE6074452A}"
EndProject
Project("{8BC9CEB8-8B4A-11D0-8D11-00A0C91BC942}") = "ProjectEuler0152", "ProjectEuler0152\ProjectEuler0152.vcxproj", "{AAEAE65E-A237-4CF3-8FE8-70394F769A4B}"
EndProject
Project("{8BC9CEB8-8B4A-11D0-8D11-00A0C91BC942}") = "ProjectEuler0153", "ProjectEuler0153\ProjectEuler0153.vcxproj", "{44D189FA-B525-47DE-8E0A-2A9E2DC14B9C}"
EndProject
Project("{8BC9CEB8-8B4A-11D0-8D11-00A0C91BC942}") = "ProjectEuler0154", "ProjectEuler0154\ProjectEuler0154.vcxproj", "{7BBFD645-7B16-4674-8C61-EA8DEA190B92}"
EndProject
Project("{8BC9CEB8-8B4A-11D0-8D11-00A0C91BC942}") = "ProjectEuler0155", "ProjectEuler0155\ProjectEuler0155.vcxproj", "{7E498914-893E-4C17-B67E-124C3C7E3A4E}"
EndProject
Project("{8BC9CEB8-8B4A-11D0-8D11-00A0C91BC942}") = "ProjectEuler0156", "ProjectEuler0156\ProjectEuler0156.vcxproj", "{3855FAA0-8377-473E-8801-B9C987E6BF2D}"
EndProject
Project("{8BC9CEB8-8B4A-11D0-8D11-00A0C91BC942}") = "ProjectEuler0157", "ProjectEuler0157\ProjectEuler0157.vcxproj", "{158B2EFA-B878-4E01-A9F2-5F582DEC58C0}"
EndProject
Project("{8BC9CEB8-8B4A-11D0-8D11-00A0C91BC942}") = "ProjectEuler0158", "ProjectEuler0158\ProjectEuler0158.vcxproj", "{0F6AA49E-826E-4907-AFC5-26F66CA5CA45}"
EndProject
Project("{8BC9CEB8-8B4A-11D0-8D11-00A0C91BC942}") = "ProjectEuler0159", "ProjectEuler0159\ProjectEuler0159.vcxproj", "{152432B3-462F-4E16-8E85-B56BE34D5F4A}"
EndProject
Global
	GlobalSection(SolutionConfigurationPlatforms) = preSolution
		Debug|x64 = Debug|x64
		Debug|x86 = Debug|x86
		Release|x64 = Release|x64
		Release|x86 = Release|x86
	EndGlobalSection
	GlobalSection(ProjectConfigurationPlatforms) = postSolution
		{AE2686DC-4D0F-446A-83EA-E91F42B73D32}.Debug|x64.ActiveCfg = Debug|x64
		{AE2686DC-4D0F-446A-83EA-E91F42B73D32}.Debug|x64.Build.0 = Debug|x64
		{AE2686DC-4D0F-446A-83EA-E91F42B73D32}.Debug|x86.ActiveCfg = Debug|Win32
		{AE2686DC-4D0F-446A-83EA-E91F42B73D32}.Debug|x86.Build.0 = Debug|Win32
		{AE2686DC-4D0F-446A-83EA-E91F42B73D32}.Release|x64.ActiveCfg = Release|x64
		{AE2686DC-4D0F-446A-83EA-E91F42B73D32}.Release|x64.Build.0 = Release|x64
		{AE2686DC-4D0F-446A-83EA-E91F42B73D32}.Release|x86.ActiveCfg = Release|Win32
		{AE2686DC-4D0F-446A-83EA-E91F42B73D32}.Release|x86.Build.0 = Release|Win32
		{BC216C3D-1B6D-445E-804F-03F35907ED23}.Debug|x64.ActiveCfg = Debug|x64
		{BC216C3D-1B6D-445E-804F-03F35907ED23}.Debug|x64.Build.0 = Debug|x64
		{BC216C3D-1B6D-445E-804F-03F35907ED23}.Debug|x86.ActiveCfg = Debug|Win32
		{BC216C3D-1B6D-445E-804F-03F35907ED23}.Debug|x86.Build.0 = Debug|Win32
		{BC216C3D-1B6D-445E-804F-03F35907ED23}.Release|x64.ActiveCfg = Release|x64
		{BC216C3D-1B6D-445E-804F-03F35907ED23}.Release|x64.Build.0 = Release|x64
		{BC216C3D-1B6D-445E-804F-03F35907ED23}.Release|x86.ActiveCfg = Release|Win32
		{BC216C3D-1B6D-445E-804F-03F35907ED23}.Release|x86.Build.0 = Release|Win32
		{D5A7F618-2B12-470A-9B3D-7B6C21FB2627}.Debug|x64.ActiveCfg = Debug|x64
		{D5A7F618-2B12-470A-9B3D-7B6C21FB2627}.Debug|x64.Build.0 = Debug|x64
		{D5A7F618-2B12-470A-9B3D-7B6C21FB2627}.Debug|x86.ActiveCfg = Debug|Win32
		{D5A7F618-2B12-470A-9B3D-7B6C21FB2627}.Debug|x86.Build.0 = Debug|Win32
		{D5A7F618-2B12-470A-9B3D-7B6C21FB2627}.Release|x64.ActiveCfg = Release|x64
		{D5A7F618-2B12-470A-9B3D-7B6C21FB2627}.Release|x64.Build.0 = Release|x64
		{D5A7F618-2B12-470A-9B3D-7B6C21FB2627}.Release|x86.ActiveCfg = Release|Win32
		{D5A7F618-2B12-470A-9B3D-7B6C21FB2627}.Release|x86.Build.0 = Release|Win32
		{5FC84EB7-F4CB-45FD-BCF3-C234EBBA9DD6}.Debug|x64.ActiveCfg = Debug|x64
		{5FC84EB7-F4CB-45FD-BCF3-C234EBBA9DD6}.Debug|x64.Build.0 = Debug|x64
		{5FC84EB7-F4CB-45FD-BCF3-C234EBBA9DD6}.Debug|x86.ActiveCfg = Debug|Win32
		{5FC84EB7-F4CB-45FD-BCF3-C234EBBA9DD6}.Debug|x86.Build.0 = Debug|Win32
		{5FC84EB7-F4CB-45FD-BCF3-C234EBBA9DD6}.Release|x64.ActiveCfg = Release|x64
		{5FC84EB7-F4CB-45FD-BCF3-C234EBBA9DD6}.Release|x64.Build.0 = Release|x64
		{5FC84EB7-F4CB-45FD-BCF3-C234EBBA9DD6}.Release|x86.ActiveCfg = Release|Win32
		{5FC84EB7-F4CB-45FD-BCF3-C234EBBA9DD6}.Release|x86.Build.0 = Release|Win32
		{1D246FD0-48CC-4850-BBA3-97084D20CBD5}.Debug|x64.ActiveCfg = Debug|x64
		{1D246FD0-48CC-4850-BBA3-97084D20CBD5}.Debug|x64.Build.0 = Debug|x64
		{1D246FD0-48CC-4850-BBA3-97084D20CBD5}.Debug|x86.ActiveCfg = Debug|Win32
		{1D246FD0-48CC-4850-BBA3-97084D20CBD5}.Debug|x86.Build.0 = Debug|Win32
		{1D246FD0-48CC-4850-BBA3-97084D20CBD5}.Release|x64.ActiveCfg = Release|x64
		{1D246FD0-48CC-4850-BBA3-97084D20CBD5}.Release|x64.Build.0 = Release|x64
		{1D246FD0-48CC-4850-BBA3-97084D20CBD5}.Release|x86.ActiveCfg = Release|Win32
		{1D246FD0-48CC-4850-BBA3-97084D20CBD5}.Release|x86.Build.0 = Release|Win32
		{620A628E-511A-405B-BA72-9550281DD564}.Debug|x64.ActiveCfg = Debug|x64
		{620A628E-511A-405B-BA72-9550281DD564}.Debug|x64.Build.0 = Debug|x64
		{620A628E-511A-405B-BA72-9550281DD564}.Debug|x86.ActiveCfg = Debug|Win32
		{620A628E-511A-405B-BA72-9550281DD564}.Debug|x86.Build.0 = Debug|Win32
		{620A628E-511A-405B-BA72-9550281DD564}.Release|x64.ActiveCfg = Release|x64
		{620A628E-511A-405B-BA72-9550281DD564}.Release|x64.Build.0 = Release|x64
		{620A628E-511A-405B-BA72-9550281DD564}.Release|x86.ActiveCfg = Release|Win32
		{620A628E-511A-405B-BA72-9550281DD564}.Release|x86.Build.0 = Release|Win32
		{784A7CDE-8993-42DE-B458-2100B1FC0FAF}.Debug|x64.ActiveCfg = Debug|x64
		{784A7CDE-8993-42DE-B458-2100B1FC0FAF}.Debug|x64.Build.0 = Debug|x64
		{784A7CDE-8993-42DE-B458-2100B1FC0FAF}.Debug|x86.ActiveCfg = Debug|Win32
		{784A7CDE-8993-42DE-B458-2100B1FC0FAF}.Debug|x86.Build.0 = Debug|Win32
		{784A7CDE-8993-42DE-B458-2100B1FC0FAF}.Release|x64.ActiveCfg = Release|x64
		{784A7CDE-8993-42DE-B458-2100B1FC0FAF}.Release|x64.Build.0 = Release|x64
		{784A7CDE-8993-42DE-B458-2100B1FC0FAF}.Release|x86.ActiveCfg = Release|Win32
		{784A7CDE-8993-42DE-B458-2100B1FC0FAF}.Release|x86.Build.0 = Release|Win32
		{2036F824-72B3-4563-9C1C-FF855148C6D4}.Debug|x64.ActiveCfg = Debug|x64
		{2036F824-72B3-4563-9C1C-FF855148C6D4}.Debug|x64.Build.0 = Debug|x64
		{2036F824-72B3-4563-9C1C-FF855148C6D4}.Debug|x86.ActiveCfg = Debug|Win32
		{2036F824-72B3-4563-9C1C-FF855148C6D4}.Debug|x86.Build.0 = Debug|Win32
		{2036F824-72B3-4563-9C1C-FF855148C6D4}.Release|x64.ActiveCfg = Release|x64
		{2036F824-72B3-4563-9C1C-FF855148C6D4}.Release|x64.Build.0 = Release|x64
		{2036F824-72B3-4563-9C1C-FF855148C6D4}.Release|x86.ActiveCfg = Release|Win32
		{2036F824-72B3-4563-9C1C-FF855148C6D4}.Release|x86.Build.0 = Release|Win32
		{E0DDCD33-BF71-4DF7-9DAB-5A32B4B51D98}.Debug|x64.ActiveCfg = Debug|x64
		{E0DDCD33-BF71-4DF7-9DAB-5A32B4B51D98}.Debug|x64.Build.0 = Debug|x64
		{E0DDCD33-BF71-4DF7-9DAB-5A32B4B51D98}.Debug|x86.ActiveCfg = Debug|Win32
		{E0DDCD33-BF71-4DF7-9DAB-5A32B4B51D98}.Debug|x86.Build.0 = Debug|Win32
		{E0DDCD33-BF71-4DF7-9DAB-5A32B4B51D98}.Release|x64.ActiveCfg = Release|x64
		{E0DDCD33-BF71-4DF7-9DAB-5A32B4B51D98}.Release|x64.Build.0 = Release|x64
		{E0DDCD33-BF71-4DF7-9DAB-5A32B4B51D98}.Release|x86.ActiveCfg = Release|Win32
		{E0DDCD33-BF71-4DF7-9DAB-5A32B4B51D98}.Release|x86.Build.0 = Release|Win32
		{6ADA31A3-CB97-4B32-9FDD-F2FE6074452A}.Debug|x64.ActiveCfg = Debug|x64
		{6ADA31A3-CB97-4B32-9FDD-F2FE6074452A}.Debug|x64.Build.0 = Debug|x64
		{6ADA31A3-CB97-4B32-9FDD-F2FE6074452A}.Debug|x86.ActiveCfg = Debug|Win32
		{6ADA31A3-CB97-4B32-9FDD-F2FE6074452A}.Debug|x86.Build.0 = Debug|Win32
		{6ADA31A3-CB97-4B32-9FDD-F2FE6074452A}.Release|x64.ActiveCfg = Release|x64
		{6ADA31A3-CB97-4B32-9FDD-F2FE6074452A}.Release|x64.Build.0 = Release|x64
		{6ADA31A3-CB97-4B32-9FDD-F2FE6074452A}.Release|x86.ActiveCfg = Release|Win32
		{6ADA31A3-CB97-4B32-9FDD-F2FE6074452A}.Release|x86.Build.0 = Release|Win32
		{AAEAE65E-A237-4CF3-8FE8-70394F769A4B}.Debug|x64.ActiveCfg = Debug|x64
		{AAEAE65E-A237-4CF3-8FE8-70394F769A4B}.Debug|x64.Build.0 = Debug|x64
		{AAEAE65E-A237-4CF3-8FE8-70394F769A4B}.Debug|x86.ActiveCfg = Debug|Win32
		{AAEAE65E-A237-4CF3-8FE8-70394F769A4B}.Debug|x86.Build.0 = Debug|Win32
		{AAEAE65E-A237-4CF3-8FE8-70394F769A4B}.Release|x64.ActiveCfg = Release|x64
		{AAEAE65E-A237-4CF3-8FE8-70394F769A4B}.Release|x64.Build.0 = Release|x64
		{AAEAE65E-A237-4CF3-8FE8-70394F769A4B}.Release|x86.ActiveCfg = Release|Win32
		{AAEAE65E-A237-4CF3-8FE8-70394F769A4B}.Release|x86.Build.0 = Release|Win32
		{44D189FA-B525-47DE-8E0A-2A9E2DC14B9C}.Debug|x64.ActiveCfg = Debug|x64
		{44D189FA-B525-47DE-8E0A-2A9E2DC14B9C}.Debug|x64.Build.0 = Debug|x64
		{44D189FA-B525-47DE-8E0A-2A9E2DC14B9C}.Debug|x86.ActiveCfg = Debug|Win32
		{44D189FA-B525-47DE-8E0A-2A9E2DC14B9C}.Debug|x86.Build.0 = Debug|Win32
		{44D189FA-B525-47DE-8E0A-2A9E2DC14B9C}.Release|x64.ActiveCfg = Release|x64
		{44D189FA-B525-47DE-8E0A-2A9E2DC14B9C}.Release|x64.Build.0 = Release|x64
		{44D189FA-B525-47DE-8E0A-2A9E2DC14B9C}.Release|x86.ActiveCfg = Release|Win32
		{44D189FA-B525-47DE-8E0A-2A9E2DC14B9C}.Release|x86.Build.0 = Release|Win32
		{7BBFD645-7B16-4674-8C61-EA8DEA190B92}.Debug|x64.ActiveCfg = Debug|x64
		{7BBFD645-7B16-4674-8C61-EA8DEA190B92}.Debug|x64.Build.0 = Debug|x64
		{7BBFD645-7B16-4674-8C61-EA8DEA190B92}.Debug|x86.ActiveCfg = Debug|Win32
		{7BBFD645-7B16-4674-8C61-EA8DEA190B92}.Debug|x86.Build.0 = Debug|Win32
		{7BBFD645-7B16-4674-8C61-EA8DEA190B92}.Release|x64.ActiveCfg = Release|x64
		{7BBFD645-7B16-4674-8C61-EA8DEA190B92}.Release|x64.Build.0 = Release|x64
		{7BBFD645-7B16-4674-8C61-EA8DEA190B92}.Release|x86.ActiveCfg = Release|Win32
		{7BBFD645-7B16-4674-8C61-EA8DEA190B92}.Release|x86.Build.0 = Release|Win32
		{7E498914-893E-4C17-B67E-124C3C7E3A4E}.Debug|x64.ActiveCfg = Debug|x64
		{7E498914-893E-4C17-B67E-124C3C7E3A4E}.Debug|x64.Build.0 = Debug|x64
		{7E498914-893E-4C17-B67E-124C3C7E3A4E}.Debug|x86.ActiveCfg = Debug|Win32
		{7E498914-893E-4C17-B67E-124C3C7E3A4E}.Debug|x86.Build.0 = Debug|Win32
		{7E498914-893E-4C17-B67E-124C3C7E3A4E}.Release|x64.ActiveCfg = Release|x64
		{7E498914-893E-4C17-B67E-124C3C7E3A4E}.Release|x64.Build.0 = Release|x64
		{7E498914-893E-4C17-B67E-124C3C7E3A4E}.Release|x86.ActiveCfg = Release|Win32
		{7E498914-893E-4C17-B67E-124C3C7E3A4E}.Release|x86.Build.0 = Release|Win32
		{3855FAA0-8377-473E-8801-B9C987E6BF2D}.Debug|x64.ActiveCfg = Debug|x64
		{3855FAA0-8377-473E-8801-B9C987E6BF2D}.Debug|x64.Build.0 = Debug|x64
		{3855FAA0-8377-473E-8801-B9C987E6BF2D}.Debug|x86.ActiveCfg = Debug|Win32
		{3855FAA0-8377-473E-8801-B9C987E6BF2D}.Debug|x86.Build.0 = Debug|Win32
		{3855FAA0-8377-473E-8801-B9C987E6BF2D}.Release|x64.ActiveCfg = Release|x64
		{3855FAA0-8377-473E-8801-B9C987E6BF2D}.Release|x64.Build.0 = Release|x64
		{3855FAA0-8377-473E-8801-B9C987E6BF2D}.Release|x86.ActiveCfg = Release|Win32
		{3855FAA0-8377-473E-8801-B9C987E6BF2D}.Release|x86.Build.0 = Release|Win32
		{158B2EFA-B878-4E01-A9F2-5F582DEC58C0}.Debug|x64.ActiveCfg = Debug|x64
		{158B2EFA-B878-4E01-A9F2-5F582DEC58C0}.Debug|x64.Build.0 = Debug|x64
		{158B2EFA-B878-4E01-A9F2-5F582DEC58C0}.Debug|x86.ActiveCfg = Debug|Win32
		{158B2EFA-B878-4E01-A9F2-5F582DEC58C0}.Debug|x86.Build.0 = Debug|Win32
		{158B2EFA-B878-4E01-A9F2-5F582DEC58C0}.Release|x64.ActiveCfg = Release|x64
		{158B2EFA-B878-4E01-A9F2-5F582DEC58C0}.Release|x64.Build.0 = Release|x64
		{158B2EFA-B878-4E01-A9F2-5F582DEC58C0}.Release|x86.ActiveCfg = Release|Win32
		{158B2EFA-B878-4E01-A9F2-5F582DEC58C0}.Release|x86.Build.0 = Release|Win32
		{0F6AA49E-826E-4907-AFC5-26F66CA5CA45}.Debug|x64.ActiveCfg = Debug|x64
		{0F6AA49E-826E-4907-AFC5-26F66CA5CA45}.Debug|x64.Build.0 = Debug|x64
		{0F6AA49E-826E-4907-AFC5-26F66CA5CA45}.Debug|x86.ActiveCfg = Debug|Win32
		{0F6AA49E-826E-4907-AFC5-26F66CA5CA45}.Debug|x86.Build.0 = Debug|Win32
		{0F6AA49E-826E-4907-AFC5-26F66CA5CA45}.Release|x64.ActiveCfg = Release|x64
		{0F6AA49E-826E-4907-AFC5-26F66CA5CA45}.Release|x64.Build.0 = Release|x64
		{0F6AA49E-826E-4907-AFC5-26F66CA5CA45}.Release|x86.ActiveCfg = Release|Win32
		{0F6AA49E-826E-4907-AFC5-26F66CA5CA45}.Release|x86.Build.0 = Release|Win32
		{152432B3-462F-4E16-8E85-B56BE34D5F4A}.Debug|x64.ActiveCfg = Debug|x64
		{152432B3-462F-4E16-8E85-B56BE34D5F4A}.Debug|x64.Build.0 = Debug|x64
		{152432B3-462F-4E16-8E85-B56BE34D5F4A}.Debug|x86.ActiveCfg = Debug|Win32
		{152432B3-462F-4E16-8E85-B56BE34D5F4A}.Debug|x86.Build.0 = Debug|Win32
		{152432B3-462F-4E16-8E85-B56BE34D5F4A}.Release|x64.ActiveCfg = Release|x64
		{152432B3-462F-4E16-8E85-B56BE34D5F4A}.Release|x64.Build.0 = Release|x64
		{152432B3-462F-4E16-8E85-B56BE34D5F4A}.Release|x86.ActiveCfg = Release|Win32
		{152432B3-462F-4E16-8E85-B56BE34D5F4A}.Release|x86.Build.0 = Release|Win32
	EndGlobalSection
	GlobalSection(SolutionProperties) = preSolution
		HideSolutionNode = FALSE
	EndGlobalSection
	GlobalSection(ExtensibilityGlobals) = postSolution
		SolutionGuid = {795FDDD3-49B4-4A8C-8D25-89CB80B0F5E9}
	EndGlobalSection
EndGlobal
