
Microsoft Visual Studio Solution File, Format Version 12.00
# Visual Studio Version 17
VisualStudioVersion = 17.1.32228.430
MinimumVisualStudioVersion = 10.0.40219.1
Project("{8BC9CEB8-8B4A-11D0-8D11-00A0C91BC942}") = "Euler_Helpers", "Euler_Helpers\Euler_Helpers.vcxproj", "{AE2686DC-4D0F-446A-83EA-E91F42B73D32}"
EndProject
Project("{8BC9CEB8-8B4A-11D0-8D11-00A0C91BC942}") = "ProjectEuler0003", "ProjectEuler0003\ProjectEuler0003.vcxproj", "{4DCA8AA3-10A7-4FD2-B8BE-868322BF3D7B}"
EndProject
Project("{8BC9CEB8-8B4A-11D0-8D11-00A0C91BC942}") = "ProjectEuler0001", "ProjectEuler0001\ProjectEuler1.vcxproj", "{E5F75C33-2B6B-4491-AFB7-26400D8BFC90}"
EndProject
Project("{8BC9CEB8-8B4A-11D0-8D11-00A0C91BC942}") = "ProjectEuler0800", "ProjectEuler0800\ProjectEuler800.vcxproj", "{BC216C3D-1B6D-445E-804F-03F35907ED23}"
EndProject
Project("{8BC9CEB8-8B4A-11D0-8D11-00A0C91BC942}") = "ProjectEuler0807", "ProjectEuler0807\ProjectEuler807.vcxproj", "{D5A7F618-2B12-470A-9B3D-7B6C21FB2627}"
EndProject
Project("{8BC9CEB8-8B4A-11D0-8D11-00A0C91BC942}") = "ProjectEuler0004", "ProjectEuler0004\ProjectEuler0004.vcxproj", "{E77216D8-5BDE-410A-ABA5-47A8C221C93D}"
EndProject
Project("{8BC9CEB8-8B4A-11D0-8D11-00A0C91BC942}") = "ProjectEuler0005", "ProjectEuler0005\ProjectEuler0005.vcxproj", "{BDB0C682-DE8E-4219-B5C5-F97EE1777F3B}"
EndProject
Project("{8BC9CEB8-8B4A-11D0-8D11-00A0C91BC942}") = "ProjectEuler0006", "ProjectEuler0006\ProjectEuler0006.vcxproj", "{40B99201-7541-4ACB-9424-B57DAFF99897}"
EndProject
Project("{8BC9CEB8-8B4A-11D0-8D11-00A0C91BC942}") = "ProjectEuler0007", "ProjectEuler0007\ProjectEuler0007.vcxproj", "{18B7BA92-C377-4A80-A34D-703ECEE8E5ED}"
EndProject
Project("{8BC9CEB8-8B4A-11D0-8D11-00A0C91BC942}") = "ProjectEuler0008", "ProjectEuler0008\ProjectEuler0008.vcxproj", "{D8E6E80E-A129-4C8D-90AB-B21D42C269FB}"
EndProject
Project("{8BC9CEB8-8B4A-11D0-8D11-00A0C91BC942}") = "ProjectEuler0009", "ProjectEuler0009\ProjectEuler0009.vcxproj", "{C610B88F-DFFF-4BC8-8C04-5577DCDE95BF}"
EndProject
Project("{8BC9CEB8-8B4A-11D0-8D11-00A0C91BC942}") = "ProjectEuler0010", "ProjectEuler0010\ProjectEuler0010.vcxproj", "{BEA4662C-17AF-4661-882D-D70E1802B21A}"
EndProject
Project("{8BC9CEB8-8B4A-11D0-8D11-00A0C91BC942}") = "ProjectEuler0011", "ProjectEuler0011\ProjectEuler0011.vcxproj", "{D14D47B1-03FB-4B0E-9AEF-9FDB482BAA86}"
EndProject
Project("{8BC9CEB8-8B4A-11D0-8D11-00A0C91BC942}") = "ProjectEuler0013", "ProjectEuler0013\ProjectEuler0013.vcxproj", "{8932CA28-C53C-4A71-999C-AD467E8F48DB}"
EndProject
Project("{8BC9CEB8-8B4A-11D0-8D11-00A0C91BC942}") = "ProjectEuler0014", "ProjectEuler0014\ProjectEuler0014.vcxproj", "{2538E76D-5595-420C-9838-4C00993E4911}"
EndProject
Project("{8BC9CEB8-8B4A-11D0-8D11-00A0C91BC942}") = "ProjectEuler0015", "ProjectEuler0015\ProjectEuler0015.vcxproj", "{F828E02E-5C39-4B8C-ACE6-D709B736F909}"
EndProject
Project("{8BC9CEB8-8B4A-11D0-8D11-00A0C91BC942}") = "ProjectEuler0016", "ProjectEuler0016\ProjectEuler0016.vcxproj", "{705A52DB-C2DC-4114-9481-452662359C7F}"
EndProject
Project("{8BC9CEB8-8B4A-11D0-8D11-00A0C91BC942}") = "ProjectEuler0017", "ProjectEuler0017\ProjectEuler0017.vcxproj", "{288CE96C-E5E3-41EB-81FE-242DDF2052ED}"
EndProject
Project("{8BC9CEB8-8B4A-11D0-8D11-00A0C91BC942}") = "ProjectEuler0019", "ProjectEuler0019\ProjectEuler0019.vcxproj", "{D4E2B07E-A373-44D1-8465-6B71674335B9}"
EndProject
Project("{8BC9CEB8-8B4A-11D0-8D11-00A0C91BC942}") = "ProjectEuler0018", "ProjectEuler0018\ProjectEuler0018.vcxproj", "{45EA6BA1-C0E4-433F-BEE6-5EA728C88DE2}"
EndProject
Project("{8BC9CEB8-8B4A-11D0-8D11-00A0C91BC942}") = "ProjectEuler0020", "ProjectEuler0020\ProjectEuler0020.vcxproj", "{F331427E-DAD1-46CB-863F-98349C93BBF0}"
EndProject
Project("{8BC9CEB8-8B4A-11D0-8D11-00A0C91BC942}") = "Helper_Tests", "Helper_Tests\Helper_Tests.vcxproj", "{5FC84EB7-F4CB-45FD-BCF3-C234EBBA9DD6}"
EndProject
Project("{8BC9CEB8-8B4A-11D0-8D11-00A0C91BC942}") = "ProjectEuler0021", "ProjectEuler0021\ProjectEuler0021.vcxproj", "{CA57675E-0AAB-494D-94F3-87EC55AB825A}"
EndProject
Project("{8BC9CEB8-8B4A-11D0-8D11-00A0C91BC942}") = "ProjectEuler0022", "ProjectEuler0022\ProjectEuler0022.vcxproj", "{CCE00A39-9727-4B56-946B-CC0BA47612CA}"
EndProject
Project("{8BC9CEB8-8B4A-11D0-8D11-00A0C91BC942}") = "ProjectEuler0023", "ProjectEuler0023\ProjectEuler0023.vcxproj", "{5245584C-39CF-4EE7-BB32-627F12AD36F5}"
EndProject
Project("{8BC9CEB8-8B4A-11D0-8D11-00A0C91BC942}") = "ProjectEuler0024", "ProjectEuler0024\ProjectEuler0024.vcxproj", "{1C30F60D-8167-4F49-8E46-9DB01DCA5FEF}"
EndProject
Project("{8BC9CEB8-8B4A-11D0-8D11-00A0C91BC942}") = "ProjectEuler0025", "ProjectEuler0025\ProjectEuler0025.vcxproj", "{EFEA8A8C-F0E8-4BF7-9E56-17B2A982ABD3}"
EndProject
Project("{8BC9CEB8-8B4A-11D0-8D11-00A0C91BC942}") = "ProjectEuler0026", "ProjectEuler0026\ProjectEuler0026.vcxproj", "{42B5D4B0-318E-46A6-B986-001992D4AA97}"
EndProject
Project("{8BC9CEB8-8B4A-11D0-8D11-00A0C91BC942}") = "ProjectEuler0027", "ProjectEuler0027\ProjectEuler0027.vcxproj", "{F592FB3C-AC22-4B51-927D-12B4CB236867}"
EndProject
Project("{8BC9CEB8-8B4A-11D0-8D11-00A0C91BC942}") = "ProjectEuler0028", "ProjectEuler0028\ProjectEuler0028.vcxproj", "{FFD59E62-E930-4480-88DF-CEA36050E52C}"
EndProject
Project("{8BC9CEB8-8B4A-11D0-8D11-00A0C91BC942}") = "ProjectEuler0029", "ProjectEuler0029\ProjectEuler0029.vcxproj", "{CE95D7CF-F967-4111-9802-09616819D9AA}"
EndProject
Project("{8BC9CEB8-8B4A-11D0-8D11-00A0C91BC942}") = "ProjectEuler0030", "ProjectEuler0030\ProjectEuler0030.vcxproj", "{99D2AB82-3651-401B-B531-A060B57E552D}"
EndProject
Project("{8BC9CEB8-8B4A-11D0-8D11-00A0C91BC942}") = "ProjectEuler0031", "ProjectEuler0031\ProjectEuler0031.vcxproj", "{2FC77635-BD39-4BA3-96F0-3F39FC3D7959}"
EndProject
Project("{8BC9CEB8-8B4A-11D0-8D11-00A0C91BC942}") = "ProjectEuler0032", "ProjectEuler0032\ProjectEuler0032.vcxproj", "{1D9FB233-C4DD-4C57-ABC0-C9236A0597DB}"
EndProject
Project("{8BC9CEB8-8B4A-11D0-8D11-00A0C91BC942}") = "ProjectEuler0033", "ProjectEuler0033\ProjectEuler0033.vcxproj", "{6A8AD25F-682F-4B13-AFD8-AAD3936221E1}"
EndProject
Project("{8BC9CEB8-8B4A-11D0-8D11-00A0C91BC942}") = "ProjectEuler0034", "ProjectEuler0034\ProjectEuler0034.vcxproj", "{B289DFF9-550D-4C82-B1DD-9902291C9FA7}"
EndProject
Project("{8BC9CEB8-8B4A-11D0-8D11-00A0C91BC942}") = "ProjectEuler0035", "ProjectEuler0035\ProjectEuler0035.vcxproj", "{513BD520-B5BB-4927-8E6E-EA4162283C41}"
EndProject
Project("{8BC9CEB8-8B4A-11D0-8D11-00A0C91BC942}") = "ProjectEuler0036", "ProjectEuler0036\ProjectEuler0036.vcxproj", "{7EFA9697-1FE0-4C69-A222-FE8640DD1ECC}"
EndProject
Project("{8BC9CEB8-8B4A-11D0-8D11-00A0C91BC942}") = "ProjectEuler0037", "ProjectEuler0037\ProjectEuler0037.vcxproj", "{07057599-FEDE-4E0A-A57D-AB7CD3180449}"
EndProject
Project("{8BC9CEB8-8B4A-11D0-8D11-00A0C91BC942}") = "ProjectEuler0038", "ProjectEuler0038\ProjectEuler0038.vcxproj", "{3464F39B-C2DB-4962-8290-E377EA8E09C4}"
EndProject
Project("{8BC9CEB8-8B4A-11D0-8D11-00A0C91BC942}") = "ProjectEuler0039", "ProjectEuler0039\ProjectEuler0039.vcxproj", "{E4211F19-E352-4E93-88F1-32FEF6E99C96}"
EndProject
Project("{8BC9CEB8-8B4A-11D0-8D11-00A0C91BC942}") = "ProjectEuler0040", "ProjectEuler0040\ProjectEuler0040.vcxproj", "{8F5A6EE4-20E8-4C3B-94C2-6F7FD6831542}"
EndProject
Project("{8BC9CEB8-8B4A-11D0-8D11-00A0C91BC942}") = "ProjectEuler0041", "ProjectEuler0041\ProjectEuler0041.vcxproj", "{BA3BEDC8-11A2-418D-BAF4-E76C181C822A}"
EndProject
Project("{8BC9CEB8-8B4A-11D0-8D11-00A0C91BC942}") = "ProjectEuler0042", "ProjectEuler0042\ProjectEuler0042.vcxproj", "{CB62E587-A123-4E32-8168-77D71D6073A8}"
EndProject
Project("{8BC9CEB8-8B4A-11D0-8D11-00A0C91BC942}") = "ProjectEuler0043", "ProjectEuler0043\ProjectEuler0043.vcxproj", "{0D4491D3-7172-47F6-B205-9A17FD220F87}"
EndProject
Project("{8BC9CEB8-8B4A-11D0-8D11-00A0C91BC942}") = "ProjectEuler0044", "ProjectEuler0044\ProjectEuler0044.vcxproj", "{FCB7918C-D551-4138-A98F-B280A5DD03E7}"
EndProject
Project("{8BC9CEB8-8B4A-11D0-8D11-00A0C91BC942}") = "ProjectEuler0045", "ProjectEuler0045\ProjectEuler0045.vcxproj", "{904FD03D-5B28-484F-A9D2-F41513A9A26E}"
EndProject
Project("{8BC9CEB8-8B4A-11D0-8D11-00A0C91BC942}") = "ProjectEuler0046", "ProjectEuler0046\ProjectEuler0046.vcxproj", "{7E9F1974-5B0E-4162-821B-1F1D8AFD562B}"
EndProject
Project("{8BC9CEB8-8B4A-11D0-8D11-00A0C91BC942}") = "ProjectEuler0047", "ProjectEuler0047\ProjectEuler0047.vcxproj", "{C7A74F1F-9332-46E8-BD20-0E09ED0B2AA9}"
EndProject
Project("{8BC9CEB8-8B4A-11D0-8D11-00A0C91BC942}") = "ProjectEuler0050", "ProjectEuler0050\ProjectEuler0050.vcxproj", "{4A3C45B8-5082-47BE-A5A2-173222CCC4AB}"
EndProject
Project("{8BC9CEB8-8B4A-11D0-8D11-00A0C91BC942}") = "ProjectEuler0048", "ProjectEuler0048\ProjectEuler0048.vcxproj", "{FCAFE90A-BA2A-482E-AE03-DA338568899C}"
EndProject
Project("{8BC9CEB8-8B4A-11D0-8D11-00A0C91BC942}") = "ProjectEuler0049", "ProjectEuler0049\ProjectEuler0049.vcxproj", "{BD6F23BD-10F7-4722-ACDD-E349C447757F}"
EndProject
Project("{8BC9CEB8-8B4A-11D0-8D11-00A0C91BC942}") = "ProjectEuler0002", "ProjectEuler0002\ProjectEuler0002.vcxproj", "{138476CE-54AE-46F3-8F8B-8071E19A0A52}"
EndProject
Project("{8BC9CEB8-8B4A-11D0-8D11-00A0C91BC942}") = "ProjectEuler0012", "ProjectEuler0012\ProjectEuler0012.vcxproj", "{B495CB8D-6D27-493B-BEC7-5729CFDAE943}"
EndProject
Project("{8BC9CEB8-8B4A-11D0-8D11-00A0C91BC942}") = "ProjectEuler0215", "ProjectEuler0215\ProjectEuler0215.vcxproj", "{1D246FD0-48CC-4850-BBA3-97084D20CBD5}"
EndProject
Project("{8BC9CEB8-8B4A-11D0-8D11-00A0C91BC942}") = "ProjectEuler0788", "ProjectEuler0788\ProjectEuler0788.vcxproj", "{620A628E-511A-405B-BA72-9550281DD564}"
EndProject
Project("{8BC9CEB8-8B4A-11D0-8D11-00A0C91BC942}") = "ProjectEuler0051", "ProjectEuler0051\ProjectEuler0051.vcxproj", "{56EC210A-6ADA-4326-B9C0-255BB497941B}"
EndProject
Project("{8BC9CEB8-8B4A-11D0-8D11-00A0C91BC942}") = "ProjectEuler0052", "ProjectEuler0052\ProjectEuler0052.vcxproj", "{24D97534-C5C6-4679-B5B2-09759BF57E2C}"
EndProject
Project("{8BC9CEB8-8B4A-11D0-8D11-00A0C91BC942}") = "ProjectEuler0053", "ProjectEuler0053\ProjectEuler0053.vcxproj", "{99298EB5-14BD-47B9-ADB2-AD56BE96B827}"
EndProject
Project("{8BC9CEB8-8B4A-11D0-8D11-00A0C91BC942}") = "ProjectEuler0054", "ProjectEuler0054\ProjectEuler0054.vcxproj", "{812B7E29-BBEB-4D6C-B3E5-0FD02816EA8F}"
EndProject
Project("{8BC9CEB8-8B4A-11D0-8D11-00A0C91BC942}") = "ProjectEuler0055", "ProjectEuler0055\ProjectEuler0055.vcxproj", "{7FE17C2B-DD50-432F-9F1A-F80DE9F76A65}"
EndProject
Project("{8BC9CEB8-8B4A-11D0-8D11-00A0C91BC942}") = "ProjectEuler0056", "ProjectEuler0056\ProjectEuler0056.vcxproj", "{CCF2CCC7-A20E-47D1-BF65-94F3908B4705}"
EndProject
Project("{8BC9CEB8-8B4A-11D0-8D11-00A0C91BC942}") = "ProjectEuler0057", "ProjectEuler0057\ProjectEuler0057.vcxproj", "{EAE96AC3-9648-4499-82B8-E90403C4601F}"
EndProject
Project("{8BC9CEB8-8B4A-11D0-8D11-00A0C91BC942}") = "ProjectEuler0058", "ProjectEuler0058\ProjectEuler0058.vcxproj", "{13D1C1CF-9C50-4CC3-8D53-748BB915CACA}"
EndProject
Project("{8BC9CEB8-8B4A-11D0-8D11-00A0C91BC942}") = "ProjectEuler0059", "ProjectEuler0059\ProjectEuler0059.vcxproj", "{A3818B44-F31B-48DB-BDD5-3B1F5C4CB69A}"
EndProject
Project("{8BC9CEB8-8B4A-11D0-8D11-00A0C91BC942}") = "ProjectEuler0060", "ProjectEuler0060\ProjectEuler0060.vcxproj", "{DF811859-0E9A-40EE-86FA-F4AA4B3F179F}"
EndProject
Project("{8BC9CEB8-8B4A-11D0-8D11-00A0C91BC942}") = "ProjectEuler0061", "ProjectEuler0061\ProjectEuler0061.vcxproj", "{F51B14DB-35DD-4861-82BF-42C2CA25F87B}"
EndProject
Project("{8BC9CEB8-8B4A-11D0-8D11-00A0C91BC942}") = "ProjectEuler0062", "ProjectEuler0062\ProjectEuler0062.vcxproj", "{4B89FBD0-A05E-4D11-B8AC-FCF93483794A}"
EndProject
Project("{8BC9CEB8-8B4A-11D0-8D11-00A0C91BC942}") = "ProjectEuler0063", "ProjectEuler0063\ProjectEuler0063.vcxproj", "{E13169E4-21AF-48CD-8714-128425C4A67B}"
EndProject
Project("{8BC9CEB8-8B4A-11D0-8D11-00A0C91BC942}") = "ProjectEuler0064", "ProjectEuler0064\ProjectEuler0064.vcxproj", "{3418CC0E-7AB7-4EC1-826A-37FCE83252E9}"
EndProject
Project("{8BC9CEB8-8B4A-11D0-8D11-00A0C91BC942}") = "ProjectEuler0065", "ProjectEuler0065\ProjectEuler0065.vcxproj", "{24140899-BBFA-4BD2-BD68-0AB74525EAFB}"
EndProject
Project("{8BC9CEB8-8B4A-11D0-8D11-00A0C91BC942}") = "ProjectEuler0066", "ProjectEuler0066\ProjectEuler0066.vcxproj", "{ED71CF81-F9A6-4A9E-BC1C-0796CB691ACB}"
EndProject
Project("{8BC9CEB8-8B4A-11D0-8D11-00A0C91BC942}") = "ProjectEuler0067", "ProjectEuler0067\ProjectEuler0067.vcxproj", "{DE26265C-A0E1-4E9A-83D2-35F8F84EE422}"
EndProject
Project("{8BC9CEB8-8B4A-11D0-8D11-00A0C91BC942}") = "ProjectEuler0068", "ProjectEuler0068\ProjectEuler0068.vcxproj", "{62F5B0AC-476C-425E-9C3E-78A678A26477}"
EndProject
Project("{8BC9CEB8-8B4A-11D0-8D11-00A0C91BC942}") = "ProjectEuler0069", "ProjectEuler0069\ProjectEuler0069.vcxproj", "{4D196D35-A38E-4CE6-B733-F995C14F2EA3}"
EndProject
Project("{8BC9CEB8-8B4A-11D0-8D11-00A0C91BC942}") = "ProjectEuler0070", "ProjectEuler0070\ProjectEuler0070.vcxproj", "{3605179A-029A-4A21-BD6F-78CABB07B2C4}"
EndProject
Project("{8BC9CEB8-8B4A-11D0-8D11-00A0C91BC942}") = "ProjectEuler0071", "ProjectEuler0071\ProjectEuler0071.vcxproj", "{13B2D715-FFC6-4045-9ABA-1022005C2B09}"
EndProject
Project("{8BC9CEB8-8B4A-11D0-8D11-00A0C91BC942}") = "ProjectEuler0072", "ProjectEuler0072\ProjectEuler0072.vcxproj", "{3ECB0001-2779-4643-95D0-73C1EAC9E0BC}"
EndProject
Project("{8BC9CEB8-8B4A-11D0-8D11-00A0C91BC942}") = "ProjectEuler0073", "ProjectEuler0073\ProjectEuler0073.vcxproj", "{95B2E1E4-7691-4960-AAE8-F75B0A810B9F}"
EndProject
Project("{8BC9CEB8-8B4A-11D0-8D11-00A0C91BC942}") = "ProjectEuler0074", "ProjectEuler0074\ProjectEuler0074.vcxproj", "{A9524187-20A1-42D1-A4E5-20226522E204}"
EndProject
Project("{8BC9CEB8-8B4A-11D0-8D11-00A0C91BC942}") = "ProjectEuler0075", "ProjectEuler0075\ProjectEuler0075.vcxproj", "{DEAC86B5-5F49-49D7-B064-A7EC2189E0E8}"
EndProject
Project("{8BC9CEB8-8B4A-11D0-8D11-00A0C91BC942}") = "ProjectEuler0076", "ProjectEuler0076\ProjectEuler0076.vcxproj", "{A41B1DD7-485D-4BBE-907E-4398C0187855}"
EndProject
Project("{8BC9CEB8-8B4A-11D0-8D11-00A0C91BC942}") = "ProjectEuler0077", "ProjectEuler0077\ProjectEuler0077.vcxproj", "{EFDFACA2-DDC9-471D-A497-CF245F5C6EE1}"
EndProject
Project("{8BC9CEB8-8B4A-11D0-8D11-00A0C91BC942}") = "ProjectEuler0078", "ProjectEuler0078\ProjectEuler0078.vcxproj", "{5E2C2D3E-468D-4B2B-9273-63AF6C72D1BD}"
EndProject
Project("{8BC9CEB8-8B4A-11D0-8D11-00A0C91BC942}") = "ProjectEuler0079", "ProjectEuler0079\ProjectEuler0079.vcxproj", "{93D63B66-3BD3-499C-864E-E86C8EDFA034}"
EndProject
Project("{8BC9CEB8-8B4A-11D0-8D11-00A0C91BC942}") = "ProjectEuler0080", "ProjectEuler0080\ProjectEuler0080.vcxproj", "{137240DF-A69D-4F64-92AB-7C2CF7E9D5D9}"
EndProject
Project("{8BC9CEB8-8B4A-11D0-8D11-00A0C91BC942}") = "ProjectEuler0081", "ProjectEuler0081\ProjectEuler0081.vcxproj", "{C97F0EE6-2ADB-4434-B1F8-DA19C402DD36}"
EndProject
Project("{8BC9CEB8-8B4A-11D0-8D11-00A0C91BC942}") = "ProjectEuler0082", "ProjectEuler0082\ProjectEuler0082.vcxproj", "{F1421AD8-C2D7-43A5-91CC-328352134B04}"
EndProject
Project("{8BC9CEB8-8B4A-11D0-8D11-00A0C91BC942}") = "ProjectEuler0083", "ProjectEuler0083\ProjectEuler0083.vcxproj", "{A9119672-5ACD-4F76-BAE5-A74C035918B1}"
EndProject
Project("{8BC9CEB8-8B4A-11D0-8D11-00A0C91BC942}") = "ProjectEuler0084", "ProjectEuler0084\ProjectEuler0084.vcxproj", "{210032A4-2F60-4703-AE55-167AC0434341}"
EndProject
Project("{8BC9CEB8-8B4A-11D0-8D11-00A0C91BC942}") = "ProjectEuler0085", "ProjectEuler0085\ProjectEuler0085.vcxproj", "{6A20D579-18D3-412A-A3E2-20D5C13FDA2F}"
EndProject
Project("{8BC9CEB8-8B4A-11D0-8D11-00A0C91BC942}") = "ProjectEuler0086", "ProjectEuler0086\ProjectEuler0086.vcxproj", "{771901E2-A8D9-4B63-97CB-B07E2BD90EEF}"
EndProject
Project("{8BC9CEB8-8B4A-11D0-8D11-00A0C91BC942}") = "ProjectEuler0087", "ProjectEuler0087\ProjectEuler0087.vcxproj", "{9EB95E54-C67E-4402-9513-E69B8C58D663}"
EndProject
Project("{8BC9CEB8-8B4A-11D0-8D11-00A0C91BC942}") = "ProjectEuler0088", "ProjectEuler0088\ProjectEuler0088.vcxproj", "{5B5F6465-C673-4A73-A217-B23810A783CB}"
EndProject
Project("{8BC9CEB8-8B4A-11D0-8D11-00A0C91BC942}") = "ProjectEuler0089", "ProjectEuler0089\ProjectEuler0089.vcxproj", "{B28B5934-993C-420F-B7A4-5D2484C358D1}"
EndProject
Project("{8BC9CEB8-8B4A-11D0-8D11-00A0C91BC942}") = "ProjectEuler0090", "ProjectEuler0090\ProjectEuler0090.vcxproj", "{33A381E3-BBCC-4E37-AC18-FDC28E1F91D2}"
EndProject
Project("{8BC9CEB8-8B4A-11D0-8D11-00A0C91BC942}") = "ProjectEuler0091", "ProjectEuler0091\ProjectEuler0091.vcxproj", "{D4BDCD38-32FA-497D-BFDC-CB7535C78590}"
EndProject
Project("{8BC9CEB8-8B4A-11D0-8D11-00A0C91BC942}") = "ProjectEuler0092", "ProjectEuler0092\ProjectEuler0092.vcxproj", "{48EE82CC-82EA-4680-9EC3-59DF227C8FC6}"
EndProject
Project("{8BC9CEB8-8B4A-11D0-8D11-00A0C91BC942}") = "ProjectEuler0093", "ProjectEuler0093\ProjectEuler0093.vcxproj", "{22294E68-A26A-4EF9-8468-D3E359583453}"
EndProject
Project("{8BC9CEB8-8B4A-11D0-8D11-00A0C91BC942}") = "ProjectEuler0094", "ProjectEuler0094\ProjectEuler0094.vcxproj", "{6458BC2A-CFF6-413B-9DB6-38693D58C9F5}"
EndProject
Project("{8BC9CEB8-8B4A-11D0-8D11-00A0C91BC942}") = "ProjectEuler0095", "ProjectEuler0095\ProjectEuler0095.vcxproj", "{76CF997E-252D-4357-A3D5-77B979870E6F}"
EndProject
Project("{8BC9CEB8-8B4A-11D0-8D11-00A0C91BC942}") = "ProjectEuler0096", "ProjectEuler0096\ProjectEuler0096.vcxproj", "{00E404AA-F9E2-4581-9917-CC1E11C88213}"
EndProject
Project("{8BC9CEB8-8B4A-11D0-8D11-00A0C91BC942}") = "ProjectEuler0097", "ProjectEuler0097\ProjectEuler0097.vcxproj", "{4645C500-0561-4D97-BC7B-F59DBEB60B02}"
EndProject
Project("{8BC9CEB8-8B4A-11D0-8D11-00A0C91BC942}") = "ProjectEuler0098", "ProjectEuler0098\ProjectEuler0098.vcxproj", "{A888C06A-BD62-470C-B5FD-9558AA0510CE}"
EndProject
Global
	GlobalSection(SolutionConfigurationPlatforms) = preSolution
		Debug|x64 = Debug|x64
		Debug|x86 = Debug|x86
		Release|x64 = Release|x64
		Release|x86 = Release|x86
	EndGlobalSection
	GlobalSection(ProjectConfigurationPlatforms) = postSolution
		{AE2686DC-4D0F-446A-83EA-E91F42B73D32}.Debug|x64.ActiveCfg = Debug|x64
		{AE2686DC-4D0F-446A-83EA-E91F42B73D32}.Debug|x64.Build.0 = Debug|x64
		{AE2686DC-4D0F-446A-83EA-E91F42B73D32}.Debug|x86.ActiveCfg = Debug|Win32
		{AE2686DC-4D0F-446A-83EA-E91F42B73D32}.Debug|x86.Build.0 = Debug|Win32
		{AE2686DC-4D0F-446A-83EA-E91F42B73D32}.Release|x64.ActiveCfg = Release|x64
		{AE2686DC-4D0F-446A-83EA-E91F42B73D32}.Release|x64.Build.0 = Release|x64
		{AE2686DC-4D0F-446A-83EA-E91F42B73D32}.Release|x86.ActiveCfg = Release|Win32
		{AE2686DC-4D0F-446A-83EA-E91F42B73D32}.Release|x86.Build.0 = Release|Win32
		{4DCA8AA3-10A7-4FD2-B8BE-868322BF3D7B}.Debug|x64.ActiveCfg = Debug|x64
		{4DCA8AA3-10A7-4FD2-B8BE-868322BF3D7B}.Debug|x64.Build.0 = Debug|x64
		{4DCA8AA3-10A7-4FD2-B8BE-868322BF3D7B}.Debug|x86.ActiveCfg = Debug|Win32
		{4DCA8AA3-10A7-4FD2-B8BE-868322BF3D7B}.Debug|x86.Build.0 = Debug|Win32
		{4DCA8AA3-10A7-4FD2-B8BE-868322BF3D7B}.Release|x64.ActiveCfg = Release|x64
		{4DCA8AA3-10A7-4FD2-B8BE-868322BF3D7B}.Release|x64.Build.0 = Release|x64
		{4DCA8AA3-10A7-4FD2-B8BE-868322BF3D7B}.Release|x86.ActiveCfg = Release|Win32
		{4DCA8AA3-10A7-4FD2-B8BE-868322BF3D7B}.Release|x86.Build.0 = Release|Win32
		{E5F75C33-2B6B-4491-AFB7-26400D8BFC90}.Debug|x64.ActiveCfg = Debug|x64
		{E5F75C33-2B6B-4491-AFB7-26400D8BFC90}.Debug|x64.Build.0 = Debug|x64
		{E5F75C33-2B6B-4491-AFB7-26400D8BFC90}.Debug|x86.ActiveCfg = Debug|Win32
		{E5F75C33-2B6B-4491-AFB7-26400D8BFC90}.Debug|x86.Build.0 = Debug|Win32
		{E5F75C33-2B6B-4491-AFB7-26400D8BFC90}.Release|x64.ActiveCfg = Release|x64
		{E5F75C33-2B6B-4491-AFB7-26400D8BFC90}.Release|x64.Build.0 = Release|x64
		{E5F75C33-2B6B-4491-AFB7-26400D8BFC90}.Release|x86.ActiveCfg = Release|Win32
		{E5F75C33-2B6B-4491-AFB7-26400D8BFC90}.Release|x86.Build.0 = Release|Win32
		{BC216C3D-1B6D-445E-804F-03F35907ED23}.Debug|x64.ActiveCfg = Debug|x64
		{BC216C3D-1B6D-445E-804F-03F35907ED23}.Debug|x64.Build.0 = Debug|x64
		{BC216C3D-1B6D-445E-804F-03F35907ED23}.Debug|x86.ActiveCfg = Debug|Win32
		{BC216C3D-1B6D-445E-804F-03F35907ED23}.Debug|x86.Build.0 = Debug|Win32
		{BC216C3D-1B6D-445E-804F-03F35907ED23}.Release|x64.ActiveCfg = Release|x64
		{BC216C3D-1B6D-445E-804F-03F35907ED23}.Release|x64.Build.0 = Release|x64
		{BC216C3D-1B6D-445E-804F-03F35907ED23}.Release|x86.ActiveCfg = Release|Win32
		{BC216C3D-1B6D-445E-804F-03F35907ED23}.Release|x86.Build.0 = Release|Win32
		{D5A7F618-2B12-470A-9B3D-7B6C21FB2627}.Debug|x64.ActiveCfg = Debug|x64
		{D5A7F618-2B12-470A-9B3D-7B6C21FB2627}.Debug|x64.Build.0 = Debug|x64
		{D5A7F618-2B12-470A-9B3D-7B6C21FB2627}.Debug|x86.ActiveCfg = Debug|Win32
		{D5A7F618-2B12-470A-9B3D-7B6C21FB2627}.Debug|x86.Build.0 = Debug|Win32
		{D5A7F618-2B12-470A-9B3D-7B6C21FB2627}.Release|x64.ActiveCfg = Release|x64
		{D5A7F618-2B12-470A-9B3D-7B6C21FB2627}.Release|x64.Build.0 = Release|x64
		{D5A7F618-2B12-470A-9B3D-7B6C21FB2627}.Release|x86.ActiveCfg = Release|Win32
		{D5A7F618-2B12-470A-9B3D-7B6C21FB2627}.Release|x86.Build.0 = Release|Win32
		{E77216D8-5BDE-410A-ABA5-47A8C221C93D}.Debug|x64.ActiveCfg = Debug|x64
		{E77216D8-5BDE-410A-ABA5-47A8C221C93D}.Debug|x64.Build.0 = Debug|x64
		{E77216D8-5BDE-410A-ABA5-47A8C221C93D}.Debug|x86.ActiveCfg = Debug|Win32
		{E77216D8-5BDE-410A-ABA5-47A8C221C93D}.Debug|x86.Build.0 = Debug|Win32
		{E77216D8-5BDE-410A-ABA5-47A8C221C93D}.Release|x64.ActiveCfg = Release|x64
		{E77216D8-5BDE-410A-ABA5-47A8C221C93D}.Release|x64.Build.0 = Release|x64
		{E77216D8-5BDE-410A-ABA5-47A8C221C93D}.Release|x86.ActiveCfg = Release|Win32
		{E77216D8-5BDE-410A-ABA5-47A8C221C93D}.Release|x86.Build.0 = Release|Win32
		{BDB0C682-DE8E-4219-B5C5-F97EE1777F3B}.Debug|x64.ActiveCfg = Debug|x64
		{BDB0C682-DE8E-4219-B5C5-F97EE1777F3B}.Debug|x64.Build.0 = Debug|x64
		{BDB0C682-DE8E-4219-B5C5-F97EE1777F3B}.Debug|x86.ActiveCfg = Debug|Win32
		{BDB0C682-DE8E-4219-B5C5-F97EE1777F3B}.Debug|x86.Build.0 = Debug|Win32
		{BDB0C682-DE8E-4219-B5C5-F97EE1777F3B}.Release|x64.ActiveCfg = Release|x64
		{BDB0C682-DE8E-4219-B5C5-F97EE1777F3B}.Release|x64.Build.0 = Release|x64
		{BDB0C682-DE8E-4219-B5C5-F97EE1777F3B}.Release|x86.ActiveCfg = Release|Win32
		{BDB0C682-DE8E-4219-B5C5-F97EE1777F3B}.Release|x86.Build.0 = Release|Win32
		{40B99201-7541-4ACB-9424-B57DAFF99897}.Debug|x64.ActiveCfg = Debug|x64
		{40B99201-7541-4ACB-9424-B57DAFF99897}.Debug|x64.Build.0 = Debug|x64
		{40B99201-7541-4ACB-9424-B57DAFF99897}.Debug|x86.ActiveCfg = Debug|Win32
		{40B99201-7541-4ACB-9424-B57DAFF99897}.Debug|x86.Build.0 = Debug|Win32
		{40B99201-7541-4ACB-9424-B57DAFF99897}.Release|x64.ActiveCfg = Release|x64
		{40B99201-7541-4ACB-9424-B57DAFF99897}.Release|x64.Build.0 = Release|x64
		{40B99201-7541-4ACB-9424-B57DAFF99897}.Release|x86.ActiveCfg = Release|Win32
		{40B99201-7541-4ACB-9424-B57DAFF99897}.Release|x86.Build.0 = Release|Win32
		{18B7BA92-C377-4A80-A34D-703ECEE8E5ED}.Debug|x64.ActiveCfg = Debug|x64
		{18B7BA92-C377-4A80-A34D-703ECEE8E5ED}.Debug|x64.Build.0 = Debug|x64
		{18B7BA92-C377-4A80-A34D-703ECEE8E5ED}.Debug|x86.ActiveCfg = Debug|Win32
		{18B7BA92-C377-4A80-A34D-703ECEE8E5ED}.Debug|x86.Build.0 = Debug|Win32
		{18B7BA92-C377-4A80-A34D-703ECEE8E5ED}.Release|x64.ActiveCfg = Release|x64
		{18B7BA92-C377-4A80-A34D-703ECEE8E5ED}.Release|x64.Build.0 = Release|x64
		{18B7BA92-C377-4A80-A34D-703ECEE8E5ED}.Release|x86.ActiveCfg = Release|Win32
		{18B7BA92-C377-4A80-A34D-703ECEE8E5ED}.Release|x86.Build.0 = Release|Win32
		{D8E6E80E-A129-4C8D-90AB-B21D42C269FB}.Debug|x64.ActiveCfg = Debug|x64
		{D8E6E80E-A129-4C8D-90AB-B21D42C269FB}.Debug|x64.Build.0 = Debug|x64
		{D8E6E80E-A129-4C8D-90AB-B21D42C269FB}.Debug|x86.ActiveCfg = Debug|Win32
		{D8E6E80E-A129-4C8D-90AB-B21D42C269FB}.Debug|x86.Build.0 = Debug|Win32
		{D8E6E80E-A129-4C8D-90AB-B21D42C269FB}.Release|x64.ActiveCfg = Release|x64
		{D8E6E80E-A129-4C8D-90AB-B21D42C269FB}.Release|x64.Build.0 = Release|x64
		{D8E6E80E-A129-4C8D-90AB-B21D42C269FB}.Release|x86.ActiveCfg = Release|Win32
		{D8E6E80E-A129-4C8D-90AB-B21D42C269FB}.Release|x86.Build.0 = Release|Win32
		{C610B88F-DFFF-4BC8-8C04-5577DCDE95BF}.Debug|x64.ActiveCfg = Debug|x64
		{C610B88F-DFFF-4BC8-8C04-5577DCDE95BF}.Debug|x64.Build.0 = Debug|x64
		{C610B88F-DFFF-4BC8-8C04-5577DCDE95BF}.Debug|x86.ActiveCfg = Debug|Win32
		{C610B88F-DFFF-4BC8-8C04-5577DCDE95BF}.Debug|x86.Build.0 = Debug|Win32
		{C610B88F-DFFF-4BC8-8C04-5577DCDE95BF}.Release|x64.ActiveCfg = Release|x64
		{C610B88F-DFFF-4BC8-8C04-5577DCDE95BF}.Release|x64.Build.0 = Release|x64
		{C610B88F-DFFF-4BC8-8C04-5577DCDE95BF}.Release|x86.ActiveCfg = Release|Win32
		{C610B88F-DFFF-4BC8-8C04-5577DCDE95BF}.Release|x86.Build.0 = Release|Win32
		{BEA4662C-17AF-4661-882D-D70E1802B21A}.Debug|x64.ActiveCfg = Debug|x64
		{BEA4662C-17AF-4661-882D-D70E1802B21A}.Debug|x64.Build.0 = Debug|x64
		{BEA4662C-17AF-4661-882D-D70E1802B21A}.Debug|x86.ActiveCfg = Debug|Win32
		{BEA4662C-17AF-4661-882D-D70E1802B21A}.Debug|x86.Build.0 = Debug|Win32
		{BEA4662C-17AF-4661-882D-D70E1802B21A}.Release|x64.ActiveCfg = Release|x64
		{BEA4662C-17AF-4661-882D-D70E1802B21A}.Release|x64.Build.0 = Release|x64
		{BEA4662C-17AF-4661-882D-D70E1802B21A}.Release|x86.ActiveCfg = Release|Win32
		{BEA4662C-17AF-4661-882D-D70E1802B21A}.Release|x86.Build.0 = Release|Win32
		{D14D47B1-03FB-4B0E-9AEF-9FDB482BAA86}.Debug|x64.ActiveCfg = Debug|x64
		{D14D47B1-03FB-4B0E-9AEF-9FDB482BAA86}.Debug|x64.Build.0 = Debug|x64
		{D14D47B1-03FB-4B0E-9AEF-9FDB482BAA86}.Debug|x86.ActiveCfg = Debug|Win32
		{D14D47B1-03FB-4B0E-9AEF-9FDB482BAA86}.Debug|x86.Build.0 = Debug|Win32
		{D14D47B1-03FB-4B0E-9AEF-9FDB482BAA86}.Release|x64.ActiveCfg = Release|x64
		{D14D47B1-03FB-4B0E-9AEF-9FDB482BAA86}.Release|x64.Build.0 = Release|x64
		{D14D47B1-03FB-4B0E-9AEF-9FDB482BAA86}.Release|x86.ActiveCfg = Release|Win32
		{D14D47B1-03FB-4B0E-9AEF-9FDB482BAA86}.Release|x86.Build.0 = Release|Win32
		{8932CA28-C53C-4A71-999C-AD467E8F48DB}.Debug|x64.ActiveCfg = Debug|x64
		{8932CA28-C53C-4A71-999C-AD467E8F48DB}.Debug|x64.Build.0 = Debug|x64
		{8932CA28-C53C-4A71-999C-AD467E8F48DB}.Debug|x86.ActiveCfg = Debug|Win32
		{8932CA28-C53C-4A71-999C-AD467E8F48DB}.Debug|x86.Build.0 = Debug|Win32
		{8932CA28-C53C-4A71-999C-AD467E8F48DB}.Release|x64.ActiveCfg = Release|x64
		{8932CA28-C53C-4A71-999C-AD467E8F48DB}.Release|x64.Build.0 = Release|x64
		{8932CA28-C53C-4A71-999C-AD467E8F48DB}.Release|x86.ActiveCfg = Release|Win32
		{8932CA28-C53C-4A71-999C-AD467E8F48DB}.Release|x86.Build.0 = Release|Win32
		{2538E76D-5595-420C-9838-4C00993E4911}.Debug|x64.ActiveCfg = Debug|x64
		{2538E76D-5595-420C-9838-4C00993E4911}.Debug|x64.Build.0 = Debug|x64
		{2538E76D-5595-420C-9838-4C00993E4911}.Debug|x86.ActiveCfg = Debug|Win32
		{2538E76D-5595-420C-9838-4C00993E4911}.Debug|x86.Build.0 = Debug|Win32
		{2538E76D-5595-420C-9838-4C00993E4911}.Release|x64.ActiveCfg = Release|x64
		{2538E76D-5595-420C-9838-4C00993E4911}.Release|x64.Build.0 = Release|x64
		{2538E76D-5595-420C-9838-4C00993E4911}.Release|x86.ActiveCfg = Release|Win32
		{2538E76D-5595-420C-9838-4C00993E4911}.Release|x86.Build.0 = Release|Win32
		{F828E02E-5C39-4B8C-ACE6-D709B736F909}.Debug|x64.ActiveCfg = Debug|x64
		{F828E02E-5C39-4B8C-ACE6-D709B736F909}.Debug|x64.Build.0 = Debug|x64
		{F828E02E-5C39-4B8C-ACE6-D709B736F909}.Debug|x86.ActiveCfg = Debug|Win32
		{F828E02E-5C39-4B8C-ACE6-D709B736F909}.Debug|x86.Build.0 = Debug|Win32
		{F828E02E-5C39-4B8C-ACE6-D709B736F909}.Release|x64.ActiveCfg = Release|x64
		{F828E02E-5C39-4B8C-ACE6-D709B736F909}.Release|x64.Build.0 = Release|x64
		{F828E02E-5C39-4B8C-ACE6-D709B736F909}.Release|x86.ActiveCfg = Release|Win32
		{F828E02E-5C39-4B8C-ACE6-D709B736F909}.Release|x86.Build.0 = Release|Win32
		{705A52DB-C2DC-4114-9481-452662359C7F}.Debug|x64.ActiveCfg = Debug|x64
		{705A52DB-C2DC-4114-9481-452662359C7F}.Debug|x64.Build.0 = Debug|x64
		{705A52DB-C2DC-4114-9481-452662359C7F}.Debug|x86.ActiveCfg = Debug|Win32
		{705A52DB-C2DC-4114-9481-452662359C7F}.Debug|x86.Build.0 = Debug|Win32
		{705A52DB-C2DC-4114-9481-452662359C7F}.Release|x64.ActiveCfg = Release|x64
		{705A52DB-C2DC-4114-9481-452662359C7F}.Release|x64.Build.0 = Release|x64
		{705A52DB-C2DC-4114-9481-452662359C7F}.Release|x86.ActiveCfg = Release|Win32
		{705A52DB-C2DC-4114-9481-452662359C7F}.Release|x86.Build.0 = Release|Win32
		{288CE96C-E5E3-41EB-81FE-242DDF2052ED}.Debug|x64.ActiveCfg = Debug|x64
		{288CE96C-E5E3-41EB-81FE-242DDF2052ED}.Debug|x64.Build.0 = Debug|x64
		{288CE96C-E5E3-41EB-81FE-242DDF2052ED}.Debug|x86.ActiveCfg = Debug|Win32
		{288CE96C-E5E3-41EB-81FE-242DDF2052ED}.Debug|x86.Build.0 = Debug|Win32
		{288CE96C-E5E3-41EB-81FE-242DDF2052ED}.Release|x64.ActiveCfg = Release|x64
		{288CE96C-E5E3-41EB-81FE-242DDF2052ED}.Release|x64.Build.0 = Release|x64
		{288CE96C-E5E3-41EB-81FE-242DDF2052ED}.Release|x86.ActiveCfg = Release|Win32
		{288CE96C-E5E3-41EB-81FE-242DDF2052ED}.Release|x86.Build.0 = Release|Win32
		{D4E2B07E-A373-44D1-8465-6B71674335B9}.Debug|x64.ActiveCfg = Debug|x64
		{D4E2B07E-A373-44D1-8465-6B71674335B9}.Debug|x64.Build.0 = Debug|x64
		{D4E2B07E-A373-44D1-8465-6B71674335B9}.Debug|x86.ActiveCfg = Debug|Win32
		{D4E2B07E-A373-44D1-8465-6B71674335B9}.Debug|x86.Build.0 = Debug|Win32
		{D4E2B07E-A373-44D1-8465-6B71674335B9}.Release|x64.ActiveCfg = Release|x64
		{D4E2B07E-A373-44D1-8465-6B71674335B9}.Release|x64.Build.0 = Release|x64
		{D4E2B07E-A373-44D1-8465-6B71674335B9}.Release|x86.ActiveCfg = Release|Win32
		{D4E2B07E-A373-44D1-8465-6B71674335B9}.Release|x86.Build.0 = Release|Win32
		{45EA6BA1-C0E4-433F-BEE6-5EA728C88DE2}.Debug|x64.ActiveCfg = Debug|x64
		{45EA6BA1-C0E4-433F-BEE6-5EA728C88DE2}.Debug|x64.Build.0 = Debug|x64
		{45EA6BA1-C0E4-433F-BEE6-5EA728C88DE2}.Debug|x86.ActiveCfg = Debug|Win32
		{45EA6BA1-C0E4-433F-BEE6-5EA728C88DE2}.Debug|x86.Build.0 = Debug|Win32
		{45EA6BA1-C0E4-433F-BEE6-5EA728C88DE2}.Release|x64.ActiveCfg = Release|x64
		{45EA6BA1-C0E4-433F-BEE6-5EA728C88DE2}.Release|x64.Build.0 = Release|x64
		{45EA6BA1-C0E4-433F-BEE6-5EA728C88DE2}.Release|x86.ActiveCfg = Release|Win32
		{45EA6BA1-C0E4-433F-BEE6-5EA728C88DE2}.Release|x86.Build.0 = Release|Win32
		{F331427E-DAD1-46CB-863F-98349C93BBF0}.Debug|x64.ActiveCfg = Debug|x64
		{F331427E-DAD1-46CB-863F-98349C93BBF0}.Debug|x64.Build.0 = Debug|x64
		{F331427E-DAD1-46CB-863F-98349C93BBF0}.Debug|x86.ActiveCfg = Debug|Win32
		{F331427E-DAD1-46CB-863F-98349C93BBF0}.Debug|x86.Build.0 = Debug|Win32
		{F331427E-DAD1-46CB-863F-98349C93BBF0}.Release|x64.ActiveCfg = Release|x64
		{F331427E-DAD1-46CB-863F-98349C93BBF0}.Release|x64.Build.0 = Release|x64
		{F331427E-DAD1-46CB-863F-98349C93BBF0}.Release|x86.ActiveCfg = Release|Win32
		{F331427E-DAD1-46CB-863F-98349C93BBF0}.Release|x86.Build.0 = Release|Win32
		{5FC84EB7-F4CB-45FD-BCF3-C234EBBA9DD6}.Debug|x64.ActiveCfg = Debug|x64
		{5FC84EB7-F4CB-45FD-BCF3-C234EBBA9DD6}.Debug|x64.Build.0 = Debug|x64
		{5FC84EB7-F4CB-45FD-BCF3-C234EBBA9DD6}.Debug|x86.ActiveCfg = Debug|Win32
		{5FC84EB7-F4CB-45FD-BCF3-C234EBBA9DD6}.Debug|x86.Build.0 = Debug|Win32
		{5FC84EB7-F4CB-45FD-BCF3-C234EBBA9DD6}.Release|x64.ActiveCfg = Release|x64
		{5FC84EB7-F4CB-45FD-BCF3-C234EBBA9DD6}.Release|x64.Build.0 = Release|x64
		{5FC84EB7-F4CB-45FD-BCF3-C234EBBA9DD6}.Release|x86.ActiveCfg = Release|Win32
		{5FC84EB7-F4CB-45FD-BCF3-C234EBBA9DD6}.Release|x86.Build.0 = Release|Win32
		{CA57675E-0AAB-494D-94F3-87EC55AB825A}.Debug|x64.ActiveCfg = Debug|x64
		{CA57675E-0AAB-494D-94F3-87EC55AB825A}.Debug|x64.Build.0 = Debug|x64
		{CA57675E-0AAB-494D-94F3-87EC55AB825A}.Debug|x86.ActiveCfg = Debug|Win32
		{CA57675E-0AAB-494D-94F3-87EC55AB825A}.Debug|x86.Build.0 = Debug|Win32
		{CA57675E-0AAB-494D-94F3-87EC55AB825A}.Release|x64.ActiveCfg = Release|x64
		{CA57675E-0AAB-494D-94F3-87EC55AB825A}.Release|x64.Build.0 = Release|x64
		{CA57675E-0AAB-494D-94F3-87EC55AB825A}.Release|x86.ActiveCfg = Release|Win32
		{CA57675E-0AAB-494D-94F3-87EC55AB825A}.Release|x86.Build.0 = Release|Win32
		{CCE00A39-9727-4B56-946B-CC0BA47612CA}.Debug|x64.ActiveCfg = Debug|x64
		{CCE00A39-9727-4B56-946B-CC0BA47612CA}.Debug|x64.Build.0 = Debug|x64
		{CCE00A39-9727-4B56-946B-CC0BA47612CA}.Debug|x86.ActiveCfg = Debug|Win32
		{CCE00A39-9727-4B56-946B-CC0BA47612CA}.Debug|x86.Build.0 = Debug|Win32
		{CCE00A39-9727-4B56-946B-CC0BA47612CA}.Release|x64.ActiveCfg = Release|x64
		{CCE00A39-9727-4B56-946B-CC0BA47612CA}.Release|x64.Build.0 = Release|x64
		{CCE00A39-9727-4B56-946B-CC0BA47612CA}.Release|x86.ActiveCfg = Release|Win32
		{CCE00A39-9727-4B56-946B-CC0BA47612CA}.Release|x86.Build.0 = Release|Win32
		{5245584C-39CF-4EE7-BB32-627F12AD36F5}.Debug|x64.ActiveCfg = Debug|x64
		{5245584C-39CF-4EE7-BB32-627F12AD36F5}.Debug|x64.Build.0 = Debug|x64
		{5245584C-39CF-4EE7-BB32-627F12AD36F5}.Debug|x86.ActiveCfg = Debug|Win32
		{5245584C-39CF-4EE7-BB32-627F12AD36F5}.Debug|x86.Build.0 = Debug|Win32
		{5245584C-39CF-4EE7-BB32-627F12AD36F5}.Release|x64.ActiveCfg = Release|x64
		{5245584C-39CF-4EE7-BB32-627F12AD36F5}.Release|x64.Build.0 = Release|x64
		{5245584C-39CF-4EE7-BB32-627F12AD36F5}.Release|x86.ActiveCfg = Release|Win32
		{5245584C-39CF-4EE7-BB32-627F12AD36F5}.Release|x86.Build.0 = Release|Win32
		{1C30F60D-8167-4F49-8E46-9DB01DCA5FEF}.Debug|x64.ActiveCfg = Debug|x64
		{1C30F60D-8167-4F49-8E46-9DB01DCA5FEF}.Debug|x64.Build.0 = Debug|x64
		{1C30F60D-8167-4F49-8E46-9DB01DCA5FEF}.Debug|x86.ActiveCfg = Debug|Win32
		{1C30F60D-8167-4F49-8E46-9DB01DCA5FEF}.Debug|x86.Build.0 = Debug|Win32
		{1C30F60D-8167-4F49-8E46-9DB01DCA5FEF}.Release|x64.ActiveCfg = Release|x64
		{1C30F60D-8167-4F49-8E46-9DB01DCA5FEF}.Release|x64.Build.0 = Release|x64
		{1C30F60D-8167-4F49-8E46-9DB01DCA5FEF}.Release|x86.ActiveCfg = Release|Win32
		{1C30F60D-8167-4F49-8E46-9DB01DCA5FEF}.Release|x86.Build.0 = Release|Win32
		{EFEA8A8C-F0E8-4BF7-9E56-17B2A982ABD3}.Debug|x64.ActiveCfg = Debug|x64
		{EFEA8A8C-F0E8-4BF7-9E56-17B2A982ABD3}.Debug|x64.Build.0 = Debug|x64
		{EFEA8A8C-F0E8-4BF7-9E56-17B2A982ABD3}.Debug|x86.ActiveCfg = Debug|Win32
		{EFEA8A8C-F0E8-4BF7-9E56-17B2A982ABD3}.Debug|x86.Build.0 = Debug|Win32
		{EFEA8A8C-F0E8-4BF7-9E56-17B2A982ABD3}.Release|x64.ActiveCfg = Release|x64
		{EFEA8A8C-F0E8-4BF7-9E56-17B2A982ABD3}.Release|x64.Build.0 = Release|x64
		{EFEA8A8C-F0E8-4BF7-9E56-17B2A982ABD3}.Release|x86.ActiveCfg = Release|Win32
		{EFEA8A8C-F0E8-4BF7-9E56-17B2A982ABD3}.Release|x86.Build.0 = Release|Win32
		{42B5D4B0-318E-46A6-B986-001992D4AA97}.Debug|x64.ActiveCfg = Debug|x64
		{42B5D4B0-318E-46A6-B986-001992D4AA97}.Debug|x64.Build.0 = Debug|x64
		{42B5D4B0-318E-46A6-B986-001992D4AA97}.Debug|x86.ActiveCfg = Debug|Win32
		{42B5D4B0-318E-46A6-B986-001992D4AA97}.Debug|x86.Build.0 = Debug|Win32
		{42B5D4B0-318E-46A6-B986-001992D4AA97}.Release|x64.ActiveCfg = Release|x64
		{42B5D4B0-318E-46A6-B986-001992D4AA97}.Release|x64.Build.0 = Release|x64
		{42B5D4B0-318E-46A6-B986-001992D4AA97}.Release|x86.ActiveCfg = Release|Win32
		{42B5D4B0-318E-46A6-B986-001992D4AA97}.Release|x86.Build.0 = Release|Win32
		{F592FB3C-AC22-4B51-927D-12B4CB236867}.Debug|x64.ActiveCfg = Debug|x64
		{F592FB3C-AC22-4B51-927D-12B4CB236867}.Debug|x64.Build.0 = Debug|x64
		{F592FB3C-AC22-4B51-927D-12B4CB236867}.Debug|x86.ActiveCfg = Debug|Win32
		{F592FB3C-AC22-4B51-927D-12B4CB236867}.Debug|x86.Build.0 = Debug|Win32
		{F592FB3C-AC22-4B51-927D-12B4CB236867}.Release|x64.ActiveCfg = Release|x64
		{F592FB3C-AC22-4B51-927D-12B4CB236867}.Release|x64.Build.0 = Release|x64
		{F592FB3C-AC22-4B51-927D-12B4CB236867}.Release|x86.ActiveCfg = Release|Win32
		{F592FB3C-AC22-4B51-927D-12B4CB236867}.Release|x86.Build.0 = Release|Win32
		{FFD59E62-E930-4480-88DF-CEA36050E52C}.Debug|x64.ActiveCfg = Debug|x64
		{FFD59E62-E930-4480-88DF-CEA36050E52C}.Debug|x64.Build.0 = Debug|x64
		{FFD59E62-E930-4480-88DF-CEA36050E52C}.Debug|x86.ActiveCfg = Debug|Win32
		{FFD59E62-E930-4480-88DF-CEA36050E52C}.Debug|x86.Build.0 = Debug|Win32
		{FFD59E62-E930-4480-88DF-CEA36050E52C}.Release|x64.ActiveCfg = Release|x64
		{FFD59E62-E930-4480-88DF-CEA36050E52C}.Release|x64.Build.0 = Release|x64
		{FFD59E62-E930-4480-88DF-CEA36050E52C}.Release|x86.ActiveCfg = Release|Win32
		{FFD59E62-E930-4480-88DF-CEA36050E52C}.Release|x86.Build.0 = Release|Win32
		{CE95D7CF-F967-4111-9802-09616819D9AA}.Debug|x64.ActiveCfg = Debug|x64
		{CE95D7CF-F967-4111-9802-09616819D9AA}.Debug|x64.Build.0 = Debug|x64
		{CE95D7CF-F967-4111-9802-09616819D9AA}.Debug|x86.ActiveCfg = Debug|Win32
		{CE95D7CF-F967-4111-9802-09616819D9AA}.Debug|x86.Build.0 = Debug|Win32
		{CE95D7CF-F967-4111-9802-09616819D9AA}.Release|x64.ActiveCfg = Release|x64
		{CE95D7CF-F967-4111-9802-09616819D9AA}.Release|x64.Build.0 = Release|x64
		{CE95D7CF-F967-4111-9802-09616819D9AA}.Release|x86.ActiveCfg = Release|Win32
		{CE95D7CF-F967-4111-9802-09616819D9AA}.Release|x86.Build.0 = Release|Win32
		{99D2AB82-3651-401B-B531-A060B57E552D}.Debug|x64.ActiveCfg = Debug|x64
		{99D2AB82-3651-401B-B531-A060B57E552D}.Debug|x64.Build.0 = Debug|x64
		{99D2AB82-3651-401B-B531-A060B57E552D}.Debug|x86.ActiveCfg = Debug|Win32
		{99D2AB82-3651-401B-B531-A060B57E552D}.Debug|x86.Build.0 = Debug|Win32
		{99D2AB82-3651-401B-B531-A060B57E552D}.Release|x64.ActiveCfg = Release|x64
		{99D2AB82-3651-401B-B531-A060B57E552D}.Release|x64.Build.0 = Release|x64
		{99D2AB82-3651-401B-B531-A060B57E552D}.Release|x86.ActiveCfg = Release|Win32
		{99D2AB82-3651-401B-B531-A060B57E552D}.Release|x86.Build.0 = Release|Win32
		{2FC77635-BD39-4BA3-96F0-3F39FC3D7959}.Debug|x64.ActiveCfg = Debug|x64
		{2FC77635-BD39-4BA3-96F0-3F39FC3D7959}.Debug|x64.Build.0 = Debug|x64
		{2FC77635-BD39-4BA3-96F0-3F39FC3D7959}.Debug|x86.ActiveCfg = Debug|Win32
		{2FC77635-BD39-4BA3-96F0-3F39FC3D7959}.Debug|x86.Build.0 = Debug|Win32
		{2FC77635-BD39-4BA3-96F0-3F39FC3D7959}.Release|x64.ActiveCfg = Release|x64
		{2FC77635-BD39-4BA3-96F0-3F39FC3D7959}.Release|x64.Build.0 = Release|x64
		{2FC77635-BD39-4BA3-96F0-3F39FC3D7959}.Release|x86.ActiveCfg = Release|Win32
		{2FC77635-BD39-4BA3-96F0-3F39FC3D7959}.Release|x86.Build.0 = Release|Win32
		{1D9FB233-C4DD-4C57-ABC0-C9236A0597DB}.Debug|x64.ActiveCfg = Debug|x64
		{1D9FB233-C4DD-4C57-ABC0-C9236A0597DB}.Debug|x64.Build.0 = Debug|x64
		{1D9FB233-C4DD-4C57-ABC0-C9236A0597DB}.Debug|x86.ActiveCfg = Debug|Win32
		{1D9FB233-C4DD-4C57-ABC0-C9236A0597DB}.Debug|x86.Build.0 = Debug|Win32
		{1D9FB233-C4DD-4C57-ABC0-C9236A0597DB}.Release|x64.ActiveCfg = Release|x64
		{1D9FB233-C4DD-4C57-ABC0-C9236A0597DB}.Release|x64.Build.0 = Release|x64
		{1D9FB233-C4DD-4C57-ABC0-C9236A0597DB}.Release|x86.ActiveCfg = Release|Win32
		{1D9FB233-C4DD-4C57-ABC0-C9236A0597DB}.Release|x86.Build.0 = Release|Win32
		{6A8AD25F-682F-4B13-AFD8-AAD3936221E1}.Debug|x64.ActiveCfg = Debug|x64
		{6A8AD25F-682F-4B13-AFD8-AAD3936221E1}.Debug|x64.Build.0 = Debug|x64
		{6A8AD25F-682F-4B13-AFD8-AAD3936221E1}.Debug|x86.ActiveCfg = Debug|Win32
		{6A8AD25F-682F-4B13-AFD8-AAD3936221E1}.Debug|x86.Build.0 = Debug|Win32
		{6A8AD25F-682F-4B13-AFD8-AAD3936221E1}.Release|x64.ActiveCfg = Release|x64
		{6A8AD25F-682F-4B13-AFD8-AAD3936221E1}.Release|x64.Build.0 = Release|x64
		{6A8AD25F-682F-4B13-AFD8-AAD3936221E1}.Release|x86.ActiveCfg = Release|Win32
		{6A8AD25F-682F-4B13-AFD8-AAD3936221E1}.Release|x86.Build.0 = Release|Win32
		{B289DFF9-550D-4C82-B1DD-9902291C9FA7}.Debug|x64.ActiveCfg = Debug|x64
		{B289DFF9-550D-4C82-B1DD-9902291C9FA7}.Debug|x64.Build.0 = Debug|x64
		{B289DFF9-550D-4C82-B1DD-9902291C9FA7}.Debug|x86.ActiveCfg = Debug|Win32
		{B289DFF9-550D-4C82-B1DD-9902291C9FA7}.Debug|x86.Build.0 = Debug|Win32
		{B289DFF9-550D-4C82-B1DD-9902291C9FA7}.Release|x64.ActiveCfg = Release|x64
		{B289DFF9-550D-4C82-B1DD-9902291C9FA7}.Release|x64.Build.0 = Release|x64
		{B289DFF9-550D-4C82-B1DD-9902291C9FA7}.Release|x86.ActiveCfg = Release|Win32
		{B289DFF9-550D-4C82-B1DD-9902291C9FA7}.Release|x86.Build.0 = Release|Win32
		{513BD520-B5BB-4927-8E6E-EA4162283C41}.Debug|x64.ActiveCfg = Debug|x64
		{513BD520-B5BB-4927-8E6E-EA4162283C41}.Debug|x64.Build.0 = Debug|x64
		{513BD520-B5BB-4927-8E6E-EA4162283C41}.Debug|x86.ActiveCfg = Debug|Win32
		{513BD520-B5BB-4927-8E6E-EA4162283C41}.Debug|x86.Build.0 = Debug|Win32
		{513BD520-B5BB-4927-8E6E-EA4162283C41}.Release|x64.ActiveCfg = Release|x64
		{513BD520-B5BB-4927-8E6E-EA4162283C41}.Release|x64.Build.0 = Release|x64
		{513BD520-B5BB-4927-8E6E-EA4162283C41}.Release|x86.ActiveCfg = Release|Win32
		{513BD520-B5BB-4927-8E6E-EA4162283C41}.Release|x86.Build.0 = Release|Win32
		{7EFA9697-1FE0-4C69-A222-FE8640DD1ECC}.Debug|x64.ActiveCfg = Debug|x64
		{7EFA9697-1FE0-4C69-A222-FE8640DD1ECC}.Debug|x64.Build.0 = Debug|x64
		{7EFA9697-1FE0-4C69-A222-FE8640DD1ECC}.Debug|x86.ActiveCfg = Debug|Win32
		{7EFA9697-1FE0-4C69-A222-FE8640DD1ECC}.Debug|x86.Build.0 = Debug|Win32
		{7EFA9697-1FE0-4C69-A222-FE8640DD1ECC}.Release|x64.ActiveCfg = Release|x64
		{7EFA9697-1FE0-4C69-A222-FE8640DD1ECC}.Release|x64.Build.0 = Release|x64
		{7EFA9697-1FE0-4C69-A222-FE8640DD1ECC}.Release|x86.ActiveCfg = Release|Win32
		{7EFA9697-1FE0-4C69-A222-FE8640DD1ECC}.Release|x86.Build.0 = Release|Win32
		{07057599-FEDE-4E0A-A57D-AB7CD3180449}.Debug|x64.ActiveCfg = Debug|x64
		{07057599-FEDE-4E0A-A57D-AB7CD3180449}.Debug|x64.Build.0 = Debug|x64
		{07057599-FEDE-4E0A-A57D-AB7CD3180449}.Debug|x86.ActiveCfg = Debug|Win32
		{07057599-FEDE-4E0A-A57D-AB7CD3180449}.Debug|x86.Build.0 = Debug|Win32
		{07057599-FEDE-4E0A-A57D-AB7CD3180449}.Release|x64.ActiveCfg = Release|x64
		{07057599-FEDE-4E0A-A57D-AB7CD3180449}.Release|x64.Build.0 = Release|x64
		{07057599-FEDE-4E0A-A57D-AB7CD3180449}.Release|x86.ActiveCfg = Release|Win32
		{07057599-FEDE-4E0A-A57D-AB7CD3180449}.Release|x86.Build.0 = Release|Win32
		{3464F39B-C2DB-4962-8290-E377EA8E09C4}.Debug|x64.ActiveCfg = Debug|x64
		{3464F39B-C2DB-4962-8290-E377EA8E09C4}.Debug|x64.Build.0 = Debug|x64
		{3464F39B-C2DB-4962-8290-E377EA8E09C4}.Debug|x86.ActiveCfg = Debug|Win32
		{3464F39B-C2DB-4962-8290-E377EA8E09C4}.Debug|x86.Build.0 = Debug|Win32
		{3464F39B-C2DB-4962-8290-E377EA8E09C4}.Release|x64.ActiveCfg = Release|x64
		{3464F39B-C2DB-4962-8290-E377EA8E09C4}.Release|x64.Build.0 = Release|x64
		{3464F39B-C2DB-4962-8290-E377EA8E09C4}.Release|x86.ActiveCfg = Release|Win32
		{3464F39B-C2DB-4962-8290-E377EA8E09C4}.Release|x86.Build.0 = Release|Win32
		{E4211F19-E352-4E93-88F1-32FEF6E99C96}.Debug|x64.ActiveCfg = Debug|x64
		{E4211F19-E352-4E93-88F1-32FEF6E99C96}.Debug|x64.Build.0 = Debug|x64
		{E4211F19-E352-4E93-88F1-32FEF6E99C96}.Debug|x86.ActiveCfg = Debug|Win32
		{E4211F19-E352-4E93-88F1-32FEF6E99C96}.Debug|x86.Build.0 = Debug|Win32
		{E4211F19-E352-4E93-88F1-32FEF6E99C96}.Release|x64.ActiveCfg = Release|x64
		{E4211F19-E352-4E93-88F1-32FEF6E99C96}.Release|x64.Build.0 = Release|x64
		{E4211F19-E352-4E93-88F1-32FEF6E99C96}.Release|x86.ActiveCfg = Release|Win32
		{E4211F19-E352-4E93-88F1-32FEF6E99C96}.Release|x86.Build.0 = Release|Win32
		{8F5A6EE4-20E8-4C3B-94C2-6F7FD6831542}.Debug|x64.ActiveCfg = Debug|x64
		{8F5A6EE4-20E8-4C3B-94C2-6F7FD6831542}.Debug|x64.Build.0 = Debug|x64
		{8F5A6EE4-20E8-4C3B-94C2-6F7FD6831542}.Debug|x86.ActiveCfg = Debug|Win32
		{8F5A6EE4-20E8-4C3B-94C2-6F7FD6831542}.Debug|x86.Build.0 = Debug|Win32
		{8F5A6EE4-20E8-4C3B-94C2-6F7FD6831542}.Release|x64.ActiveCfg = Release|x64
		{8F5A6EE4-20E8-4C3B-94C2-6F7FD6831542}.Release|x64.Build.0 = Release|x64
		{8F5A6EE4-20E8-4C3B-94C2-6F7FD6831542}.Release|x86.ActiveCfg = Release|Win32
		{8F5A6EE4-20E8-4C3B-94C2-6F7FD6831542}.Release|x86.Build.0 = Release|Win32
		{BA3BEDC8-11A2-418D-BAF4-E76C181C822A}.Debug|x64.ActiveCfg = Debug|x64
		{BA3BEDC8-11A2-418D-BAF4-E76C181C822A}.Debug|x64.Build.0 = Debug|x64
		{BA3BEDC8-11A2-418D-BAF4-E76C181C822A}.Debug|x86.ActiveCfg = Debug|Win32
		{BA3BEDC8-11A2-418D-BAF4-E76C181C822A}.Debug|x86.Build.0 = Debug|Win32
		{BA3BEDC8-11A2-418D-BAF4-E76C181C822A}.Release|x64.ActiveCfg = Release|x64
		{BA3BEDC8-11A2-418D-BAF4-E76C181C822A}.Release|x64.Build.0 = Release|x64
		{BA3BEDC8-11A2-418D-BAF4-E76C181C822A}.Release|x86.ActiveCfg = Release|Win32
		{BA3BEDC8-11A2-418D-BAF4-E76C181C822A}.Release|x86.Build.0 = Release|Win32
		{CB62E587-A123-4E32-8168-77D71D6073A8}.Debug|x64.ActiveCfg = Debug|x64
		{CB62E587-A123-4E32-8168-77D71D6073A8}.Debug|x64.Build.0 = Debug|x64
		{CB62E587-A123-4E32-8168-77D71D6073A8}.Debug|x86.ActiveCfg = Debug|Win32
		{CB62E587-A123-4E32-8168-77D71D6073A8}.Debug|x86.Build.0 = Debug|Win32
		{CB62E587-A123-4E32-8168-77D71D6073A8}.Release|x64.ActiveCfg = Release|x64
		{CB62E587-A123-4E32-8168-77D71D6073A8}.Release|x64.Build.0 = Release|x64
		{CB62E587-A123-4E32-8168-77D71D6073A8}.Release|x86.ActiveCfg = Release|Win32
		{CB62E587-A123-4E32-8168-77D71D6073A8}.Release|x86.Build.0 = Release|Win32
		{0D4491D3-7172-47F6-B205-9A17FD220F87}.Debug|x64.ActiveCfg = Debug|x64
		{0D4491D3-7172-47F6-B205-9A17FD220F87}.Debug|x64.Build.0 = Debug|x64
		{0D4491D3-7172-47F6-B205-9A17FD220F87}.Debug|x86.ActiveCfg = Debug|Win32
		{0D4491D3-7172-47F6-B205-9A17FD220F87}.Debug|x86.Build.0 = Debug|Win32
		{0D4491D3-7172-47F6-B205-9A17FD220F87}.Release|x64.ActiveCfg = Release|x64
		{0D4491D3-7172-47F6-B205-9A17FD220F87}.Release|x64.Build.0 = Release|x64
		{0D4491D3-7172-47F6-B205-9A17FD220F87}.Release|x86.ActiveCfg = Release|Win32
		{0D4491D3-7172-47F6-B205-9A17FD220F87}.Release|x86.Build.0 = Release|Win32
		{FCB7918C-D551-4138-A98F-B280A5DD03E7}.Debug|x64.ActiveCfg = Debug|x64
		{FCB7918C-D551-4138-A98F-B280A5DD03E7}.Debug|x64.Build.0 = Debug|x64
		{FCB7918C-D551-4138-A98F-B280A5DD03E7}.Debug|x86.ActiveCfg = Debug|Win32
		{FCB7918C-D551-4138-A98F-B280A5DD03E7}.Debug|x86.Build.0 = Debug|Win32
		{FCB7918C-D551-4138-A98F-B280A5DD03E7}.Release|x64.ActiveCfg = Release|x64
		{FCB7918C-D551-4138-A98F-B280A5DD03E7}.Release|x64.Build.0 = Release|x64
		{FCB7918C-D551-4138-A98F-B280A5DD03E7}.Release|x86.ActiveCfg = Release|Win32
		{FCB7918C-D551-4138-A98F-B280A5DD03E7}.Release|x86.Build.0 = Release|Win32
		{904FD03D-5B28-484F-A9D2-F41513A9A26E}.Debug|x64.ActiveCfg = Debug|x64
		{904FD03D-5B28-484F-A9D2-F41513A9A26E}.Debug|x64.Build.0 = Debug|x64
		{904FD03D-5B28-484F-A9D2-F41513A9A26E}.Debug|x86.ActiveCfg = Debug|Win32
		{904FD03D-5B28-484F-A9D2-F41513A9A26E}.Debug|x86.Build.0 = Debug|Win32
		{904FD03D-5B28-484F-A9D2-F41513A9A26E}.Release|x64.ActiveCfg = Release|x64
		{904FD03D-5B28-484F-A9D2-F41513A9A26E}.Release|x64.Build.0 = Release|x64
		{904FD03D-5B28-484F-A9D2-F41513A9A26E}.Release|x86.ActiveCfg = Release|Win32
		{904FD03D-5B28-484F-A9D2-F41513A9A26E}.Release|x86.Build.0 = Release|Win32
		{7E9F1974-5B0E-4162-821B-1F1D8AFD562B}.Debug|x64.ActiveCfg = Debug|x64
		{7E9F1974-5B0E-4162-821B-1F1D8AFD562B}.Debug|x64.Build.0 = Debug|x64
		{7E9F1974-5B0E-4162-821B-1F1D8AFD562B}.Debug|x86.ActiveCfg = Debug|Win32
		{7E9F1974-5B0E-4162-821B-1F1D8AFD562B}.Debug|x86.Build.0 = Debug|Win32
		{7E9F1974-5B0E-4162-821B-1F1D8AFD562B}.Release|x64.ActiveCfg = Release|x64
		{7E9F1974-5B0E-4162-821B-1F1D8AFD562B}.Release|x64.Build.0 = Release|x64
		{7E9F1974-5B0E-4162-821B-1F1D8AFD562B}.Release|x86.ActiveCfg = Release|Win32
		{7E9F1974-5B0E-4162-821B-1F1D8AFD562B}.Release|x86.Build.0 = Release|Win32
		{C7A74F1F-9332-46E8-BD20-0E09ED0B2AA9}.Debug|x64.ActiveCfg = Debug|x64
		{C7A74F1F-9332-46E8-BD20-0E09ED0B2AA9}.Debug|x64.Build.0 = Debug|x64
		{C7A74F1F-9332-46E8-BD20-0E09ED0B2AA9}.Debug|x86.ActiveCfg = Debug|Win32
		{C7A74F1F-9332-46E8-BD20-0E09ED0B2AA9}.Debug|x86.Build.0 = Debug|Win32
		{C7A74F1F-9332-46E8-BD20-0E09ED0B2AA9}.Release|x64.ActiveCfg = Release|x64
		{C7A74F1F-9332-46E8-BD20-0E09ED0B2AA9}.Release|x64.Build.0 = Release|x64
		{C7A74F1F-9332-46E8-BD20-0E09ED0B2AA9}.Release|x86.ActiveCfg = Release|Win32
		{C7A74F1F-9332-46E8-BD20-0E09ED0B2AA9}.Release|x86.Build.0 = Release|Win32
		{4A3C45B8-5082-47BE-A5A2-173222CCC4AB}.Debug|x64.ActiveCfg = Debug|x64
		{4A3C45B8-5082-47BE-A5A2-173222CCC4AB}.Debug|x64.Build.0 = Debug|x64
		{4A3C45B8-5082-47BE-A5A2-173222CCC4AB}.Debug|x86.ActiveCfg = Debug|Win32
		{4A3C45B8-5082-47BE-A5A2-173222CCC4AB}.Debug|x86.Build.0 = Debug|Win32
		{4A3C45B8-5082-47BE-A5A2-173222CCC4AB}.Release|x64.ActiveCfg = Release|x64
		{4A3C45B8-5082-47BE-A5A2-173222CCC4AB}.Release|x64.Build.0 = Release|x64
		{4A3C45B8-5082-47BE-A5A2-173222CCC4AB}.Release|x86.ActiveCfg = Release|Win32
		{4A3C45B8-5082-47BE-A5A2-173222CCC4AB}.Release|x86.Build.0 = Release|Win32
		{FCAFE90A-BA2A-482E-AE03-DA338568899C}.Debug|x64.ActiveCfg = Debug|x64
		{FCAFE90A-BA2A-482E-AE03-DA338568899C}.Debug|x64.Build.0 = Debug|x64
		{FCAFE90A-BA2A-482E-AE03-DA338568899C}.Debug|x86.ActiveCfg = Debug|Win32
		{FCAFE90A-BA2A-482E-AE03-DA338568899C}.Debug|x86.Build.0 = Debug|Win32
		{FCAFE90A-BA2A-482E-AE03-DA338568899C}.Release|x64.ActiveCfg = Release|x64
		{FCAFE90A-BA2A-482E-AE03-DA338568899C}.Release|x64.Build.0 = Release|x64
		{FCAFE90A-BA2A-482E-AE03-DA338568899C}.Release|x86.ActiveCfg = Release|Win32
		{FCAFE90A-BA2A-482E-AE03-DA338568899C}.Release|x86.Build.0 = Release|Win32
		{BD6F23BD-10F7-4722-ACDD-E349C447757F}.Debug|x64.ActiveCfg = Debug|x64
		{BD6F23BD-10F7-4722-ACDD-E349C447757F}.Debug|x64.Build.0 = Debug|x64
		{BD6F23BD-10F7-4722-ACDD-E349C447757F}.Debug|x86.ActiveCfg = Debug|Win32
		{BD6F23BD-10F7-4722-ACDD-E349C447757F}.Debug|x86.Build.0 = Debug|Win32
		{BD6F23BD-10F7-4722-ACDD-E349C447757F}.Release|x64.ActiveCfg = Release|x64
		{BD6F23BD-10F7-4722-ACDD-E349C447757F}.Release|x64.Build.0 = Release|x64
		{BD6F23BD-10F7-4722-ACDD-E349C447757F}.Release|x86.ActiveCfg = Release|Win32
		{BD6F23BD-10F7-4722-ACDD-E349C447757F}.Release|x86.Build.0 = Release|Win32
		{138476CE-54AE-46F3-8F8B-8071E19A0A52}.Debug|x64.ActiveCfg = Debug|x64
		{138476CE-54AE-46F3-8F8B-8071E19A0A52}.Debug|x64.Build.0 = Debug|x64
		{138476CE-54AE-46F3-8F8B-8071E19A0A52}.Debug|x86.ActiveCfg = Debug|Win32
		{138476CE-54AE-46F3-8F8B-8071E19A0A52}.Debug|x86.Build.0 = Debug|Win32
		{138476CE-54AE-46F3-8F8B-8071E19A0A52}.Release|x64.ActiveCfg = Release|x64
		{138476CE-54AE-46F3-8F8B-8071E19A0A52}.Release|x64.Build.0 = Release|x64
		{138476CE-54AE-46F3-8F8B-8071E19A0A52}.Release|x86.ActiveCfg = Release|Win32
		{138476CE-54AE-46F3-8F8B-8071E19A0A52}.Release|x86.Build.0 = Release|Win32
		{B495CB8D-6D27-493B-BEC7-5729CFDAE943}.Debug|x64.ActiveCfg = Debug|x64
		{B495CB8D-6D27-493B-BEC7-5729CFDAE943}.Debug|x64.Build.0 = Debug|x64
		{B495CB8D-6D27-493B-BEC7-5729CFDAE943}.Debug|x86.ActiveCfg = Debug|Win32
		{B495CB8D-6D27-493B-BEC7-5729CFDAE943}.Debug|x86.Build.0 = Debug|Win32
		{B495CB8D-6D27-493B-BEC7-5729CFDAE943}.Release|x64.ActiveCfg = Release|x64
		{B495CB8D-6D27-493B-BEC7-5729CFDAE943}.Release|x64.Build.0 = Release|x64
		{B495CB8D-6D27-493B-BEC7-5729CFDAE943}.Release|x86.ActiveCfg = Release|Win32
		{B495CB8D-6D27-493B-BEC7-5729CFDAE943}.Release|x86.Build.0 = Release|Win32
		{1D246FD0-48CC-4850-BBA3-97084D20CBD5}.Debug|x64.ActiveCfg = Debug|x64
		{1D246FD0-48CC-4850-BBA3-97084D20CBD5}.Debug|x64.Build.0 = Debug|x64
		{1D246FD0-48CC-4850-BBA3-97084D20CBD5}.Debug|x86.ActiveCfg = Debug|Win32
		{1D246FD0-48CC-4850-BBA3-97084D20CBD5}.Debug|x86.Build.0 = Debug|Win32
		{1D246FD0-48CC-4850-BBA3-97084D20CBD5}.Release|x64.ActiveCfg = Release|x64
		{1D246FD0-48CC-4850-BBA3-97084D20CBD5}.Release|x64.Build.0 = Release|x64
		{1D246FD0-48CC-4850-BBA3-97084D20CBD5}.Release|x86.ActiveCfg = Release|Win32
		{1D246FD0-48CC-4850-BBA3-97084D20CBD5}.Release|x86.Build.0 = Release|Win32
		{620A628E-511A-405B-BA72-9550281DD564}.Debug|x64.ActiveCfg = Debug|x64
		{620A628E-511A-405B-BA72-9550281DD564}.Debug|x64.Build.0 = Debug|x64
		{620A628E-511A-405B-BA72-9550281DD564}.Debug|x86.ActiveCfg = Debug|Win32
		{620A628E-511A-405B-BA72-9550281DD564}.Debug|x86.Build.0 = Debug|Win32
		{620A628E-511A-405B-BA72-9550281DD564}.Release|x64.ActiveCfg = Release|x64
		{620A628E-511A-405B-BA72-9550281DD564}.Release|x64.Build.0 = Release|x64
		{620A628E-511A-405B-BA72-9550281DD564}.Release|x86.ActiveCfg = Release|Win32
		{620A628E-511A-405B-BA72-9550281DD564}.Release|x86.Build.0 = Release|Win32
		{56EC210A-6ADA-4326-B9C0-255BB497941B}.Debug|x64.ActiveCfg = Debug|x64
		{56EC210A-6ADA-4326-B9C0-255BB497941B}.Debug|x64.Build.0 = Debug|x64
		{56EC210A-6ADA-4326-B9C0-255BB497941B}.Debug|x86.ActiveCfg = Debug|Win32
		{56EC210A-6ADA-4326-B9C0-255BB497941B}.Debug|x86.Build.0 = Debug|Win32
		{56EC210A-6ADA-4326-B9C0-255BB497941B}.Release|x64.ActiveCfg = Release|x64
		{56EC210A-6ADA-4326-B9C0-255BB497941B}.Release|x64.Build.0 = Release|x64
		{56EC210A-6ADA-4326-B9C0-255BB497941B}.Release|x86.ActiveCfg = Release|Win32
		{56EC210A-6ADA-4326-B9C0-255BB497941B}.Release|x86.Build.0 = Release|Win32
		{24D97534-C5C6-4679-B5B2-09759BF57E2C}.Debug|x64.ActiveCfg = Debug|x64
		{24D97534-C5C6-4679-B5B2-09759BF57E2C}.Debug|x64.Build.0 = Debug|x64
		{24D97534-C5C6-4679-B5B2-09759BF57E2C}.Debug|x86.ActiveCfg = Debug|Win32
		{24D97534-C5C6-4679-B5B2-09759BF57E2C}.Debug|x86.Build.0 = Debug|Win32
		{24D97534-C5C6-4679-B5B2-09759BF57E2C}.Release|x64.ActiveCfg = Release|x64
		{24D97534-C5C6-4679-B5B2-09759BF57E2C}.Release|x64.Build.0 = Release|x64
		{24D97534-C5C6-4679-B5B2-09759BF57E2C}.Release|x86.ActiveCfg = Release|Win32
		{24D97534-C5C6-4679-B5B2-09759BF57E2C}.Release|x86.Build.0 = Release|Win32
		{99298EB5-14BD-47B9-ADB2-AD56BE96B827}.Debug|x64.ActiveCfg = Debug|x64
		{99298EB5-14BD-47B9-ADB2-AD56BE96B827}.Debug|x64.Build.0 = Debug|x64
		{99298EB5-14BD-47B9-ADB2-AD56BE96B827}.Debug|x86.ActiveCfg = Debug|Win32
		{99298EB5-14BD-47B9-ADB2-AD56BE96B827}.Debug|x86.Build.0 = Debug|Win32
		{99298EB5-14BD-47B9-ADB2-AD56BE96B827}.Release|x64.ActiveCfg = Release|x64
		{99298EB5-14BD-47B9-ADB2-AD56BE96B827}.Release|x64.Build.0 = Release|x64
		{99298EB5-14BD-47B9-ADB2-AD56BE96B827}.Release|x86.ActiveCfg = Release|Win32
		{99298EB5-14BD-47B9-ADB2-AD56BE96B827}.Release|x86.Build.0 = Release|Win32
		{812B7E29-BBEB-4D6C-B3E5-0FD02816EA8F}.Debug|x64.ActiveCfg = Debug|x64
		{812B7E29-BBEB-4D6C-B3E5-0FD02816EA8F}.Debug|x64.Build.0 = Debug|x64
		{812B7E29-BBEB-4D6C-B3E5-0FD02816EA8F}.Debug|x86.ActiveCfg = Debug|Win32
		{812B7E29-BBEB-4D6C-B3E5-0FD02816EA8F}.Debug|x86.Build.0 = Debug|Win32
		{812B7E29-BBEB-4D6C-B3E5-0FD02816EA8F}.Release|x64.ActiveCfg = Release|x64
		{812B7E29-BBEB-4D6C-B3E5-0FD02816EA8F}.Release|x64.Build.0 = Release|x64
		{812B7E29-BBEB-4D6C-B3E5-0FD02816EA8F}.Release|x86.ActiveCfg = Release|Win32
		{812B7E29-BBEB-4D6C-B3E5-0FD02816EA8F}.Release|x86.Build.0 = Release|Win32
		{7FE17C2B-DD50-432F-9F1A-F80DE9F76A65}.Debug|x64.ActiveCfg = Debug|x64
		{7FE17C2B-DD50-432F-9F1A-F80DE9F76A65}.Debug|x64.Build.0 = Debug|x64
		{7FE17C2B-DD50-432F-9F1A-F80DE9F76A65}.Debug|x86.ActiveCfg = Debug|Win32
		{7FE17C2B-DD50-432F-9F1A-F80DE9F76A65}.Debug|x86.Build.0 = Debug|Win32
		{7FE17C2B-DD50-432F-9F1A-F80DE9F76A65}.Release|x64.ActiveCfg = Release|x64
		{7FE17C2B-DD50-432F-9F1A-F80DE9F76A65}.Release|x64.Build.0 = Release|x64
		{7FE17C2B-DD50-432F-9F1A-F80DE9F76A65}.Release|x86.ActiveCfg = Release|Win32
		{7FE17C2B-DD50-432F-9F1A-F80DE9F76A65}.Release|x86.Build.0 = Release|Win32
		{CCF2CCC7-A20E-47D1-BF65-94F3908B4705}.Debug|x64.ActiveCfg = Debug|x64
		{CCF2CCC7-A20E-47D1-BF65-94F3908B4705}.Debug|x64.Build.0 = Debug|x64
		{CCF2CCC7-A20E-47D1-BF65-94F3908B4705}.Debug|x86.ActiveCfg = Debug|Win32
		{CCF2CCC7-A20E-47D1-BF65-94F3908B4705}.Debug|x86.Build.0 = Debug|Win32
		{CCF2CCC7-A20E-47D1-BF65-94F3908B4705}.Release|x64.ActiveCfg = Release|x64
		{CCF2CCC7-A20E-47D1-BF65-94F3908B4705}.Release|x64.Build.0 = Release|x64
		{CCF2CCC7-A20E-47D1-BF65-94F3908B4705}.Release|x86.ActiveCfg = Release|Win32
		{CCF2CCC7-A20E-47D1-BF65-94F3908B4705}.Release|x86.Build.0 = Release|Win32
		{EAE96AC3-9648-4499-82B8-E90403C4601F}.Debug|x64.ActiveCfg = Debug|x64
		{EAE96AC3-9648-4499-82B8-E90403C4601F}.Debug|x64.Build.0 = Debug|x64
		{EAE96AC3-9648-4499-82B8-E90403C4601F}.Debug|x86.ActiveCfg = Debug|Win32
		{EAE96AC3-9648-4499-82B8-E90403C4601F}.Debug|x86.Build.0 = Debug|Win32
		{EAE96AC3-9648-4499-82B8-E90403C4601F}.Release|x64.ActiveCfg = Release|x64
		{EAE96AC3-9648-4499-82B8-E90403C4601F}.Release|x64.Build.0 = Release|x64
		{EAE96AC3-9648-4499-82B8-E90403C4601F}.Release|x86.ActiveCfg = Release|Win32
		{EAE96AC3-9648-4499-82B8-E90403C4601F}.Release|x86.Build.0 = Release|Win32
		{13D1C1CF-9C50-4CC3-8D53-748BB915CACA}.Debug|x64.ActiveCfg = Debug|x64
		{13D1C1CF-9C50-4CC3-8D53-748BB915CACA}.Debug|x64.Build.0 = Debug|x64
		{13D1C1CF-9C50-4CC3-8D53-748BB915CACA}.Debug|x86.ActiveCfg = Debug|Win32
		{13D1C1CF-9C50-4CC3-8D53-748BB915CACA}.Debug|x86.Build.0 = Debug|Win32
		{13D1C1CF-9C50-4CC3-8D53-748BB915CACA}.Release|x64.ActiveCfg = Release|x64
		{13D1C1CF-9C50-4CC3-8D53-748BB915CACA}.Release|x64.Build.0 = Release|x64
		{13D1C1CF-9C50-4CC3-8D53-748BB915CACA}.Release|x86.ActiveCfg = Release|Win32
		{13D1C1CF-9C50-4CC3-8D53-748BB915CACA}.Release|x86.Build.0 = Release|Win32
		{A3818B44-F31B-48DB-BDD5-3B1F5C4CB69A}.Debug|x64.ActiveCfg = Debug|x64
		{A3818B44-F31B-48DB-BDD5-3B1F5C4CB69A}.Debug|x64.Build.0 = Debug|x64
		{A3818B44-F31B-48DB-BDD5-3B1F5C4CB69A}.Debug|x86.ActiveCfg = Debug|Win32
		{A3818B44-F31B-48DB-BDD5-3B1F5C4CB69A}.Debug|x86.Build.0 = Debug|Win32
		{A3818B44-F31B-48DB-BDD5-3B1F5C4CB69A}.Release|x64.ActiveCfg = Release|x64
		{A3818B44-F31B-48DB-BDD5-3B1F5C4CB69A}.Release|x64.Build.0 = Release|x64
		{A3818B44-F31B-48DB-BDD5-3B1F5C4CB69A}.Release|x86.ActiveCfg = Release|Win32
		{A3818B44-F31B-48DB-BDD5-3B1F5C4CB69A}.Release|x86.Build.0 = Release|Win32
		{DF811859-0E9A-40EE-86FA-F4AA4B3F179F}.Debug|x64.ActiveCfg = Debug|x64
		{DF811859-0E9A-40EE-86FA-F4AA4B3F179F}.Debug|x64.Build.0 = Debug|x64
		{DF811859-0E9A-40EE-86FA-F4AA4B3F179F}.Debug|x86.ActiveCfg = Debug|Win32
		{DF811859-0E9A-40EE-86FA-F4AA4B3F179F}.Debug|x86.Build.0 = Debug|Win32
		{DF811859-0E9A-40EE-86FA-F4AA4B3F179F}.Release|x64.ActiveCfg = Release|x64
		{DF811859-0E9A-40EE-86FA-F4AA4B3F179F}.Release|x64.Build.0 = Release|x64
		{DF811859-0E9A-40EE-86FA-F4AA4B3F179F}.Release|x86.ActiveCfg = Release|Win32
		{DF811859-0E9A-40EE-86FA-F4AA4B3F179F}.Release|x86.Build.0 = Release|Win32
		{F51B14DB-35DD-4861-82BF-42C2CA25F87B}.Debug|x64.ActiveCfg = Debug|x64
		{F51B14DB-35DD-4861-82BF-42C2CA25F87B}.Debug|x64.Build.0 = Debug|x64
		{F51B14DB-35DD-4861-82BF-42C2CA25F87B}.Debug|x86.ActiveCfg = Debug|Win32
		{F51B14DB-35DD-4861-82BF-42C2CA25F87B}.Debug|x86.Build.0 = Debug|Win32
		{F51B14DB-35DD-4861-82BF-42C2CA25F87B}.Release|x64.ActiveCfg = Release|x64
		{F51B14DB-35DD-4861-82BF-42C2CA25F87B}.Release|x64.Build.0 = Release|x64
		{F51B14DB-35DD-4861-82BF-42C2CA25F87B}.Release|x86.ActiveCfg = Release|Win32
		{F51B14DB-35DD-4861-82BF-42C2CA25F87B}.Release|x86.Build.0 = Release|Win32
		{4B89FBD0-A05E-4D11-B8AC-FCF93483794A}.Debug|x64.ActiveCfg = Debug|x64
		{4B89FBD0-A05E-4D11-B8AC-FCF93483794A}.Debug|x64.Build.0 = Debug|x64
		{4B89FBD0-A05E-4D11-B8AC-FCF93483794A}.Debug|x86.ActiveCfg = Debug|Win32
		{4B89FBD0-A05E-4D11-B8AC-FCF93483794A}.Debug|x86.Build.0 = Debug|Win32
		{4B89FBD0-A05E-4D11-B8AC-FCF93483794A}.Release|x64.ActiveCfg = Release|x64
		{4B89FBD0-A05E-4D11-B8AC-FCF93483794A}.Release|x64.Build.0 = Release|x64
		{4B89FBD0-A05E-4D11-B8AC-FCF93483794A}.Release|x86.ActiveCfg = Release|Win32
		{4B89FBD0-A05E-4D11-B8AC-FCF93483794A}.Release|x86.Build.0 = Release|Win32
		{E13169E4-21AF-48CD-8714-128425C4A67B}.Debug|x64.ActiveCfg = Debug|x64
		{E13169E4-21AF-48CD-8714-128425C4A67B}.Debug|x64.Build.0 = Debug|x64
		{E13169E4-21AF-48CD-8714-128425C4A67B}.Debug|x86.ActiveCfg = Debug|Win32
		{E13169E4-21AF-48CD-8714-128425C4A67B}.Debug|x86.Build.0 = Debug|Win32
		{E13169E4-21AF-48CD-8714-128425C4A67B}.Release|x64.ActiveCfg = Release|x64
		{E13169E4-21AF-48CD-8714-128425C4A67B}.Release|x64.Build.0 = Release|x64
		{E13169E4-21AF-48CD-8714-128425C4A67B}.Release|x86.ActiveCfg = Release|Win32
		{E13169E4-21AF-48CD-8714-128425C4A67B}.Release|x86.Build.0 = Release|Win32
		{3418CC0E-7AB7-4EC1-826A-37FCE83252E9}.Debug|x64.ActiveCfg = Debug|x64
		{3418CC0E-7AB7-4EC1-826A-37FCE83252E9}.Debug|x64.Build.0 = Debug|x64
		{3418CC0E-7AB7-4EC1-826A-37FCE83252E9}.Debug|x86.ActiveCfg = Debug|Win32
		{3418CC0E-7AB7-4EC1-826A-37FCE83252E9}.Debug|x86.Build.0 = Debug|Win32
		{3418CC0E-7AB7-4EC1-826A-37FCE83252E9}.Release|x64.ActiveCfg = Release|x64
		{3418CC0E-7AB7-4EC1-826A-37FCE83252E9}.Release|x64.Build.0 = Release|x64
		{3418CC0E-7AB7-4EC1-826A-37FCE83252E9}.Release|x86.ActiveCfg = Release|Win32
		{3418CC0E-7AB7-4EC1-826A-37FCE83252E9}.Release|x86.Build.0 = Release|Win32
		{24140899-BBFA-4BD2-BD68-0AB74525EAFB}.Debug|x64.ActiveCfg = Debug|x64
		{24140899-BBFA-4BD2-BD68-0AB74525EAFB}.Debug|x64.Build.0 = Debug|x64
		{24140899-BBFA-4BD2-BD68-0AB74525EAFB}.Debug|x86.ActiveCfg = Debug|Win32
		{24140899-BBFA-4BD2-BD68-0AB74525EAFB}.Debug|x86.Build.0 = Debug|Win32
		{24140899-BBFA-4BD2-BD68-0AB74525EAFB}.Release|x64.ActiveCfg = Release|x64
		{24140899-BBFA-4BD2-BD68-0AB74525EAFB}.Release|x64.Build.0 = Release|x64
		{24140899-BBFA-4BD2-BD68-0AB74525EAFB}.Release|x86.ActiveCfg = Release|Win32
		{24140899-BBFA-4BD2-BD68-0AB74525EAFB}.Release|x86.Build.0 = Release|Win32
		{ED71CF81-F9A6-4A9E-BC1C-0796CB691ACB}.Debug|x64.ActiveCfg = Debug|x64
		{ED71CF81-F9A6-4A9E-BC1C-0796CB691ACB}.Debug|x64.Build.0 = Debug|x64
		{ED71CF81-F9A6-4A9E-BC1C-0796CB691ACB}.Debug|x86.ActiveCfg = Debug|Win32
		{ED71CF81-F9A6-4A9E-BC1C-0796CB691ACB}.Debug|x86.Build.0 = Debug|Win32
		{ED71CF81-F9A6-4A9E-BC1C-0796CB691ACB}.Release|x64.ActiveCfg = Release|x64
		{ED71CF81-F9A6-4A9E-BC1C-0796CB691ACB}.Release|x64.Build.0 = Release|x64
		{ED71CF81-F9A6-4A9E-BC1C-0796CB691ACB}.Release|x86.ActiveCfg = Release|Win32
		{ED71CF81-F9A6-4A9E-BC1C-0796CB691ACB}.Release|x86.Build.0 = Release|Win32
		{DE26265C-A0E1-4E9A-83D2-35F8F84EE422}.Debug|x64.ActiveCfg = Debug|x64
		{DE26265C-A0E1-4E9A-83D2-35F8F84EE422}.Debug|x64.Build.0 = Debug|x64
		{DE26265C-A0E1-4E9A-83D2-35F8F84EE422}.Debug|x86.ActiveCfg = Debug|Win32
		{DE26265C-A0E1-4E9A-83D2-35F8F84EE422}.Debug|x86.Build.0 = Debug|Win32
		{DE26265C-A0E1-4E9A-83D2-35F8F84EE422}.Release|x64.ActiveCfg = Release|x64
		{DE26265C-A0E1-4E9A-83D2-35F8F84EE422}.Release|x64.Build.0 = Release|x64
		{DE26265C-A0E1-4E9A-83D2-35F8F84EE422}.Release|x86.ActiveCfg = Release|Win32
		{DE26265C-A0E1-4E9A-83D2-35F8F84EE422}.Release|x86.Build.0 = Release|Win32
		{62F5B0AC-476C-425E-9C3E-78A678A26477}.Debug|x64.ActiveCfg = Debug|x64
		{62F5B0AC-476C-425E-9C3E-78A678A26477}.Debug|x64.Build.0 = Debug|x64
		{62F5B0AC-476C-425E-9C3E-78A678A26477}.Debug|x86.ActiveCfg = Debug|Win32
		{62F5B0AC-476C-425E-9C3E-78A678A26477}.Debug|x86.Build.0 = Debug|Win32
		{62F5B0AC-476C-425E-9C3E-78A678A26477}.Release|x64.ActiveCfg = Release|x64
		{62F5B0AC-476C-425E-9C3E-78A678A26477}.Release|x64.Build.0 = Release|x64
		{62F5B0AC-476C-425E-9C3E-78A678A26477}.Release|x86.ActiveCfg = Release|Win32
		{62F5B0AC-476C-425E-9C3E-78A678A26477}.Release|x86.Build.0 = Release|Win32
		{4D196D35-A38E-4CE6-B733-F995C14F2EA3}.Debug|x64.ActiveCfg = Debug|x64
		{4D196D35-A38E-4CE6-B733-F995C14F2EA3}.Debug|x64.Build.0 = Debug|x64
		{4D196D35-A38E-4CE6-B733-F995C14F2EA3}.Debug|x86.ActiveCfg = Debug|Win32
		{4D196D35-A38E-4CE6-B733-F995C14F2EA3}.Debug|x86.Build.0 = Debug|Win32
		{4D196D35-A38E-4CE6-B733-F995C14F2EA3}.Release|x64.ActiveCfg = Release|x64
		{4D196D35-A38E-4CE6-B733-F995C14F2EA3}.Release|x64.Build.0 = Release|x64
		{4D196D35-A38E-4CE6-B733-F995C14F2EA3}.Release|x86.ActiveCfg = Release|Win32
		{4D196D35-A38E-4CE6-B733-F995C14F2EA3}.Release|x86.Build.0 = Release|Win32
		{3605179A-029A-4A21-BD6F-78CABB07B2C4}.Debug|x64.ActiveCfg = Debug|x64
		{3605179A-029A-4A21-BD6F-78CABB07B2C4}.Debug|x64.Build.0 = Debug|x64
		{3605179A-029A-4A21-BD6F-78CABB07B2C4}.Debug|x86.ActiveCfg = Debug|Win32
		{3605179A-029A-4A21-BD6F-78CABB07B2C4}.Debug|x86.Build.0 = Debug|Win32
		{3605179A-029A-4A21-BD6F-78CABB07B2C4}.Release|x64.ActiveCfg = Release|x64
		{3605179A-029A-4A21-BD6F-78CABB07B2C4}.Release|x64.Build.0 = Release|x64
		{3605179A-029A-4A21-BD6F-78CABB07B2C4}.Release|x86.ActiveCfg = Release|Win32
		{3605179A-029A-4A21-BD6F-78CABB07B2C4}.Release|x86.Build.0 = Release|Win32
		{13B2D715-FFC6-4045-9ABA-1022005C2B09}.Debug|x64.ActiveCfg = Debug|x64
		{13B2D715-FFC6-4045-9ABA-1022005C2B09}.Debug|x64.Build.0 = Debug|x64
		{13B2D715-FFC6-4045-9ABA-1022005C2B09}.Debug|x86.ActiveCfg = Debug|Win32
		{13B2D715-FFC6-4045-9ABA-1022005C2B09}.Debug|x86.Build.0 = Debug|Win32
		{13B2D715-FFC6-4045-9ABA-1022005C2B09}.Release|x64.ActiveCfg = Release|x64
		{13B2D715-FFC6-4045-9ABA-1022005C2B09}.Release|x64.Build.0 = Release|x64
		{13B2D715-FFC6-4045-9ABA-1022005C2B09}.Release|x86.ActiveCfg = Release|Win32
		{13B2D715-FFC6-4045-9ABA-1022005C2B09}.Release|x86.Build.0 = Release|Win32
		{3ECB0001-2779-4643-95D0-73C1EAC9E0BC}.Debug|x64.ActiveCfg = Debug|x64
		{3ECB0001-2779-4643-95D0-73C1EAC9E0BC}.Debug|x64.Build.0 = Debug|x64
		{3ECB0001-2779-4643-95D0-73C1EAC9E0BC}.Debug|x86.ActiveCfg = Debug|Win32
		{3ECB0001-2779-4643-95D0-73C1EAC9E0BC}.Debug|x86.Build.0 = Debug|Win32
		{3ECB0001-2779-4643-95D0-73C1EAC9E0BC}.Release|x64.ActiveCfg = Release|x64
		{3ECB0001-2779-4643-95D0-73C1EAC9E0BC}.Release|x64.Build.0 = Release|x64
		{3ECB0001-2779-4643-95D0-73C1EAC9E0BC}.Release|x86.ActiveCfg = Release|Win32
		{3ECB0001-2779-4643-95D0-73C1EAC9E0BC}.Release|x86.Build.0 = Release|Win32
		{95B2E1E4-7691-4960-AAE8-F75B0A810B9F}.Debug|x64.ActiveCfg = Debug|x64
		{95B2E1E4-7691-4960-AAE8-F75B0A810B9F}.Debug|x64.Build.0 = Debug|x64
		{95B2E1E4-7691-4960-AAE8-F75B0A810B9F}.Debug|x86.ActiveCfg = Debug|Win32
		{95B2E1E4-7691-4960-AAE8-F75B0A810B9F}.Debug|x86.Build.0 = Debug|Win32
		{95B2E1E4-7691-4960-AAE8-F75B0A810B9F}.Release|x64.ActiveCfg = Release|x64
		{95B2E1E4-7691-4960-AAE8-F75B0A810B9F}.Release|x64.Build.0 = Release|x64
		{95B2E1E4-7691-4960-AAE8-F75B0A810B9F}.Release|x86.ActiveCfg = Release|Win32
		{95B2E1E4-7691-4960-AAE8-F75B0A810B9F}.Release|x86.Build.0 = Release|Win32
		{A9524187-20A1-42D1-A4E5-20226522E204}.Debug|x64.ActiveCfg = Debug|x64
		{A9524187-20A1-42D1-A4E5-20226522E204}.Debug|x64.Build.0 = Debug|x64
		{A9524187-20A1-42D1-A4E5-20226522E204}.Debug|x86.ActiveCfg = Debug|Win32
		{A9524187-20A1-42D1-A4E5-20226522E204}.Debug|x86.Build.0 = Debug|Win32
		{A9524187-20A1-42D1-A4E5-20226522E204}.Release|x64.ActiveCfg = Release|x64
		{A9524187-20A1-42D1-A4E5-20226522E204}.Release|x64.Build.0 = Release|x64
		{A9524187-20A1-42D1-A4E5-20226522E204}.Release|x86.ActiveCfg = Release|Win32
		{A9524187-20A1-42D1-A4E5-20226522E204}.Release|x86.Build.0 = Release|Win32
		{DEAC86B5-5F49-49D7-B064-A7EC2189E0E8}.Debug|x64.ActiveCfg = Debug|x64
		{DEAC86B5-5F49-49D7-B064-A7EC2189E0E8}.Debug|x64.Build.0 = Debug|x64
		{DEAC86B5-5F49-49D7-B064-A7EC2189E0E8}.Debug|x86.ActiveCfg = Debug|Win32
		{DEAC86B5-5F49-49D7-B064-A7EC2189E0E8}.Debug|x86.Build.0 = Debug|Win32
		{DEAC86B5-5F49-49D7-B064-A7EC2189E0E8}.Release|x64.ActiveCfg = Release|x64
		{DEAC86B5-5F49-49D7-B064-A7EC2189E0E8}.Release|x64.Build.0 = Release|x64
		{DEAC86B5-5F49-49D7-B064-A7EC2189E0E8}.Release|x86.ActiveCfg = Release|Win32
		{DEAC86B5-5F49-49D7-B064-A7EC2189E0E8}.Release|x86.Build.0 = Release|Win32
		{A41B1DD7-485D-4BBE-907E-4398C0187855}.Debug|x64.ActiveCfg = Debug|x64
		{A41B1DD7-485D-4BBE-907E-4398C0187855}.Debug|x64.Build.0 = Debug|x64
		{A41B1DD7-485D-4BBE-907E-4398C0187855}.Debug|x86.ActiveCfg = Debug|Win32
		{A41B1DD7-485D-4BBE-907E-4398C0187855}.Debug|x86.Build.0 = Debug|Win32
		{A41B1DD7-485D-4BBE-907E-4398C0187855}.Release|x64.ActiveCfg = Release|x64
		{A41B1DD7-485D-4BBE-907E-4398C0187855}.Release|x64.Build.0 = Release|x64
		{A41B1DD7-485D-4BBE-907E-4398C0187855}.Release|x86.ActiveCfg = Release|Win32
		{A41B1DD7-485D-4BBE-907E-4398C0187855}.Release|x86.Build.0 = Release|Win32
		{EFDFACA2-DDC9-471D-A497-CF245F5C6EE1}.Debug|x64.ActiveCfg = Debug|x64
		{EFDFACA2-DDC9-471D-A497-CF245F5C6EE1}.Debug|x64.Build.0 = Debug|x64
		{EFDFACA2-DDC9-471D-A497-CF245F5C6EE1}.Debug|x86.ActiveCfg = Debug|Win32
		{EFDFACA2-DDC9-471D-A497-CF245F5C6EE1}.Debug|x86.Build.0 = Debug|Win32
		{EFDFACA2-DDC9-471D-A497-CF245F5C6EE1}.Release|x64.ActiveCfg = Release|x64
		{EFDFACA2-DDC9-471D-A497-CF245F5C6EE1}.Release|x64.Build.0 = Release|x64
		{EFDFACA2-DDC9-471D-A497-CF245F5C6EE1}.Release|x86.ActiveCfg = Release|Win32
		{EFDFACA2-DDC9-471D-A497-CF245F5C6EE1}.Release|x86.Build.0 = Release|Win32
		{5E2C2D3E-468D-4B2B-9273-63AF6C72D1BD}.Debug|x64.ActiveCfg = Debug|x64
		{5E2C2D3E-468D-4B2B-9273-63AF6C72D1BD}.Debug|x64.Build.0 = Debug|x64
		{5E2C2D3E-468D-4B2B-9273-63AF6C72D1BD}.Debug|x86.ActiveCfg = Debug|Win32
		{5E2C2D3E-468D-4B2B-9273-63AF6C72D1BD}.Debug|x86.Build.0 = Debug|Win32
		{5E2C2D3E-468D-4B2B-9273-63AF6C72D1BD}.Release|x64.ActiveCfg = Release|x64
		{5E2C2D3E-468D-4B2B-9273-63AF6C72D1BD}.Release|x64.Build.0 = Release|x64
		{5E2C2D3E-468D-4B2B-9273-63AF6C72D1BD}.Release|x86.ActiveCfg = Release|Win32
		{5E2C2D3E-468D-4B2B-9273-63AF6C72D1BD}.Release|x86.Build.0 = Release|Win32
		{93D63B66-3BD3-499C-864E-E86C8EDFA034}.Debug|x64.ActiveCfg = Debug|x64
		{93D63B66-3BD3-499C-864E-E86C8EDFA034}.Debug|x64.Build.0 = Debug|x64
		{93D63B66-3BD3-499C-864E-E86C8EDFA034}.Debug|x86.ActiveCfg = Debug|Win32
		{93D63B66-3BD3-499C-864E-E86C8EDFA034}.Debug|x86.Build.0 = Debug|Win32
		{93D63B66-3BD3-499C-864E-E86C8EDFA034}.Release|x64.ActiveCfg = Release|x64
		{93D63B66-3BD3-499C-864E-E86C8EDFA034}.Release|x64.Build.0 = Release|x64
		{93D63B66-3BD3-499C-864E-E86C8EDFA034}.Release|x86.ActiveCfg = Release|Win32
		{93D63B66-3BD3-499C-864E-E86C8EDFA034}.Release|x86.Build.0 = Release|Win32
		{137240DF-A69D-4F64-92AB-7C2CF7E9D5D9}.Debug|x64.ActiveCfg = Debug|x64
		{137240DF-A69D-4F64-92AB-7C2CF7E9D5D9}.Debug|x64.Build.0 = Debug|x64
		{137240DF-A69D-4F64-92AB-7C2CF7E9D5D9}.Debug|x86.ActiveCfg = Debug|Win32
		{137240DF-A69D-4F64-92AB-7C2CF7E9D5D9}.Debug|x86.Build.0 = Debug|Win32
		{137240DF-A69D-4F64-92AB-7C2CF7E9D5D9}.Release|x64.ActiveCfg = Release|x64
		{137240DF-A69D-4F64-92AB-7C2CF7E9D5D9}.Release|x64.Build.0 = Release|x64
		{137240DF-A69D-4F64-92AB-7C2CF7E9D5D9}.Release|x86.ActiveCfg = Release|Win32
		{137240DF-A69D-4F64-92AB-7C2CF7E9D5D9}.Release|x86.Build.0 = Release|Win32
		{C97F0EE6-2ADB-4434-B1F8-DA19C402DD36}.Debug|x64.ActiveCfg = Debug|x64
		{C97F0EE6-2ADB-4434-B1F8-DA19C402DD36}.Debug|x64.Build.0 = Debug|x64
		{C97F0EE6-2ADB-4434-B1F8-DA19C402DD36}.Debug|x86.ActiveCfg = Debug|Win32
		{C97F0EE6-2ADB-4434-B1F8-DA19C402DD36}.Debug|x86.Build.0 = Debug|Win32
		{C97F0EE6-2ADB-4434-B1F8-DA19C402DD36}.Release|x64.ActiveCfg = Release|x64
		{C97F0EE6-2ADB-4434-B1F8-DA19C402DD36}.Release|x64.Build.0 = Release|x64
		{C97F0EE6-2ADB-4434-B1F8-DA19C402DD36}.Release|x86.ActiveCfg = Release|Win32
		{C97F0EE6-2ADB-4434-B1F8-DA19C402DD36}.Release|x86.Build.0 = Release|Win32
		{F1421AD8-C2D7-43A5-91CC-328352134B04}.Debug|x64.ActiveCfg = Debug|x64
		{F1421AD8-C2D7-43A5-91CC-328352134B04}.Debug|x64.Build.0 = Debug|x64
		{F1421AD8-C2D7-43A5-91CC-328352134B04}.Debug|x86.ActiveCfg = Debug|Win32
		{F1421AD8-C2D7-43A5-91CC-328352134B04}.Debug|x86.Build.0 = Debug|Win32
		{F1421AD8-C2D7-43A5-91CC-328352134B04}.Release|x64.ActiveCfg = Release|x64
		{F1421AD8-C2D7-43A5-91CC-328352134B04}.Release|x64.Build.0 = Release|x64
		{F1421AD8-C2D7-43A5-91CC-328352134B04}.Release|x86.ActiveCfg = Release|Win32
		{F1421AD8-C2D7-43A5-91CC-328352134B04}.Release|x86.Build.0 = Release|Win32
		{A9119672-5ACD-4F76-BAE5-A74C035918B1}.Debug|x64.ActiveCfg = Debug|x64
		{A9119672-5ACD-4F76-BAE5-A74C035918B1}.Debug|x64.Build.0 = Debug|x64
		{A9119672-5ACD-4F76-BAE5-A74C035918B1}.Debug|x86.ActiveCfg = Debug|Win32
		{A9119672-5ACD-4F76-BAE5-A74C035918B1}.Debug|x86.Build.0 = Debug|Win32
		{A9119672-5ACD-4F76-BAE5-A74C035918B1}.Release|x64.ActiveCfg = Release|x64
		{A9119672-5ACD-4F76-BAE5-A74C035918B1}.Release|x64.Build.0 = Release|x64
		{A9119672-5ACD-4F76-BAE5-A74C035918B1}.Release|x86.ActiveCfg = Release|Win32
		{A9119672-5ACD-4F76-BAE5-A74C035918B1}.Release|x86.Build.0 = Release|Win32
		{210032A4-2F60-4703-AE55-167AC0434341}.Debug|x64.ActiveCfg = Debug|x64
		{210032A4-2F60-4703-AE55-167AC0434341}.Debug|x64.Build.0 = Debug|x64
		{210032A4-2F60-4703-AE55-167AC0434341}.Debug|x86.ActiveCfg = Debug|Win32
		{210032A4-2F60-4703-AE55-167AC0434341}.Debug|x86.Build.0 = Debug|Win32
		{210032A4-2F60-4703-AE55-167AC0434341}.Release|x64.ActiveCfg = Release|x64
		{210032A4-2F60-4703-AE55-167AC0434341}.Release|x64.Build.0 = Release|x64
		{210032A4-2F60-4703-AE55-167AC0434341}.Release|x86.ActiveCfg = Release|Win32
		{210032A4-2F60-4703-AE55-167AC0434341}.Release|x86.Build.0 = Release|Win32
		{6A20D579-18D3-412A-A3E2-20D5C13FDA2F}.Debug|x64.ActiveCfg = Debug|x64
		{6A20D579-18D3-412A-A3E2-20D5C13FDA2F}.Debug|x64.Build.0 = Debug|x64
		{6A20D579-18D3-412A-A3E2-20D5C13FDA2F}.Debug|x86.ActiveCfg = Debug|Win32
		{6A20D579-18D3-412A-A3E2-20D5C13FDA2F}.Debug|x86.Build.0 = Debug|Win32
		{6A20D579-18D3-412A-A3E2-20D5C13FDA2F}.Release|x64.ActiveCfg = Release|x64
		{6A20D579-18D3-412A-A3E2-20D5C13FDA2F}.Release|x64.Build.0 = Release|x64
		{6A20D579-18D3-412A-A3E2-20D5C13FDA2F}.Release|x86.ActiveCfg = Release|Win32
		{6A20D579-18D3-412A-A3E2-20D5C13FDA2F}.Release|x86.Build.0 = Release|Win32
		{771901E2-A8D9-4B63-97CB-B07E2BD90EEF}.Debug|x64.ActiveCfg = Debug|x64
		{771901E2-A8D9-4B63-97CB-B07E2BD90EEF}.Debug|x64.Build.0 = Debug|x64
		{771901E2-A8D9-4B63-97CB-B07E2BD90EEF}.Debug|x86.ActiveCfg = Debug|Win32
		{771901E2-A8D9-4B63-97CB-B07E2BD90EEF}.Debug|x86.Build.0 = Debug|Win32
		{771901E2-A8D9-4B63-97CB-B07E2BD90EEF}.Release|x64.ActiveCfg = Release|x64
		{771901E2-A8D9-4B63-97CB-B07E2BD90EEF}.Release|x64.Build.0 = Release|x64
		{771901E2-A8D9-4B63-97CB-B07E2BD90EEF}.Release|x86.ActiveCfg = Release|Win32
		{771901E2-A8D9-4B63-97CB-B07E2BD90EEF}.Release|x86.Build.0 = Release|Win32
		{9EB95E54-C67E-4402-9513-E69B8C58D663}.Debug|x64.ActiveCfg = Debug|x64
		{9EB95E54-C67E-4402-9513-E69B8C58D663}.Debug|x64.Build.0 = Debug|x64
		{9EB95E54-C67E-4402-9513-E69B8C58D663}.Debug|x86.ActiveCfg = Debug|Win32
		{9EB95E54-C67E-4402-9513-E69B8C58D663}.Debug|x86.Build.0 = Debug|Win32
		{9EB95E54-C67E-4402-9513-E69B8C58D663}.Release|x64.ActiveCfg = Release|x64
		{9EB95E54-C67E-4402-9513-E69B8C58D663}.Release|x64.Build.0 = Release|x64
		{9EB95E54-C67E-4402-9513-E69B8C58D663}.Release|x86.ActiveCfg = Release|Win32
		{9EB95E54-C67E-4402-9513-E69B8C58D663}.Release|x86.Build.0 = Release|Win32
		{5B5F6465-C673-4A73-A217-B23810A783CB}.Debug|x64.ActiveCfg = Debug|x64
		{5B5F6465-C673-4A73-A217-B23810A783CB}.Debug|x64.Build.0 = Debug|x64
		{5B5F6465-C673-4A73-A217-B23810A783CB}.Debug|x86.ActiveCfg = Debug|Win32
		{5B5F6465-C673-4A73-A217-B23810A783CB}.Debug|x86.Build.0 = Debug|Win32
		{5B5F6465-C673-4A73-A217-B23810A783CB}.Release|x64.ActiveCfg = Release|x64
		{5B5F6465-C673-4A73-A217-B23810A783CB}.Release|x64.Build.0 = Release|x64
		{5B5F6465-C673-4A73-A217-B23810A783CB}.Release|x86.ActiveCfg = Release|Win32
		{5B5F6465-C673-4A73-A217-B23810A783CB}.Release|x86.Build.0 = Release|Win32
		{B28B5934-993C-420F-B7A4-5D2484C358D1}.Debug|x64.ActiveCfg = Debug|x64
		{B28B5934-993C-420F-B7A4-5D2484C358D1}.Debug|x64.Build.0 = Debug|x64
		{B28B5934-993C-420F-B7A4-5D2484C358D1}.Debug|x86.ActiveCfg = Debug|Win32
		{B28B5934-993C-420F-B7A4-5D2484C358D1}.Debug|x86.Build.0 = Debug|Win32
		{B28B5934-993C-420F-B7A4-5D2484C358D1}.Release|x64.ActiveCfg = Release|x64
		{B28B5934-993C-420F-B7A4-5D2484C358D1}.Release|x64.Build.0 = Release|x64
		{B28B5934-993C-420F-B7A4-5D2484C358D1}.Release|x86.ActiveCfg = Release|Win32
		{B28B5934-993C-420F-B7A4-5D2484C358D1}.Release|x86.Build.0 = Release|Win32
		{33A381E3-BBCC-4E37-AC18-FDC28E1F91D2}.Debug|x64.ActiveCfg = Debug|x64
		{33A381E3-BBCC-4E37-AC18-FDC28E1F91D2}.Debug|x64.Build.0 = Debug|x64
		{33A381E3-BBCC-4E37-AC18-FDC28E1F91D2}.Debug|x86.ActiveCfg = Debug|Win32
		{33A381E3-BBCC-4E37-AC18-FDC28E1F91D2}.Debug|x86.Build.0 = Debug|Win32
		{33A381E3-BBCC-4E37-AC18-FDC28E1F91D2}.Release|x64.ActiveCfg = Release|x64
		{33A381E3-BBCC-4E37-AC18-FDC28E1F91D2}.Release|x64.Build.0 = Release|x64
		{33A381E3-BBCC-4E37-AC18-FDC28E1F91D2}.Release|x86.ActiveCfg = Release|Win32
		{33A381E3-BBCC-4E37-AC18-FDC28E1F91D2}.Release|x86.Build.0 = Release|Win32
		{D4BDCD38-32FA-497D-BFDC-CB7535C78590}.Debug|x64.ActiveCfg = Debug|x64
		{D4BDCD38-32FA-497D-BFDC-CB7535C78590}.Debug|x64.Build.0 = Debug|x64
		{D4BDCD38-32FA-497D-BFDC-CB7535C78590}.Debug|x86.ActiveCfg = Debug|Win32
		{D4BDCD38-32FA-497D-BFDC-CB7535C78590}.Debug|x86.Build.0 = Debug|Win32
		{D4BDCD38-32FA-497D-BFDC-CB7535C78590}.Release|x64.ActiveCfg = Release|x64
		{D4BDCD38-32FA-497D-BFDC-CB7535C78590}.Release|x64.Build.0 = Release|x64
		{D4BDCD38-32FA-497D-BFDC-CB7535C78590}.Release|x86.ActiveCfg = Release|Win32
		{D4BDCD38-32FA-497D-BFDC-CB7535C78590}.Release|x86.Build.0 = Release|Win32
		{48EE82CC-82EA-4680-9EC3-59DF227C8FC6}.Debug|x64.ActiveCfg = Debug|x64
		{48EE82CC-82EA-4680-9EC3-59DF227C8FC6}.Debug|x64.Build.0 = Debug|x64
		{48EE82CC-82EA-4680-9EC3-59DF227C8FC6}.Debug|x86.ActiveCfg = Debug|Win32
		{48EE82CC-82EA-4680-9EC3-59DF227C8FC6}.Debug|x86.Build.0 = Debug|Win32
		{48EE82CC-82EA-4680-9EC3-59DF227C8FC6}.Release|x64.ActiveCfg = Release|x64
		{48EE82CC-82EA-4680-9EC3-59DF227C8FC6}.Release|x64.Build.0 = Release|x64
		{48EE82CC-82EA-4680-9EC3-59DF227C8FC6}.Release|x86.ActiveCfg = Release|Win32
		{48EE82CC-82EA-4680-9EC3-59DF227C8FC6}.Release|x86.Build.0 = Release|Win32
		{22294E68-A26A-4EF9-8468-D3E359583453}.Debug|x64.ActiveCfg = Debug|x64
		{22294E68-A26A-4EF9-8468-D3E359583453}.Debug|x64.Build.0 = Debug|x64
		{22294E68-A26A-4EF9-8468-D3E359583453}.Debug|x86.ActiveCfg = Debug|Win32
		{22294E68-A26A-4EF9-8468-D3E359583453}.Debug|x86.Build.0 = Debug|Win32
		{22294E68-A26A-4EF9-8468-D3E359583453}.Release|x64.ActiveCfg = Release|x64
		{22294E68-A26A-4EF9-8468-D3E359583453}.Release|x64.Build.0 = Release|x64
		{22294E68-A26A-4EF9-8468-D3E359583453}.Release|x86.ActiveCfg = Release|Win32
		{22294E68-A26A-4EF9-8468-D3E359583453}.Release|x86.Build.0 = Release|Win32
		{6458BC2A-CFF6-413B-9DB6-38693D58C9F5}.Debug|x64.ActiveCfg = Debug|x64
		{6458BC2A-CFF6-413B-9DB6-38693D58C9F5}.Debug|x64.Build.0 = Debug|x64
		{6458BC2A-CFF6-413B-9DB6-38693D58C9F5}.Debug|x86.ActiveCfg = Debug|Win32
		{6458BC2A-CFF6-413B-9DB6-38693D58C9F5}.Debug|x86.Build.0 = Debug|Win32
		{6458BC2A-CFF6-413B-9DB6-38693D58C9F5}.Release|x64.ActiveCfg = Release|x64
		{6458BC2A-CFF6-413B-9DB6-38693D58C9F5}.Release|x64.Build.0 = Release|x64
		{6458BC2A-CFF6-413B-9DB6-38693D58C9F5}.Release|x86.ActiveCfg = Release|Win32
		{6458BC2A-CFF6-413B-9DB6-38693D58C9F5}.Release|x86.Build.0 = Release|Win32
		{76CF997E-252D-4357-A3D5-77B979870E6F}.Debug|x64.ActiveCfg = Debug|x64
		{76CF997E-252D-4357-A3D5-77B979870E6F}.Debug|x64.Build.0 = Debug|x64
		{76CF997E-252D-4357-A3D5-77B979870E6F}.Debug|x86.ActiveCfg = Debug|Win32
		{76CF997E-252D-4357-A3D5-77B979870E6F}.Debug|x86.Build.0 = Debug|Win32
		{76CF997E-252D-4357-A3D5-77B979870E6F}.Release|x64.ActiveCfg = Release|x64
		{76CF997E-252D-4357-A3D5-77B979870E6F}.Release|x64.Build.0 = Release|x64
		{76CF997E-252D-4357-A3D5-77B979870E6F}.Release|x86.ActiveCfg = Release|Win32
		{76CF997E-252D-4357-A3D5-77B979870E6F}.Release|x86.Build.0 = Release|Win32
		{00E404AA-F9E2-4581-9917-CC1E11C88213}.Debug|x64.ActiveCfg = Debug|x64
		{00E404AA-F9E2-4581-9917-CC1E11C88213}.Debug|x64.Build.0 = Debug|x64
		{00E404AA-F9E2-4581-9917-CC1E11C88213}.Debug|x86.ActiveCfg = Debug|Win32
		{00E404AA-F9E2-4581-9917-CC1E11C88213}.Debug|x86.Build.0 = Debug|Win32
		{00E404AA-F9E2-4581-9917-CC1E11C88213}.Release|x64.ActiveCfg = Release|x64
		{00E404AA-F9E2-4581-9917-CC1E11C88213}.Release|x64.Build.0 = Release|x64
		{00E404AA-F9E2-4581-9917-CC1E11C88213}.Release|x86.ActiveCfg = Release|Win32
		{00E404AA-F9E2-4581-9917-CC1E11C88213}.Release|x86.Build.0 = Release|Win32
		{4645C500-0561-4D97-BC7B-F59DBEB60B02}.Debug|x64.ActiveCfg = Debug|x64
		{4645C500-0561-4D97-BC7B-F59DBEB60B02}.Debug|x64.Build.0 = Debug|x64
		{4645C500-0561-4D97-BC7B-F59DBEB60B02}.Debug|x86.ActiveCfg = Debug|Win32
		{4645C500-0561-4D97-BC7B-F59DBEB60B02}.Debug|x86.Build.0 = Debug|Win32
		{4645C500-0561-4D97-BC7B-F59DBEB60B02}.Release|x64.ActiveCfg = Release|x64
		{4645C500-0561-4D97-BC7B-F59DBEB60B02}.Release|x64.Build.0 = Release|x64
		{4645C500-0561-4D97-BC7B-F59DBEB60B02}.Release|x86.ActiveCfg = Release|Win32
		{4645C500-0561-4D97-BC7B-F59DBEB60B02}.Release|x86.Build.0 = Release|Win32
		{A888C06A-BD62-470C-B5FD-9558AA0510CE}.Debug|x64.ActiveCfg = Debug|x64
		{A888C06A-BD62-470C-B5FD-9558AA0510CE}.Debug|x64.Build.0 = Debug|x64
		{A888C06A-BD62-470C-B5FD-9558AA0510CE}.Debug|x86.ActiveCfg = Debug|Win32
		{A888C06A-BD62-470C-B5FD-9558AA0510CE}.Debug|x86.Build.0 = Debug|Win32
		{A888C06A-BD62-470C-B5FD-9558AA0510CE}.Release|x64.ActiveCfg = Release|x64
		{A888C06A-BD62-470C-B5FD-9558AA0510CE}.Release|x64.Build.0 = Release|x64
		{A888C06A-BD62-470C-B5FD-9558AA0510CE}.Release|x86.ActiveCfg = Release|Win32
		{A888C06A-BD62-470C-B5FD-9558AA0510CE}.Release|x86.Build.0 = Release|Win32
	EndGlobalSection
	GlobalSection(SolutionProperties) = preSolution
		HideSolutionNode = FALSE
	EndGlobalSection
	GlobalSection(ExtensibilityGlobals) = postSolution
		SolutionGuid = {795FDDD3-49B4-4A8C-8D25-89CB80B0F5E9}
	EndGlobalSection
EndGlobal
