
Microsoft Visual Studio Solution File, Format Version 12.00
# Visual Studio Version 17
VisualStudioVersion = 17.1.32228.430
MinimumVisualStudioVersion = 10.0.40219.1
Project("{8BC9CEB8-8B4A-11D0-8D11-00A0C91BC942}") = "Euler_Helpers", "Euler_Helpers\Euler_Helpers.vcxproj", "{AE2686DC-4D0F-446A-83EA-E91F42B73D32}"
EndProject
Project("{8BC9CEB8-8B4A-11D0-8D11-00A0C91BC942}") = "Helper_Tests", "Helper_Tests\Helper_Tests.vcxproj", "{5FC84EB7-F4CB-45FD-BCF3-C234EBBA9DD6}"
EndProject
Project("{8BC9CEB8-8B4A-11D0-8D11-00A0C91BC942}") = "ProjectEuler0051", "ProjectEuler0051\ProjectEuler0051.vcxproj", "{56EC210A-6ADA-4326-B9C0-255BB497941B}"
EndProject
Project("{8BC9CEB8-8B4A-11D0-8D11-00A0C91BC942}") = "ProjectEuler0052", "ProjectEuler0052\ProjectEuler0052.vcxproj", "{24D97534-C5C6-4679-B5B2-09759BF57E2C}"
EndProject
Project("{8BC9CEB8-8B4A-11D0-8D11-00A0C91BC942}") = "ProjectEuler0053", "ProjectEuler0053\ProjectEuler0053.vcxproj", "{99298EB5-14BD-47B9-ADB2-AD56BE96B827}"
EndProject
Project("{8BC9CEB8-8B4A-11D0-8D11-00A0C91BC942}") = "ProjectEuler0054", "ProjectEuler0054\ProjectEuler0054.vcxproj", "{812B7E29-BBEB-4D6C-B3E5-0FD02816EA8F}"
EndProject
Project("{8BC9CEB8-8B4A-11D0-8D11-00A0C91BC942}") = "ProjectEuler0055", "ProjectEuler0055\ProjectEuler0055.vcxproj", "{7FE17C2B-DD50-432F-9F1A-F80DE9F76A65}"
EndProject
Project("{8BC9CEB8-8B4A-11D0-8D11-00A0C91BC942}") = "ProjectEuler0056", "ProjectEuler0056\ProjectEuler0056.vcxproj", "{CCF2CCC7-A20E-47D1-BF65-94F3908B4705}"
EndProject
Project("{8BC9CEB8-8B4A-11D0-8D11-00A0C91BC942}") = "ProjectEuler0057", "ProjectEuler0057\ProjectEuler0057.vcxproj", "{EAE96AC3-9648-4499-82B8-E90403C4601F}"
EndProject
Project("{8BC9CEB8-8B4A-11D0-8D11-00A0C91BC942}") = "ProjectEuler0058", "ProjectEuler0058\ProjectEuler0058.vcxproj", "{13D1C1CF-9C50-4CC3-8D53-748BB915CACA}"
EndProject
Project("{8BC9CEB8-8B4A-11D0-8D11-00A0C91BC942}") = "ProjectEuler0059", "ProjectEuler0059\ProjectEuler0059.vcxproj", "{A3818B44-F31B-48DB-BDD5-3B1F5C4CB69A}"
EndProject
Project("{8BC9CEB8-8B4A-11D0-8D11-00A0C91BC942}") = "ProjectEuler0060", "ProjectEuler0060\ProjectEuler0060.vcxproj", "{DF811859-0E9A-40EE-86FA-F4AA4B3F179F}"
EndProject
Project("{8BC9CEB8-8B4A-11D0-8D11-00A0C91BC942}") = "ProjectEuler0061", "ProjectEuler0061\ProjectEuler0061.vcxproj", "{F51B14DB-35DD-4861-82BF-42C2CA25F87B}"
EndProject
Project("{8BC9CEB8-8B4A-11D0-8D11-00A0C91BC942}") = "ProjectEuler0062", "ProjectEuler0062\ProjectEuler0062.vcxproj", "{4B89FBD0-A05E-4D11-B8AC-FCF93483794A}"
EndProject
Project("{8BC9CEB8-8B4A-11D0-8D11-00A0C91BC942}") = "ProjectEuler0063", "ProjectEuler0063\ProjectEuler0063.vcxproj", "{E13169E4-21AF-48CD-8714-128425C4A67B}"
EndProject
Project("{8BC9CEB8-8B4A-11D0-8D11-00A0C91BC942}") = "ProjectEuler0064", "ProjectEuler0064\ProjectEuler0064.vcxproj", "{3418CC0E-7AB7-4EC1-826A-37FCE83252E9}"
EndProject
Project("{8BC9CEB8-8B4A-11D0-8D11-00A0C91BC942}") = "ProjectEuler0065", "ProjectEuler0065\ProjectEuler0065.vcxproj", "{24140899-BBFA-4BD2-BD68-0AB74525EAFB}"
EndProject
Project("{8BC9CEB8-8B4A-11D0-8D11-00A0C91BC942}") = "ProjectEuler0066", "ProjectEuler0066\ProjectEuler0066.vcxproj", "{ED71CF81-F9A6-4A9E-BC1C-0796CB691ACB}"
EndProject
Project("{8BC9CEB8-8B4A-11D0-8D11-00A0C91BC942}") = "ProjectEuler0067", "ProjectEuler0067\ProjectEuler0067.vcxproj", "{DE26265C-A0E1-4E9A-83D2-35F8F84EE422}"
EndProject
Project("{8BC9CEB8-8B4A-11D0-8D11-00A0C91BC942}") = "ProjectEuler0068", "ProjectEuler0068\ProjectEuler0068.vcxproj", "{62F5B0AC-476C-425E-9C3E-78A678A26477}"
EndProject
Project("{8BC9CEB8-8B4A-11D0-8D11-00A0C91BC942}") = "ProjectEuler0069", "ProjectEuler0069\ProjectEuler0069.vcxproj", "{4D196D35-A38E-4CE6-B733-F995C14F2EA3}"
EndProject
Project("{8BC9CEB8-8B4A-11D0-8D11-00A0C91BC942}") = "ProjectEuler0070", "ProjectEuler0070\ProjectEuler0070.vcxproj", "{3605179A-029A-4A21-BD6F-78CABB07B2C4}"
EndProject
Project("{8BC9CEB8-8B4A-11D0-8D11-00A0C91BC942}") = "ProjectEuler0071", "ProjectEuler0071\ProjectEuler0071.vcxproj", "{13B2D715-FFC6-4045-9ABA-1022005C2B09}"
EndProject
Project("{8BC9CEB8-8B4A-11D0-8D11-00A0C91BC942}") = "ProjectEuler0072", "ProjectEuler0072\ProjectEuler0072.vcxproj", "{3ECB0001-2779-4643-95D0-73C1EAC9E0BC}"
EndProject
Project("{8BC9CEB8-8B4A-11D0-8D11-00A0C91BC942}") = "ProjectEuler0073", "ProjectEuler0073\ProjectEuler0073.vcxproj", "{95B2E1E4-7691-4960-AAE8-F75B0A810B9F}"
EndProject
Project("{8BC9CEB8-8B4A-11D0-8D11-00A0C91BC942}") = "ProjectEuler0074", "ProjectEuler0074\ProjectEuler0074.vcxproj", "{A9524187-20A1-42D1-A4E5-20226522E204}"
EndProject
Project("{8BC9CEB8-8B4A-11D0-8D11-00A0C91BC942}") = "ProjectEuler0075", "ProjectEuler0075\ProjectEuler0075.vcxproj", "{DEAC86B5-5F49-49D7-B064-A7EC2189E0E8}"
EndProject
Project("{8BC9CEB8-8B4A-11D0-8D11-00A0C91BC942}") = "ProjectEuler0076", "ProjectEuler0076\ProjectEuler0076.vcxproj", "{A41B1DD7-485D-4BBE-907E-4398C0187855}"
EndProject
Project("{8BC9CEB8-8B4A-11D0-8D11-00A0C91BC942}") = "ProjectEuler0077", "ProjectEuler0077\ProjectEuler0077.vcxproj", "{EFDFACA2-DDC9-471D-A497-CF245F5C6EE1}"
EndProject
Project("{8BC9CEB8-8B4A-11D0-8D11-00A0C91BC942}") = "ProjectEuler0078", "ProjectEuler0078\ProjectEuler0078.vcxproj", "{5E2C2D3E-468D-4B2B-9273-63AF6C72D1BD}"
EndProject
Project("{8BC9CEB8-8B4A-11D0-8D11-00A0C91BC942}") = "ProjectEuler0079", "ProjectEuler0079\ProjectEuler0079.vcxproj", "{93D63B66-3BD3-499C-864E-E86C8EDFA034}"
EndProject
Project("{8BC9CEB8-8B4A-11D0-8D11-00A0C91BC942}") = "ProjectEuler0080", "ProjectEuler0080\ProjectEuler0080.vcxproj", "{137240DF-A69D-4F64-92AB-7C2CF7E9D5D9}"
EndProject
Project("{8BC9CEB8-8B4A-11D0-8D11-00A0C91BC942}") = "ProjectEuler0081", "ProjectEuler0081\ProjectEuler0081.vcxproj", "{C97F0EE6-2ADB-4434-B1F8-DA19C402DD36}"
EndProject
Project("{8BC9CEB8-8B4A-11D0-8D11-00A0C91BC942}") = "ProjectEuler0082", "ProjectEuler0082\ProjectEuler0082.vcxproj", "{F1421AD8-C2D7-43A5-91CC-328352134B04}"
EndProject
Project("{8BC9CEB8-8B4A-11D0-8D11-00A0C91BC942}") = "ProjectEuler0083", "ProjectEuler0083\ProjectEuler0083.vcxproj", "{A9119672-5ACD-4F76-BAE5-A74C035918B1}"
EndProject
Project("{8BC9CEB8-8B4A-11D0-8D11-00A0C91BC942}") = "ProjectEuler0084", "ProjectEuler0084\ProjectEuler0084.vcxproj", "{210032A4-2F60-4703-AE55-167AC0434341}"
EndProject
Project("{8BC9CEB8-8B4A-11D0-8D11-00A0C91BC942}") = "ProjectEuler0085", "ProjectEuler0085\ProjectEuler0085.vcxproj", "{6A20D579-18D3-412A-A3E2-20D5C13FDA2F}"
EndProject
Project("{8BC9CEB8-8B4A-11D0-8D11-00A0C91BC942}") = "ProjectEuler0086", "ProjectEuler0086\ProjectEuler0086.vcxproj", "{771901E2-A8D9-4B63-97CB-B07E2BD90EEF}"
EndProject
Project("{8BC9CEB8-8B4A-11D0-8D11-00A0C91BC942}") = "ProjectEuler0087", "ProjectEuler0087\ProjectEuler0087.vcxproj", "{9EB95E54-C67E-4402-9513-E69B8C58D663}"
EndProject
Project("{8BC9CEB8-8B4A-11D0-8D11-00A0C91BC942}") = "ProjectEuler0088", "ProjectEuler0088\ProjectEuler0088.vcxproj", "{5B5F6465-C673-4A73-A217-B23810A783CB}"
EndProject
Project("{8BC9CEB8-8B4A-11D0-8D11-00A0C91BC942}") = "ProjectEuler0089", "ProjectEuler0089\ProjectEuler0089.vcxproj", "{B28B5934-993C-420F-B7A4-5D2484C358D1}"
EndProject
Project("{8BC9CEB8-8B4A-11D0-8D11-00A0C91BC942}") = "ProjectEuler0090", "ProjectEuler0090\ProjectEuler0090.vcxproj", "{33A381E3-BBCC-4E37-AC18-FDC28E1F91D2}"
EndProject
Project("{8BC9CEB8-8B4A-11D0-8D11-00A0C91BC942}") = "ProjectEuler0091", "ProjectEuler0091\ProjectEuler0091.vcxproj", "{D4BDCD38-32FA-497D-BFDC-CB7535C78590}"
EndProject
Project("{8BC9CEB8-8B4A-11D0-8D11-00A0C91BC942}") = "ProjectEuler0092", "ProjectEuler0092\ProjectEuler0092.vcxproj", "{48EE82CC-82EA-4680-9EC3-59DF227C8FC6}"
EndProject
Project("{8BC9CEB8-8B4A-11D0-8D11-00A0C91BC942}") = "ProjectEuler0093", "ProjectEuler0093\ProjectEuler0093.vcxproj", "{22294E68-A26A-4EF9-8468-D3E359583453}"
EndProject
Project("{8BC9CEB8-8B4A-11D0-8D11-00A0C91BC942}") = "ProjectEuler0094", "ProjectEuler0094\ProjectEuler0094.vcxproj", "{6458BC2A-CFF6-413B-9DB6-38693D58C9F5}"
EndProject
Project("{8BC9CEB8-8B4A-11D0-8D11-00A0C91BC942}") = "ProjectEuler0095", "ProjectEuler0095\ProjectEuler0095.vcxproj", "{76CF997E-252D-4357-A3D5-77B979870E6F}"
EndProject
Project("{8BC9CEB8-8B4A-11D0-8D11-00A0C91BC942}") = "ProjectEuler0096", "ProjectEuler0096\ProjectEuler0096.vcxproj", "{00E404AA-F9E2-4581-9917-CC1E11C88213}"
EndProject
Project("{8BC9CEB8-8B4A-11D0-8D11-00A0C91BC942}") = "ProjectEuler0097", "ProjectEuler0097\ProjectEuler0097.vcxproj", "{4645C500-0561-4D97-BC7B-F59DBEB60B02}"
EndProject
Project("{8BC9CEB8-8B4A-11D0-8D11-00A0C91BC942}") = "ProjectEuler0098", "ProjectEuler0098\ProjectEuler0098.vcxproj", "{A888C06A-BD62-470C-B5FD-9558AA0510CE}"
EndProject
Project("{8BC9CEB8-8B4A-11D0-8D11-00A0C91BC942}") = "ProjectEuler0099", "ProjectEuler0099\ProjectEuler0099.vcxproj", "{31AEEE7C-3C21-4C91-93E2-01F28E3C5CEA}"
EndProject
Project("{8BC9CEB8-8B4A-11D0-8D11-00A0C91BC942}") = "ProjectEuler0100", "ProjectEuler0100\ProjectEuler0100.vcxproj", "{9793754D-7A7D-4A44-893E-D7EFB923E335}"
EndProject
Global
	GlobalSection(SolutionConfigurationPlatforms) = preSolution
		Debug|x64 = Debug|x64
		Debug|x86 = Debug|x86
		Release|x64 = Release|x64
		Release|x86 = Release|x86
	EndGlobalSection
	GlobalSection(ProjectConfigurationPlatforms) = postSolution
		{AE2686DC-4D0F-446A-83EA-E91F42B73D32}.Debug|x64.ActiveCfg = Debug|x64
		{AE2686DC-4D0F-446A-83EA-E91F42B73D32}.Debug|x64.Build.0 = Debug|x64
		{AE2686DC-4D0F-446A-83EA-E91F42B73D32}.Debug|x86.ActiveCfg = Debug|Win32
		{AE2686DC-4D0F-446A-83EA-E91F42B73D32}.Debug|x86.Build.0 = Debug|Win32
		{AE2686DC-4D0F-446A-83EA-E91F42B73D32}.Release|x64.ActiveCfg = Release|x64
		{AE2686DC-4D0F-446A-83EA-E91F42B73D32}.Release|x64.Build.0 = Release|x64
		{AE2686DC-4D0F-446A-83EA-E91F42B73D32}.Release|x86.ActiveCfg = Release|Win32
		{AE2686DC-4D0F-446A-83EA-E91F42B73D32}.Release|x86.Build.0 = Release|Win32
		{5FC84EB7-F4CB-45FD-BCF3-C234EBBA9DD6}.Debug|x64.ActiveCfg = Debug|x64
		{5FC84EB7-F4CB-45FD-BCF3-C234EBBA9DD6}.Debug|x64.Build.0 = Debug|x64
		{5FC84EB7-F4CB-45FD-BCF3-C234EBBA9DD6}.Debug|x86.ActiveCfg = Debug|Win32
		{5FC84EB7-F4CB-45FD-BCF3-C234EBBA9DD6}.Debug|x86.Build.0 = Debug|Win32
		{5FC84EB7-F4CB-45FD-BCF3-C234EBBA9DD6}.Release|x64.ActiveCfg = Release|x64
		{5FC84EB7-F4CB-45FD-BCF3-C234EBBA9DD6}.Release|x64.Build.0 = Release|x64
		{5FC84EB7-F4CB-45FD-BCF3-C234EBBA9DD6}.Release|x86.ActiveCfg = Release|Win32
		{5FC84EB7-F4CB-45FD-BCF3-C234EBBA9DD6}.Release|x86.Build.0 = Release|Win32
		{56EC210A-6ADA-4326-B9C0-255BB497941B}.Debug|x64.ActiveCfg = Debug|x64
		{56EC210A-6ADA-4326-B9C0-255BB497941B}.Debug|x64.Build.0 = Debug|x64
		{56EC210A-6ADA-4326-B9C0-255BB497941B}.Debug|x86.ActiveCfg = Debug|Win32
		{56EC210A-6ADA-4326-B9C0-255BB497941B}.Debug|x86.Build.0 = Debug|Win32
		{56EC210A-6ADA-4326-B9C0-255BB497941B}.Release|x64.ActiveCfg = Release|x64
		{56EC210A-6ADA-4326-B9C0-255BB497941B}.Release|x64.Build.0 = Release|x64
		{56EC210A-6ADA-4326-B9C0-255BB497941B}.Release|x86.ActiveCfg = Release|Win32
		{56EC210A-6ADA-4326-B9C0-255BB497941B}.Release|x86.Build.0 = Release|Win32
		{24D97534-C5C6-4679-B5B2-09759BF57E2C}.Debug|x64.ActiveCfg = Debug|x64
		{24D97534-C5C6-4679-B5B2-09759BF57E2C}.Debug|x64.Build.0 = Debug|x64
		{24D97534-C5C6-4679-B5B2-09759BF57E2C}.Debug|x86.ActiveCfg = Debug|Win32
		{24D97534-C5C6-4679-B5B2-09759BF57E2C}.Debug|x86.Build.0 = Debug|Win32
		{24D97534-C5C6-4679-B5B2-09759BF57E2C}.Release|x64.ActiveCfg = Release|x64
		{24D97534-C5C6-4679-B5B2-09759BF57E2C}.Release|x64.Build.0 = Release|x64
		{24D97534-C5C6-4679-B5B2-09759BF57E2C}.Release|x86.ActiveCfg = Release|Win32
		{24D97534-C5C6-4679-B5B2-09759BF57E2C}.Release|x86.Build.0 = Release|Win32
		{99298EB5-14BD-47B9-ADB2-AD56BE96B827}.Debug|x64.ActiveCfg = Debug|x64
		{99298EB5-14BD-47B9-ADB2-AD56BE96B827}.Debug|x64.Build.0 = Debug|x64
		{99298EB5-14BD-47B9-ADB2-AD56BE96B827}.Debug|x86.ActiveCfg = Debug|Win32
		{99298EB5-14BD-47B9-ADB2-AD56BE96B827}.Debug|x86.Build.0 = Debug|Win32
		{99298EB5-14BD-47B9-ADB2-AD56BE96B827}.Release|x64.ActiveCfg = Release|x64
		{99298EB5-14BD-47B9-ADB2-AD56BE96B827}.Release|x64.Build.0 = Release|x64
		{99298EB5-14BD-47B9-ADB2-AD56BE96B827}.Release|x86.ActiveCfg = Release|Win32
		{99298EB5-14BD-47B9-ADB2-AD56BE96B827}.Release|x86.Build.0 = Release|Win32
		{812B7E29-BBEB-4D6C-B3E5-0FD02816EA8F}.Debug|x64.ActiveCfg = Debug|x64
		{812B7E29-BBEB-4D6C-B3E5-0FD02816EA8F}.Debug|x64.Build.0 = Debug|x64
		{812B7E29-BBEB-4D6C-B3E5-0FD02816EA8F}.Debug|x86.ActiveCfg = Debug|Win32
		{812B7E29-BBEB-4D6C-B3E5-0FD02816EA8F}.Debug|x86.Build.0 = Debug|Win32
		{812B7E29-BBEB-4D6C-B3E5-0FD02816EA8F}.Release|x64.ActiveCfg = Release|x64
		{812B7E29-BBEB-4D6C-B3E5-0FD02816EA8F}.Release|x64.Build.0 = Release|x64
		{812B7E29-BBEB-4D6C-B3E5-0FD02816EA8F}.Release|x86.ActiveCfg = Release|Win32
		{812B7E29-BBEB-4D6C-B3E5-0FD02816EA8F}.Release|x86.Build.0 = Release|Win32
		{7FE17C2B-DD50-432F-9F1A-F80DE9F76A65}.Debug|x64.ActiveCfg = Debug|x64
		{7FE17C2B-DD50-432F-9F1A-F80DE9F76A65}.Debug|x64.Build.0 = Debug|x64
		{7FE17C2B-DD50-432F-9F1A-F80DE9F76A65}.Debug|x86.ActiveCfg = Debug|Win32
		{7FE17C2B-DD50-432F-9F1A-F80DE9F76A65}.Debug|x86.Build.0 = Debug|Win32
		{7FE17C2B-DD50-432F-9F1A-F80DE9F76A65}.Release|x64.ActiveCfg = Release|x64
		{7FE17C2B-DD50-432F-9F1A-F80DE9F76A65}.Release|x64.Build.0 = Release|x64
		{7FE17C2B-DD50-432F-9F1A-F80DE9F76A65}.Release|x86.ActiveCfg = Release|Win32
		{7FE17C2B-DD50-432F-9F1A-F80DE9F76A65}.Release|x86.Build.0 = Release|Win32
		{CCF2CCC7-A20E-47D1-BF65-94F3908B4705}.Debug|x64.ActiveCfg = Debug|x64
		{CCF2CCC7-A20E-47D1-BF65-94F3908B4705}.Debug|x64.Build.0 = Debug|x64
		{CCF2CCC7-A20E-47D1-BF65-94F3908B4705}.Debug|x86.ActiveCfg = Debug|Win32
		{CCF2CCC7-A20E-47D1-BF65-94F3908B4705}.Debug|x86.Build.0 = Debug|Win32
		{CCF2CCC7-A20E-47D1-BF65-94F3908B4705}.Release|x64.ActiveCfg = Release|x64
		{CCF2CCC7-A20E-47D1-BF65-94F3908B4705}.Release|x64.Build.0 = Release|x64
		{CCF2CCC7-A20E-47D1-BF65-94F3908B4705}.Release|x86.ActiveCfg = Release|Win32
		{CCF2CCC7-A20E-47D1-BF65-94F3908B4705}.Release|x86.Build.0 = Release|Win32
		{EAE96AC3-9648-4499-82B8-E90403C4601F}.Debug|x64.ActiveCfg = Debug|x64
		{EAE96AC3-9648-4499-82B8-E90403C4601F}.Debug|x64.Build.0 = Debug|x64
		{EAE96AC3-9648-4499-82B8-E90403C4601F}.Debug|x86.ActiveCfg = Debug|Win32
		{EAE96AC3-9648-4499-82B8-E90403C4601F}.Debug|x86.Build.0 = Debug|Win32
		{EAE96AC3-9648-4499-82B8-E90403C4601F}.Release|x64.ActiveCfg = Release|x64
		{EAE96AC3-9648-4499-82B8-E90403C4601F}.Release|x64.Build.0 = Release|x64
		{EAE96AC3-9648-4499-82B8-E90403C4601F}.Release|x86.ActiveCfg = Release|Win32
		{EAE96AC3-9648-4499-82B8-E90403C4601F}.Release|x86.Build.0 = Release|Win32
		{13D1C1CF-9C50-4CC3-8D53-748BB915CACA}.Debug|x64.ActiveCfg = Debug|x64
		{13D1C1CF-9C50-4CC3-8D53-748BB915CACA}.Debug|x64.Build.0 = Debug|x64
		{13D1C1CF-9C50-4CC3-8D53-748BB915CACA}.Debug|x86.ActiveCfg = Debug|Win32
		{13D1C1CF-9C50-4CC3-8D53-748BB915CACA}.Debug|x86.Build.0 = Debug|Win32
		{13D1C1CF-9C50-4CC3-8D53-748BB915CACA}.Release|x64.ActiveCfg = Release|x64
		{13D1C1CF-9C50-4CC3-8D53-748BB915CACA}.Release|x64.Build.0 = Release|x64
		{13D1C1CF-9C50-4CC3-8D53-748BB915CACA}.Release|x86.ActiveCfg = Release|Win32
		{13D1C1CF-9C50-4CC3-8D53-748BB915CACA}.Release|x86.Build.0 = Release|Win32
		{A3818B44-F31B-48DB-BDD5-3B1F5C4CB69A}.Debug|x64.ActiveCfg = Debug|x64
		{A3818B44-F31B-48DB-BDD5-3B1F5C4CB69A}.Debug|x64.Build.0 = Debug|x64
		{A3818B44-F31B-48DB-BDD5-3B1F5C4CB69A}.Debug|x86.ActiveCfg = Debug|Win32
		{A3818B44-F31B-48DB-BDD5-3B1F5C4CB69A}.Debug|x86.Build.0 = Debug|Win32
		{A3818B44-F31B-48DB-BDD5-3B1F5C4CB69A}.Release|x64.ActiveCfg = Release|x64
		{A3818B44-F31B-48DB-BDD5-3B1F5C4CB69A}.Release|x64.Build.0 = Release|x64
		{A3818B44-F31B-48DB-BDD5-3B1F5C4CB69A}.Release|x86.ActiveCfg = Release|Win32
		{A3818B44-F31B-48DB-BDD5-3B1F5C4CB69A}.Release|x86.Build.0 = Release|Win32
		{DF811859-0E9A-40EE-86FA-F4AA4B3F179F}.Debug|x64.ActiveCfg = Debug|x64
		{DF811859-0E9A-40EE-86FA-F4AA4B3F179F}.Debug|x64.Build.0 = Debug|x64
		{DF811859-0E9A-40EE-86FA-F4AA4B3F179F}.Debug|x86.ActiveCfg = Debug|Win32
		{DF811859-0E9A-40EE-86FA-F4AA4B3F179F}.Debug|x86.Build.0 = Debug|Win32
		{DF811859-0E9A-40EE-86FA-F4AA4B3F179F}.Release|x64.ActiveCfg = Release|x64
		{DF811859-0E9A-40EE-86FA-F4AA4B3F179F}.Release|x64.Build.0 = Release|x64
		{DF811859-0E9A-40EE-86FA-F4AA4B3F179F}.Release|x86.ActiveCfg = Release|Win32
		{DF811859-0E9A-40EE-86FA-F4AA4B3F179F}.Release|x86.Build.0 = Release|Win32
		{F51B14DB-35DD-4861-82BF-42C2CA25F87B}.Debug|x64.ActiveCfg = Debug|x64
		{F51B14DB-35DD-4861-82BF-42C2CA25F87B}.Debug|x64.Build.0 = Debug|x64
		{F51B14DB-35DD-4861-82BF-42C2CA25F87B}.Debug|x86.ActiveCfg = Debug|Win32
		{F51B14DB-35DD-4861-82BF-42C2CA25F87B}.Debug|x86.Build.0 = Debug|Win32
		{F51B14DB-35DD-4861-82BF-42C2CA25F87B}.Release|x64.ActiveCfg = Release|x64
		{F51B14DB-35DD-4861-82BF-42C2CA25F87B}.Release|x64.Build.0 = Release|x64
		{F51B14DB-35DD-4861-82BF-42C2CA25F87B}.Release|x86.ActiveCfg = Release|Win32
		{F51B14DB-35DD-4861-82BF-42C2CA25F87B}.Release|x86.Build.0 = Release|Win32
		{4B89FBD0-A05E-4D11-B8AC-FCF93483794A}.Debug|x64.ActiveCfg = Debug|x64
		{4B89FBD0-A05E-4D11-B8AC-FCF93483794A}.Debug|x64.Build.0 = Debug|x64
		{4B89FBD0-A05E-4D11-B8AC-FCF93483794A}.Debug|x86.ActiveCfg = Debug|Win32
		{4B89FBD0-A05E-4D11-B8AC-FCF93483794A}.Debug|x86.Build.0 = Debug|Win32
		{4B89FBD0-A05E-4D11-B8AC-FCF93483794A}.Release|x64.ActiveCfg = Release|x64
		{4B89FBD0-A05E-4D11-B8AC-FCF93483794A}.Release|x64.Build.0 = Release|x64
		{4B89FBD0-A05E-4D11-B8AC-FCF93483794A}.Release|x86.ActiveCfg = Release|Win32
		{4B89FBD0-A05E-4D11-B8AC-FCF93483794A}.Release|x86.Build.0 = Release|Win32
		{E13169E4-21AF-48CD-8714-128425C4A67B}.Debug|x64.ActiveCfg = Debug|x64
		{E13169E4-21AF-48CD-8714-128425C4A67B}.Debug|x64.Build.0 = Debug|x64
		{E13169E4-21AF-48CD-8714-128425C4A67B}.Debug|x86.ActiveCfg = Debug|Win32
		{E13169E4-21AF-48CD-8714-128425C4A67B}.Debug|x86.Build.0 = Debug|Win32
		{E13169E4-21AF-48CD-8714-128425C4A67B}.Release|x64.ActiveCfg = Release|x64
		{E13169E4-21AF-48CD-8714-128425C4A67B}.Release|x64.Build.0 = Release|x64
		{E13169E4-21AF-48CD-8714-128425C4A67B}.Release|x86.ActiveCfg = Release|Win32
		{E13169E4-21AF-48CD-8714-128425C4A67B}.Release|x86.Build.0 = Release|Win32
		{3418CC0E-7AB7-4EC1-826A-37FCE83252E9}.Debug|x64.ActiveCfg = Debug|x64
		{3418CC0E-7AB7-4EC1-826A-37FCE83252E9}.Debug|x64.Build.0 = Debug|x64
		{3418CC0E-7AB7-4EC1-826A-37FCE83252E9}.Debug|x86.ActiveCfg = Debug|Win32
		{3418CC0E-7AB7-4EC1-826A-37FCE83252E9}.Debug|x86.Build.0 = Debug|Win32
		{3418CC0E-7AB7-4EC1-826A-37FCE83252E9}.Release|x64.ActiveCfg = Release|x64
		{3418CC0E-7AB7-4EC1-826A-37FCE83252E9}.Release|x64.Build.0 = Release|x64
		{3418CC0E-7AB7-4EC1-826A-37FCE83252E9}.Release|x86.ActiveCfg = Release|Win32
		{3418CC0E-7AB7-4EC1-826A-37FCE83252E9}.Release|x86.Build.0 = Release|Win32
		{24140899-BBFA-4BD2-BD68-0AB74525EAFB}.Debug|x64.ActiveCfg = Debug|x64
		{24140899-BBFA-4BD2-BD68-0AB74525EAFB}.Debug|x64.Build.0 = Debug|x64
		{24140899-BBFA-4BD2-BD68-0AB74525EAFB}.Debug|x86.ActiveCfg = Debug|Win32
		{24140899-BBFA-4BD2-BD68-0AB74525EAFB}.Debug|x86.Build.0 = Debug|Win32
		{24140899-BBFA-4BD2-BD68-0AB74525EAFB}.Release|x64.ActiveCfg = Release|x64
		{24140899-BBFA-4BD2-BD68-0AB74525EAFB}.Release|x64.Build.0 = Release|x64
		{24140899-BBFA-4BD2-BD68-0AB74525EAFB}.Release|x86.ActiveCfg = Release|Win32
		{24140899-BBFA-4BD2-BD68-0AB74525EAFB}.Release|x86.Build.0 = Release|Win32
		{ED71CF81-F9A6-4A9E-BC1C-0796CB691ACB}.Debug|x64.ActiveCfg = Debug|x64
		{ED71CF81-F9A6-4A9E-BC1C-0796CB691ACB}.Debug|x64.Build.0 = Debug|x64
		{ED71CF81-F9A6-4A9E-BC1C-0796CB691ACB}.Debug|x86.ActiveCfg = Debug|Win32
		{ED71CF81-F9A6-4A9E-BC1C-0796CB691ACB}.Debug|x86.Build.0 = Debug|Win32
		{ED71CF81-F9A6-4A9E-BC1C-0796CB691ACB}.Release|x64.ActiveCfg = Release|x64
		{ED71CF81-F9A6-4A9E-BC1C-0796CB691ACB}.Release|x64.Build.0 = Release|x64
		{ED71CF81-F9A6-4A9E-BC1C-0796CB691ACB}.Release|x86.ActiveCfg = Release|Win32
		{ED71CF81-F9A6-4A9E-BC1C-0796CB691ACB}.Release|x86.Build.0 = Release|Win32
		{DE26265C-A0E1-4E9A-83D2-35F8F84EE422}.Debug|x64.ActiveCfg = Debug|x64
		{DE26265C-A0E1-4E9A-83D2-35F8F84EE422}.Debug|x64.Build.0 = Debug|x64
		{DE26265C-A0E1-4E9A-83D2-35F8F84EE422}.Debug|x86.ActiveCfg = Debug|Win32
		{DE26265C-A0E1-4E9A-83D2-35F8F84EE422}.Debug|x86.Build.0 = Debug|Win32
		{DE26265C-A0E1-4E9A-83D2-35F8F84EE422}.Release|x64.ActiveCfg = Release|x64
		{DE26265C-A0E1-4E9A-83D2-35F8F84EE422}.Release|x64.Build.0 = Release|x64
		{DE26265C-A0E1-4E9A-83D2-35F8F84EE422}.Release|x86.ActiveCfg = Release|Win32
		{DE26265C-A0E1-4E9A-83D2-35F8F84EE422}.Release|x86.Build.0 = Release|Win32
		{62F5B0AC-476C-425E-9C3E-78A678A26477}.Debug|x64.ActiveCfg = Debug|x64
		{62F5B0AC-476C-425E-9C3E-78A678A26477}.Debug|x64.Build.0 = Debug|x64
		{62F5B0AC-476C-425E-9C3E-78A678A26477}.Debug|x86.ActiveCfg = Debug|Win32
		{62F5B0AC-476C-425E-9C3E-78A678A26477}.Debug|x86.Build.0 = Debug|Win32
		{62F5B0AC-476C-425E-9C3E-78A678A26477}.Release|x64.ActiveCfg = Release|x64
		{62F5B0AC-476C-425E-9C3E-78A678A26477}.Release|x64.Build.0 = Release|x64
		{62F5B0AC-476C-425E-9C3E-78A678A26477}.Release|x86.ActiveCfg = Release|Win32
		{62F5B0AC-476C-425E-9C3E-78A678A26477}.Release|x86.Build.0 = Release|Win32
		{4D196D35-A38E-4CE6-B733-F995C14F2EA3}.Debug|x64.ActiveCfg = Debug|x64
		{4D196D35-A38E-4CE6-B733-F995C14F2EA3}.Debug|x64.Build.0 = Debug|x64
		{4D196D35-A38E-4CE6-B733-F995C14F2EA3}.Debug|x86.ActiveCfg = Debug|Win32
		{4D196D35-A38E-4CE6-B733-F995C14F2EA3}.Debug|x86.Build.0 = Debug|Win32
		{4D196D35-A38E-4CE6-B733-F995C14F2EA3}.Release|x64.ActiveCfg = Release|x64
		{4D196D35-A38E-4CE6-B733-F995C14F2EA3}.Release|x64.Build.0 = Release|x64
		{4D196D35-A38E-4CE6-B733-F995C14F2EA3}.Release|x86.ActiveCfg = Release|Win32
		{4D196D35-A38E-4CE6-B733-F995C14F2EA3}.Release|x86.Build.0 = Release|Win32
		{3605179A-029A-4A21-BD6F-78CABB07B2C4}.Debug|x64.ActiveCfg = Debug|x64
		{3605179A-029A-4A21-BD6F-78CABB07B2C4}.Debug|x64.Build.0 = Debug|x64
		{3605179A-029A-4A21-BD6F-78CABB07B2C4}.Debug|x86.ActiveCfg = Debug|Win32
		{3605179A-029A-4A21-BD6F-78CABB07B2C4}.Debug|x86.Build.0 = Debug|Win32
		{3605179A-029A-4A21-BD6F-78CABB07B2C4}.Release|x64.ActiveCfg = Release|x64
		{3605179A-029A-4A21-BD6F-78CABB07B2C4}.Release|x64.Build.0 = Release|x64
		{3605179A-029A-4A21-BD6F-78CABB07B2C4}.Release|x86.ActiveCfg = Release|Win32
		{3605179A-029A-4A21-BD6F-78CABB07B2C4}.Release|x86.Build.0 = Release|Win32
		{13B2D715-FFC6-4045-9ABA-1022005C2B09}.Debug|x64.ActiveCfg = Debug|x64
		{13B2D715-FFC6-4045-9ABA-1022005C2B09}.Debug|x64.Build.0 = Debug|x64
		{13B2D715-FFC6-4045-9ABA-1022005C2B09}.Debug|x86.ActiveCfg = Debug|Win32
		{13B2D715-FFC6-4045-9ABA-1022005C2B09}.Debug|x86.Build.0 = Debug|Win32
		{13B2D715-FFC6-4045-9ABA-1022005C2B09}.Release|x64.ActiveCfg = Release|x64
		{13B2D715-FFC6-4045-9ABA-1022005C2B09}.Release|x64.Build.0 = Release|x64
		{13B2D715-FFC6-4045-9ABA-1022005C2B09}.Release|x86.ActiveCfg = Release|Win32
		{13B2D715-FFC6-4045-9ABA-1022005C2B09}.Release|x86.Build.0 = Release|Win32
		{3ECB0001-2779-4643-95D0-73C1EAC9E0BC}.Debug|x64.ActiveCfg = Debug|x64
		{3ECB0001-2779-4643-95D0-73C1EAC9E0BC}.Debug|x64.Build.0 = Debug|x64
		{3ECB0001-2779-4643-95D0-73C1EAC9E0BC}.Debug|x86.ActiveCfg = Debug|Win32
		{3ECB0001-2779-4643-95D0-73C1EAC9E0BC}.Debug|x86.Build.0 = Debug|Win32
		{3ECB0001-2779-4643-95D0-73C1EAC9E0BC}.Release|x64.ActiveCfg = Release|x64
		{3ECB0001-2779-4643-95D0-73C1EAC9E0BC}.Release|x64.Build.0 = Release|x64
		{3ECB0001-2779-4643-95D0-73C1EAC9E0BC}.Release|x86.ActiveCfg = Release|Win32
		{3ECB0001-2779-4643-95D0-73C1EAC9E0BC}.Release|x86.Build.0 = Release|Win32
		{95B2E1E4-7691-4960-AAE8-F75B0A810B9F}.Debug|x64.ActiveCfg = Debug|x64
		{95B2E1E4-7691-4960-AAE8-F75B0A810B9F}.Debug|x64.Build.0 = Debug|x64
		{95B2E1E4-7691-4960-AAE8-F75B0A810B9F}.Debug|x86.ActiveCfg = Debug|Win32
		{95B2E1E4-7691-4960-AAE8-F75B0A810B9F}.Debug|x86.Build.0 = Debug|Win32
		{95B2E1E4-7691-4960-AAE8-F75B0A810B9F}.Release|x64.ActiveCfg = Release|x64
		{95B2E1E4-7691-4960-AAE8-F75B0A810B9F}.Release|x64.Build.0 = Release|x64
		{95B2E1E4-7691-4960-AAE8-F75B0A810B9F}.Release|x86.ActiveCfg = Release|Win32
		{95B2E1E4-7691-4960-AAE8-F75B0A810B9F}.Release|x86.Build.0 = Release|Win32
		{A9524187-20A1-42D1-A4E5-20226522E204}.Debug|x64.ActiveCfg = Debug|x64
		{A9524187-20A1-42D1-A4E5-20226522E204}.Debug|x64.Build.0 = Debug|x64
		{A9524187-20A1-42D1-A4E5-20226522E204}.Debug|x86.ActiveCfg = Debug|Win32
		{A9524187-20A1-42D1-A4E5-20226522E204}.Debug|x86.Build.0 = Debug|Win32
		{A9524187-20A1-42D1-A4E5-20226522E204}.Release|x64.ActiveCfg = Release|x64
		{A9524187-20A1-42D1-A4E5-20226522E204}.Release|x64.Build.0 = Release|x64
		{A9524187-20A1-42D1-A4E5-20226522E204}.Release|x86.ActiveCfg = Release|Win32
		{A9524187-20A1-42D1-A4E5-20226522E204}.Release|x86.Build.0 = Release|Win32
		{DEAC86B5-5F49-49D7-B064-A7EC2189E0E8}.Debug|x64.ActiveCfg = Debug|x64
		{DEAC86B5-5F49-49D7-B064-A7EC2189E0E8}.Debug|x64.Build.0 = Debug|x64
		{DEAC86B5-5F49-49D7-B064-A7EC2189E0E8}.Debug|x86.ActiveCfg = Debug|Win32
		{DEAC86B5-5F49-49D7-B064-A7EC2189E0E8}.Debug|x86.Build.0 = Debug|Win32
		{DEAC86B5-5F49-49D7-B064-A7EC2189E0E8}.Release|x64.ActiveCfg = Release|x64
		{DEAC86B5-5F49-49D7-B064-A7EC2189E0E8}.Release|x64.Build.0 = Release|x64
		{DEAC86B5-5F49-49D7-B064-A7EC2189E0E8}.Release|x86.ActiveCfg = Release|Win32
		{DEAC86B5-5F49-49D7-B064-A7EC2189E0E8}.Release|x86.Build.0 = Release|Win32
		{A41B1DD7-485D-4BBE-907E-4398C0187855}.Debug|x64.ActiveCfg = Debug|x64
		{A41B1DD7-485D-4BBE-907E-4398C0187855}.Debug|x64.Build.0 = Debug|x64
		{A41B1DD7-485D-4BBE-907E-4398C0187855}.Debug|x86.ActiveCfg = Debug|Win32
		{A41B1DD7-485D-4BBE-907E-4398C0187855}.Debug|x86.Build.0 = Debug|Win32
		{A41B1DD7-485D-4BBE-907E-4398C0187855}.Release|x64.ActiveCfg = Release|x64
		{A41B1DD7-485D-4BBE-907E-4398C0187855}.Release|x64.Build.0 = Release|x64
		{A41B1DD7-485D-4BBE-907E-4398C0187855}.Release|x86.ActiveCfg = Release|Win32
		{A41B1DD7-485D-4BBE-907E-4398C0187855}.Release|x86.Build.0 = Release|Win32
		{EFDFACA2-DDC9-471D-A497-CF245F5C6EE1}.Debug|x64.ActiveCfg = Debug|x64
		{EFDFACA2-DDC9-471D-A497-CF245F5C6EE1}.Debug|x64.Build.0 = Debug|x64
		{EFDFACA2-DDC9-471D-A497-CF245F5C6EE1}.Debug|x86.ActiveCfg = Debug|Win32
		{EFDFACA2-DDC9-471D-A497-CF245F5C6EE1}.Debug|x86.Build.0 = Debug|Win32
		{EFDFACA2-DDC9-471D-A497-CF245F5C6EE1}.Release|x64.ActiveCfg = Release|x64
		{EFDFACA2-DDC9-471D-A497-CF245F5C6EE1}.Release|x64.Build.0 = Release|x64
		{EFDFACA2-DDC9-471D-A497-CF245F5C6EE1}.Release|x86.ActiveCfg = Release|Win32
		{EFDFACA2-DDC9-471D-A497-CF245F5C6EE1}.Release|x86.Build.0 = Release|Win32
		{5E2C2D3E-468D-4B2B-9273-63AF6C72D1BD}.Debug|x64.ActiveCfg = Debug|x64
		{5E2C2D3E-468D-4B2B-9273-63AF6C72D1BD}.Debug|x64.Build.0 = Debug|x64
		{5E2C2D3E-468D-4B2B-9273-63AF6C72D1BD}.Debug|x86.ActiveCfg = Debug|Win32
		{5E2C2D3E-468D-4B2B-9273-63AF6C72D1BD}.Debug|x86.Build.0 = Debug|Win32
		{5E2C2D3E-468D-4B2B-9273-63AF6C72D1BD}.Release|x64.ActiveCfg = Release|x64
		{5E2C2D3E-468D-4B2B-9273-63AF6C72D1BD}.Release|x64.Build.0 = Release|x64
		{5E2C2D3E-468D-4B2B-9273-63AF6C72D1BD}.Release|x86.ActiveCfg = Release|Win32
		{5E2C2D3E-468D-4B2B-9273-63AF6C72D1BD}.Release|x86.Build.0 = Release|Win32
		{93D63B66-3BD3-499C-864E-E86C8EDFA034}.Debug|x64.ActiveCfg = Debug|x64
		{93D63B66-3BD3-499C-864E-E86C8EDFA034}.Debug|x64.Build.0 = Debug|x64
		{93D63B66-3BD3-499C-864E-E86C8EDFA034}.Debug|x86.ActiveCfg = Debug|Win32
		{93D63B66-3BD3-499C-864E-E86C8EDFA034}.Debug|x86.Build.0 = Debug|Win32
		{93D63B66-3BD3-499C-864E-E86C8EDFA034}.Release|x64.ActiveCfg = Release|x64
		{93D63B66-3BD3-499C-864E-E86C8EDFA034}.Release|x64.Build.0 = Release|x64
		{93D63B66-3BD3-499C-864E-E86C8EDFA034}.Release|x86.ActiveCfg = Release|Win32
		{93D63B66-3BD3-499C-864E-E86C8EDFA034}.Release|x86.Build.0 = Release|Win32
		{137240DF-A69D-4F64-92AB-7C2CF7E9D5D9}.Debug|x64.ActiveCfg = Debug|x64
		{137240DF-A69D-4F64-92AB-7C2CF7E9D5D9}.Debug|x64.Build.0 = Debug|x64
		{137240DF-A69D-4F64-92AB-7C2CF7E9D5D9}.Debug|x86.ActiveCfg = Debug|Win32
		{137240DF-A69D-4F64-92AB-7C2CF7E9D5D9}.Debug|x86.Build.0 = Debug|Win32
		{137240DF-A69D-4F64-92AB-7C2CF7E9D5D9}.Release|x64.ActiveCfg = Release|x64
		{137240DF-A69D-4F64-92AB-7C2CF7E9D5D9}.Release|x64.Build.0 = Release|x64
		{137240DF-A69D-4F64-92AB-7C2CF7E9D5D9}.Release|x86.ActiveCfg = Release|Win32
		{137240DF-A69D-4F64-92AB-7C2CF7E9D5D9}.Release|x86.Build.0 = Release|Win32
		{C97F0EE6-2ADB-4434-B1F8-DA19C402DD36}.Debug|x64.ActiveCfg = Debug|x64
		{C97F0EE6-2ADB-4434-B1F8-DA19C402DD36}.Debug|x64.Build.0 = Debug|x64
		{C97F0EE6-2ADB-4434-B1F8-DA19C402DD36}.Debug|x86.ActiveCfg = Debug|Win32
		{C97F0EE6-2ADB-4434-B1F8-DA19C402DD36}.Debug|x86.Build.0 = Debug|Win32
		{C97F0EE6-2ADB-4434-B1F8-DA19C402DD36}.Release|x64.ActiveCfg = Release|x64
		{C97F0EE6-2ADB-4434-B1F8-DA19C402DD36}.Release|x64.Build.0 = Release|x64
		{C97F0EE6-2ADB-4434-B1F8-DA19C402DD36}.Release|x86.ActiveCfg = Release|Win32
		{C97F0EE6-2ADB-4434-B1F8-DA19C402DD36}.Release|x86.Build.0 = Release|Win32
		{F1421AD8-C2D7-43A5-91CC-328352134B04}.Debug|x64.ActiveCfg = Debug|x64
		{F1421AD8-C2D7-43A5-91CC-328352134B04}.Debug|x64.Build.0 = Debug|x64
		{F1421AD8-C2D7-43A5-91CC-328352134B04}.Debug|x86.ActiveCfg = Debug|Win32
		{F1421AD8-C2D7-43A5-91CC-328352134B04}.Debug|x86.Build.0 = Debug|Win32
		{F1421AD8-C2D7-43A5-91CC-328352134B04}.Release|x64.ActiveCfg = Release|x64
		{F1421AD8-C2D7-43A5-91CC-328352134B04}.Release|x64.Build.0 = Release|x64
		{F1421AD8-C2D7-43A5-91CC-328352134B04}.Release|x86.ActiveCfg = Release|Win32
		{F1421AD8-C2D7-43A5-91CC-328352134B04}.Release|x86.Build.0 = Release|Win32
		{A9119672-5ACD-4F76-BAE5-A74C035918B1}.Debug|x64.ActiveCfg = Debug|x64
		{A9119672-5ACD-4F76-BAE5-A74C035918B1}.Debug|x64.Build.0 = Debug|x64
		{A9119672-5ACD-4F76-BAE5-A74C035918B1}.Debug|x86.ActiveCfg = Debug|Win32
		{A9119672-5ACD-4F76-BAE5-A74C035918B1}.Debug|x86.Build.0 = Debug|Win32
		{A9119672-5ACD-4F76-BAE5-A74C035918B1}.Release|x64.ActiveCfg = Release|x64
		{A9119672-5ACD-4F76-BAE5-A74C035918B1}.Release|x64.Build.0 = Release|x64
		{A9119672-5ACD-4F76-BAE5-A74C035918B1}.Release|x86.ActiveCfg = Release|Win32
		{A9119672-5ACD-4F76-BAE5-A74C035918B1}.Release|x86.Build.0 = Release|Win32
		{210032A4-2F60-4703-AE55-167AC0434341}.Debug|x64.ActiveCfg = Debug|x64
		{210032A4-2F60-4703-AE55-167AC0434341}.Debug|x64.Build.0 = Debug|x64
		{210032A4-2F60-4703-AE55-167AC0434341}.Debug|x86.ActiveCfg = Debug|Win32
		{210032A4-2F60-4703-AE55-167AC0434341}.Debug|x86.Build.0 = Debug|Win32
		{210032A4-2F60-4703-AE55-167AC0434341}.Release|x64.ActiveCfg = Release|x64
		{210032A4-2F60-4703-AE55-167AC0434341}.Release|x64.Build.0 = Release|x64
		{210032A4-2F60-4703-AE55-167AC0434341}.Release|x86.ActiveCfg = Release|Win32
		{210032A4-2F60-4703-AE55-167AC0434341}.Release|x86.Build.0 = Release|Win32
		{6A20D579-18D3-412A-A3E2-20D5C13FDA2F}.Debug|x64.ActiveCfg = Debug|x64
		{6A20D579-18D3-412A-A3E2-20D5C13FDA2F}.Debug|x64.Build.0 = Debug|x64
		{6A20D579-18D3-412A-A3E2-20D5C13FDA2F}.Debug|x86.ActiveCfg = Debug|Win32
		{6A20D579-18D3-412A-A3E2-20D5C13FDA2F}.Debug|x86.Build.0 = Debug|Win32
		{6A20D579-18D3-412A-A3E2-20D5C13FDA2F}.Release|x64.ActiveCfg = Release|x64
		{6A20D579-18D3-412A-A3E2-20D5C13FDA2F}.Release|x64.Build.0 = Release|x64
		{6A20D579-18D3-412A-A3E2-20D5C13FDA2F}.Release|x86.ActiveCfg = Release|Win32
		{6A20D579-18D3-412A-A3E2-20D5C13FDA2F}.Release|x86.Build.0 = Release|Win32
		{771901E2-A8D9-4B63-97CB-B07E2BD90EEF}.Debug|x64.ActiveCfg = Debug|x64
		{771901E2-A8D9-4B63-97CB-B07E2BD90EEF}.Debug|x64.Build.0 = Debug|x64
		{771901E2-A8D9-4B63-97CB-B07E2BD90EEF}.Debug|x86.ActiveCfg = Debug|Win32
		{771901E2-A8D9-4B63-97CB-B07E2BD90EEF}.Debug|x86.Build.0 = Debug|Win32
		{771901E2-A8D9-4B63-97CB-B07E2BD90EEF}.Release|x64.ActiveCfg = Release|x64
		{771901E2-A8D9-4B63-97CB-B07E2BD90EEF}.Release|x64.Build.0 = Release|x64
		{771901E2-A8D9-4B63-97CB-B07E2BD90EEF}.Release|x86.ActiveCfg = Release|Win32
		{771901E2-A8D9-4B63-97CB-B07E2BD90EEF}.Release|x86.Build.0 = Release|Win32
		{9EB95E54-C67E-4402-9513-E69B8C58D663}.Debug|x64.ActiveCfg = Debug|x64
		{9EB95E54-C67E-4402-9513-E69B8C58D663}.Debug|x64.Build.0 = Debug|x64
		{9EB95E54-C67E-4402-9513-E69B8C58D663}.Debug|x86.ActiveCfg = Debug|Win32
		{9EB95E54-C67E-4402-9513-E69B8C58D663}.Debug|x86.Build.0 = Debug|Win32
		{9EB95E54-C67E-4402-9513-E69B8C58D663}.Release|x64.ActiveCfg = Release|x64
		{9EB95E54-C67E-4402-9513-E69B8C58D663}.Release|x64.Build.0 = Release|x64
		{9EB95E54-C67E-4402-9513-E69B8C58D663}.Release|x86.ActiveCfg = Release|Win32
		{9EB95E54-C67E-4402-9513-E69B8C58D663}.Release|x86.Build.0 = Release|Win32
		{5B5F6465-C673-4A73-A217-B23810A783CB}.Debug|x64.ActiveCfg = Debug|x64
		{5B5F6465-C673-4A73-A217-B23810A783CB}.Debug|x64.Build.0 = Debug|x64
		{5B5F6465-C673-4A73-A217-B23810A783CB}.Debug|x86.ActiveCfg = Debug|Win32
		{5B5F6465-C673-4A73-A217-B23810A783CB}.Debug|x86.Build.0 = Debug|Win32
		{5B5F6465-C673-4A73-A217-B23810A783CB}.Release|x64.ActiveCfg = Release|x64
		{5B5F6465-C673-4A73-A217-B23810A783CB}.Release|x64.Build.0 = Release|x64
		{5B5F6465-C673-4A73-A217-B23810A783CB}.Release|x86.ActiveCfg = Release|Win32
		{5B5F6465-C673-4A73-A217-B23810A783CB}.Release|x86.Build.0 = Release|Win32
		{B28B5934-993C-420F-B7A4-5D2484C358D1}.Debug|x64.ActiveCfg = Debug|x64
		{B28B5934-993C-420F-B7A4-5D2484C358D1}.Debug|x64.Build.0 = Debug|x64
		{B28B5934-993C-420F-B7A4-5D2484C358D1}.Debug|x86.ActiveCfg = Debug|Win32
		{B28B5934-993C-420F-B7A4-5D2484C358D1}.Debug|x86.Build.0 = Debug|Win32
		{B28B5934-993C-420F-B7A4-5D2484C358D1}.Release|x64.ActiveCfg = Release|x64
		{B28B5934-993C-420F-B7A4-5D2484C358D1}.Release|x64.Build.0 = Release|x64
		{B28B5934-993C-420F-B7A4-5D2484C358D1}.Release|x86.ActiveCfg = Release|Win32
		{B28B5934-993C-420F-B7A4-5D2484C358D1}.Release|x86.Build.0 = Release|Win32
		{33A381E3-BBCC-4E37-AC18-FDC28E1F91D2}.Debug|x64.ActiveCfg = Debug|x64
		{33A381E3-BBCC-4E37-AC18-FDC28E1F91D2}.Debug|x64.Build.0 = Debug|x64
		{33A381E3-BBCC-4E37-AC18-FDC28E1F91D2}.Debug|x86.ActiveCfg = Debug|Win32
		{33A381E3-BBCC-4E37-AC18-FDC28E1F91D2}.Debug|x86.Build.0 = Debug|Win32
		{33A381E3-BBCC-4E37-AC18-FDC28E1F91D2}.Release|x64.ActiveCfg = Release|x64
		{33A381E3-BBCC-4E37-AC18-FDC28E1F91D2}.Release|x64.Build.0 = Release|x64
		{33A381E3-BBCC-4E37-AC18-FDC28E1F91D2}.Release|x86.ActiveCfg = Release|Win32
		{33A381E3-BBCC-4E37-AC18-FDC28E1F91D2}.Release|x86.Build.0 = Release|Win32
		{D4BDCD38-32FA-497D-BFDC-CB7535C78590}.Debug|x64.ActiveCfg = Debug|x64
		{D4BDCD38-32FA-497D-BFDC-CB7535C78590}.Debug|x64.Build.0 = Debug|x64
		{D4BDCD38-32FA-497D-BFDC-CB7535C78590}.Debug|x86.ActiveCfg = Debug|Win32
		{D4BDCD38-32FA-497D-BFDC-CB7535C78590}.Debug|x86.Build.0 = Debug|Win32
		{D4BDCD38-32FA-497D-BFDC-CB7535C78590}.Release|x64.ActiveCfg = Release|x64
		{D4BDCD38-32FA-497D-BFDC-CB7535C78590}.Release|x64.Build.0 = Release|x64
		{D4BDCD38-32FA-497D-BFDC-CB7535C78590}.Release|x86.ActiveCfg = Release|Win32
		{D4BDCD38-32FA-497D-BFDC-CB7535C78590}.Release|x86.Build.0 = Release|Win32
		{48EE82CC-82EA-4680-9EC3-59DF227C8FC6}.Debug|x64.ActiveCfg = Debug|x64
		{48EE82CC-82EA-4680-9EC3-59DF227C8FC6}.Debug|x64.Build.0 = Debug|x64
		{48EE82CC-82EA-4680-9EC3-59DF227C8FC6}.Debug|x86.ActiveCfg = Debug|Win32
		{48EE82CC-82EA-4680-9EC3-59DF227C8FC6}.Debug|x86.Build.0 = Debug|Win32
		{48EE82CC-82EA-4680-9EC3-59DF227C8FC6}.Release|x64.ActiveCfg = Release|x64
		{48EE82CC-82EA-4680-9EC3-59DF227C8FC6}.Release|x64.Build.0 = Release|x64
		{48EE82CC-82EA-4680-9EC3-59DF227C8FC6}.Release|x86.ActiveCfg = Release|Win32
		{48EE82CC-82EA-4680-9EC3-59DF227C8FC6}.Release|x86.Build.0 = Release|Win32
		{22294E68-A26A-4EF9-8468-D3E359583453}.Debug|x64.ActiveCfg = Debug|x64
		{22294E68-A26A-4EF9-8468-D3E359583453}.Debug|x64.Build.0 = Debug|x64
		{22294E68-A26A-4EF9-8468-D3E359583453}.Debug|x86.ActiveCfg = Debug|Win32
		{22294E68-A26A-4EF9-8468-D3E359583453}.Debug|x86.Build.0 = Debug|Win32
		{22294E68-A26A-4EF9-8468-D3E359583453}.Release|x64.ActiveCfg = Release|x64
		{22294E68-A26A-4EF9-8468-D3E359583453}.Release|x64.Build.0 = Release|x64
		{22294E68-A26A-4EF9-8468-D3E359583453}.Release|x86.ActiveCfg = Release|Win32
		{22294E68-A26A-4EF9-8468-D3E359583453}.Release|x86.Build.0 = Release|Win32
		{6458BC2A-CFF6-413B-9DB6-38693D58C9F5}.Debug|x64.ActiveCfg = Debug|x64
		{6458BC2A-CFF6-413B-9DB6-38693D58C9F5}.Debug|x64.Build.0 = Debug|x64
		{6458BC2A-CFF6-413B-9DB6-38693D58C9F5}.Debug|x86.ActiveCfg = Debug|Win32
		{6458BC2A-CFF6-413B-9DB6-38693D58C9F5}.Debug|x86.Build.0 = Debug|Win32
		{6458BC2A-CFF6-413B-9DB6-38693D58C9F5}.Release|x64.ActiveCfg = Release|x64
		{6458BC2A-CFF6-413B-9DB6-38693D58C9F5}.Release|x64.Build.0 = Release|x64
		{6458BC2A-CFF6-413B-9DB6-38693D58C9F5}.Release|x86.ActiveCfg = Release|Win32
		{6458BC2A-CFF6-413B-9DB6-38693D58C9F5}.Release|x86.Build.0 = Release|Win32
		{76CF997E-252D-4357-A3D5-77B979870E6F}.Debug|x64.ActiveCfg = Debug|x64
		{76CF997E-252D-4357-A3D5-77B979870E6F}.Debug|x64.Build.0 = Debug|x64
		{76CF997E-252D-4357-A3D5-77B979870E6F}.Debug|x86.ActiveCfg = Debug|Win32
		{76CF997E-252D-4357-A3D5-77B979870E6F}.Debug|x86.Build.0 = Debug|Win32
		{76CF997E-252D-4357-A3D5-77B979870E6F}.Release|x64.ActiveCfg = Release|x64
		{76CF997E-252D-4357-A3D5-77B979870E6F}.Release|x64.Build.0 = Release|x64
		{76CF997E-252D-4357-A3D5-77B979870E6F}.Release|x86.ActiveCfg = Release|Win32
		{76CF997E-252D-4357-A3D5-77B979870E6F}.Release|x86.Build.0 = Release|Win32
		{00E404AA-F9E2-4581-9917-CC1E11C88213}.Debug|x64.ActiveCfg = Debug|x64
		{00E404AA-F9E2-4581-9917-CC1E11C88213}.Debug|x64.Build.0 = Debug|x64
		{00E404AA-F9E2-4581-9917-CC1E11C88213}.Debug|x86.ActiveCfg = Debug|Win32
		{00E404AA-F9E2-4581-9917-CC1E11C88213}.Debug|x86.Build.0 = Debug|Win32
		{00E404AA-F9E2-4581-9917-CC1E11C88213}.Release|x64.ActiveCfg = Release|x64
		{00E404AA-F9E2-4581-9917-CC1E11C88213}.Release|x64.Build.0 = Release|x64
		{00E404AA-F9E2-4581-9917-CC1E11C88213}.Release|x86.ActiveCfg = Release|Win32
		{00E404AA-F9E2-4581-9917-CC1E11C88213}.Release|x86.Build.0 = Release|Win32
		{4645C500-0561-4D97-BC7B-F59DBEB60B02}.Debug|x64.ActiveCfg = Debug|x64
		{4645C500-0561-4D97-BC7B-F59DBEB60B02}.Debug|x64.Build.0 = Debug|x64
		{4645C500-0561-4D97-BC7B-F59DBEB60B02}.Debug|x86.ActiveCfg = Debug|Win32
		{4645C500-0561-4D97-BC7B-F59DBEB60B02}.Debug|x86.Build.0 = Debug|Win32
		{4645C500-0561-4D97-BC7B-F59DBEB60B02}.Release|x64.ActiveCfg = Release|x64
		{4645C500-0561-4D97-BC7B-F59DBEB60B02}.Release|x64.Build.0 = Release|x64
		{4645C500-0561-4D97-BC7B-F59DBEB60B02}.Release|x86.ActiveCfg = Release|Win32
		{4645C500-0561-4D97-BC7B-F59DBEB60B02}.Release|x86.Build.0 = Release|Win32
		{A888C06A-BD62-470C-B5FD-9558AA0510CE}.Debug|x64.ActiveCfg = Debug|x64
		{A888C06A-BD62-470C-B5FD-9558AA0510CE}.Debug|x64.Build.0 = Debug|x64
		{A888C06A-BD62-470C-B5FD-9558AA0510CE}.Debug|x86.ActiveCfg = Debug|Win32
		{A888C06A-BD62-470C-B5FD-9558AA0510CE}.Debug|x86.Build.0 = Debug|Win32
		{A888C06A-BD62-470C-B5FD-9558AA0510CE}.Release|x64.ActiveCfg = Release|x64
		{A888C06A-BD62-470C-B5FD-9558AA0510CE}.Release|x64.Build.0 = Release|x64
		{A888C06A-BD62-470C-B5FD-9558AA0510CE}.Release|x86.ActiveCfg = Release|Win32
		{A888C06A-BD62-470C-B5FD-9558AA0510CE}.Release|x86.Build.0 = Release|Win32
		{31AEEE7C-3C21-4C91-93E2-01F28E3C5CEA}.Debug|x64.ActiveCfg = Debug|x64
		{31AEEE7C-3C21-4C91-93E2-01F28E3C5CEA}.Debug|x64.Build.0 = Debug|x64
		{31AEEE7C-3C21-4C91-93E2-01F28E3C5CEA}.Debug|x86.ActiveCfg = Debug|Win32
		{31AEEE7C-3C21-4C91-93E2-01F28E3C5CEA}.Debug|x86.Build.0 = Debug|Win32
		{31AEEE7C-3C21-4C91-93E2-01F28E3C5CEA}.Release|x64.ActiveCfg = Release|x64
		{31AEEE7C-3C21-4C91-93E2-01F28E3C5CEA}.Release|x64.Build.0 = Release|x64
		{31AEEE7C-3C21-4C91-93E2-01F28E3C5CEA}.Release|x86.ActiveCfg = Release|Win32
		{31AEEE7C-3C21-4C91-93E2-01F28E3C5CEA}.Release|x86.Build.0 = Release|Win32
		{9793754D-7A7D-4A44-893E-D7EFB923E335}.Debug|x64.ActiveCfg = Debug|x64
		{9793754D-7A7D-4A44-893E-D7EFB923E335}.Debug|x64.Build.0 = Debug|x64
		{9793754D-7A7D-4A44-893E-D7EFB923E335}.Debug|x86.ActiveCfg = Debug|Win32
		{9793754D-7A7D-4A44-893E-D7EFB923E335}.Debug|x86.Build.0 = Debug|Win32
		{9793754D-7A7D-4A44-893E-D7EFB923E335}.Release|x64.ActiveCfg = Release|x64
		{9793754D-7A7D-4A44-893E-D7EFB923E335}.Release|x64.Build.0 = Release|x64
		{9793754D-7A7D-4A44-893E-D7EFB923E335}.Release|x86.ActiveCfg = Release|Win32
		{9793754D-7A7D-4A44-893E-D7EFB923E335}.Release|x86.Build.0 = Release|Win32
	EndGlobalSection
	GlobalSection(SolutionProperties) = preSolution
		HideSolutionNode = FALSE
	EndGlobalSection
	GlobalSection(ExtensibilityGlobals) = postSolution
		SolutionGuid = {795FDDD3-49B4-4A8C-8D25-89CB80B0F5E9}
	EndGlobalSection
EndGlobal
