<?xml version="1.0" encoding="utf-8"?>
<Project ToolsVersion="4.0" xmlns="http://schemas.microsoft.com/developer/msbuild/2003">
  <ItemGroup>
    <ClCompile Include="test_main.cpp">
      <Filter>Source Files</Filter>
    </ClCompile>
    <ClCompile Include="big_int_tests.cpp">
      <Filter>Source Files</Filter>
    </ClCompile>
    <ClCompile Include="combinatorics_tests.cpp">
      <Filter>Source Files</Filter>
    </ClCompile>
  </ItemGroup>
  <ItemGroup>
    <None Include="packages.config" />
  </ItemGroup>
  <ItemGroup>
    <Filter Include="Source Files">
      <UniqueIdentifier>{b976588b-d343-4526-ac29-e4ed12a5de22}</UniqueIdentifier>
    </Filter>
  </ItemGroup>
</Project>